
Microsoft Visual Studio Solution File, Format Version 12.00
# Visual Studio Version 17
VisualStudioVersion = 17.7.34221.43
MinimumVisualStudioVersion = 10.0.40219.1
Project("{8BC9CEB8-8B4A-11D0-8D11-00A0C91BC942}") = "Bai005", "Bai005\Bai005.vcxproj", "{2D16A27A-612B-4D65-AB2F-AACFD6CF631A}"
EndProject
Project("{8BC9CEB8-8B4A-11D0-8D11-00A0C91BC942}") = "Bai010", "Bai010\Bai010.vcxproj", "{4642D5EF-25F2-43BD-9D0C-FE283525E7C4}"
EndProject
Project("{8BC9CEB8-8B4A-11D0-8D11-00A0C91BC942}") = "Bai015", "Bai015\Bai015.vcxproj", "{FDD14858-B639-4ADD-B9D8-4636588275CD}"
EndProject
Project("{8BC9CEB8-8B4A-11D0-8D11-00A0C91BC942}") = "Bai020", "Bai020\Bai020.vcxproj", "{68237BF6-4C27-4364-88B8-B131EE60BE43}"
EndProject
Project("{8BC9CEB8-8B4A-11D0-8D11-00A0C91BC942}") = "Bai025", "Bai025\Bai025.vcxproj", "{5DDB7D56-593C-4653-B4CF-61D506CAC7AD}"
EndProject
Project("{8BC9CEB8-8B4A-11D0-8D11-00A0C91BC942}") = "Bai030", "Bai030\Bai030.vcxproj", "{A20A86D5-4D1E-494B-ADC5-7F327B235B3D}"
EndProject
Project("{8BC9CEB8-8B4A-11D0-8D11-00A0C91BC942}") = "Bai035", "Bai035\Bai035.vcxproj", "{C0B5165A-744F-4534-BB4C-78D0E80F8791}"
EndProject
Project("{8BC9CEB8-8B4A-11D0-8D11-00A0C91BC942}") = "Bai040", "Bai040\Bai040.vcxproj", "{CBB6D765-6D21-4975-AB2C-A8FB33D1E259}"
EndProject
Project("{8BC9CEB8-8B4A-11D0-8D11-00A0C91BC942}") = "Bai045", "Bai045\Bai045.vcxproj", "{25422DD4-85C8-4FBD-B67A-FD62A94BA547}"
EndProject
Project("{8BC9CEB8-8B4A-11D0-8D11-00A0C91BC942}") = "Bai050", "Bai050\Bai050.vcxproj", "{1D4989F1-699D-4779-8308-9051B03B4EC3}"
EndProject
Project("{8BC9CEB8-8B4A-11D0-8D11-00A0C91BC942}") = "Bai055", "Bai055\Bai055.vcxproj", "{70310261-865F-41FD-B973-4C065AAF3866}"
EndProject
Project("{8BC9CEB8-8B4A-11D0-8D11-00A0C91BC942}") = "Bai060", "Bai060\Bai060.vcxproj", "{02EED26F-9177-4A64-A029-3FB0A2470DD9}"
EndProject
Project("{8BC9CEB8-8B4A-11D0-8D11-00A0C91BC942}") = "Bai065", "Bai065\Bai065.vcxproj", "{B03CAD8F-5226-4117-B473-6EA7D5667161}"
EndProject
Project("{8BC9CEB8-8B4A-11D0-8D11-00A0C91BC942}") = "Bai070", "Bai070\Bai070.vcxproj", "{1997D1CC-3E29-4235-90FA-361632A7FF1C}"
EndProject
Project("{8BC9CEB8-8B4A-11D0-8D11-00A0C91BC942}") = "Bai075", "Bai075\Bai075.vcxproj", "{89B71971-EF16-41A8-9F8A-0983C20C0AC6}"
EndProject
Project("{8BC9CEB8-8B4A-11D0-8D11-00A0C91BC942}") = "Bai080", "Bai080\Bai080.vcxproj", "{5B323E44-E854-4368-B46B-E445E12B5FE0}"
EndProject
Project("{8BC9CEB8-8B4A-11D0-8D11-00A0C91BC942}") = "Bai090", "Bai090\Bai090.vcxproj", "{E0BC7C3E-A38E-45B0-A490-4585D1378246}"
EndProject
Project("{8BC9CEB8-8B4A-11D0-8D11-00A0C91BC942}") = "Bai085", "Bai085\Bai085.vcxproj", "{5C6CB9C7-1471-4855-A2EE-92F07AA12595}"
EndProject
Project("{8BC9CEB8-8B4A-11D0-8D11-00A0C91BC942}") = "Bai095", "Bai095\Bai095.vcxproj", "{62B4EEA8-7EE5-42D3-9C87-3E92D09BF1C4}"
EndProject
Project("{8BC9CEB8-8B4A-11D0-8D11-00A0C91BC942}") = "Bai100", "Bai100\Bai100.vcxproj", "{B35B521F-DCC2-4946-8F10-972FBDDA9B65}"
EndProject
Project("{8BC9CEB8-8B4A-11D0-8D11-00A0C91BC942}") = "Bai105", "Bai105\Bai105.vcxproj", "{2AB5A324-FB99-4A5C-B6C3-4A386B7555ED}"
EndProject
Project("{8BC9CEB8-8B4A-11D0-8D11-00A0C91BC942}") = "Bai110", "Bai110\Bai110.vcxproj", "{A63A9DBE-6487-44D4-9DAA-AFE750E3D84E}"
EndProject
Project("{8BC9CEB8-8B4A-11D0-8D11-00A0C91BC942}") = "Bai115", "Bai115\Bai115.vcxproj", "{C2D51B0A-F8AE-485E-9D65-2ACC29542BEB}"
EndProject
Project("{8BC9CEB8-8B4A-11D0-8D11-00A0C91BC942}") = "Bai125", "Bai125\Bai125.vcxproj", "{A77B2FCD-22BF-4EB6-BB0B-AA73E08934B2}"
EndProject
Project("{8BC9CEB8-8B4A-11D0-8D11-00A0C91BC942}") = "Bai120", "Bai120\Bai120.vcxproj", "{9A3CBAE2-2436-4CD8-9561-DE85813C0D1C}"
EndProject
Project("{8BC9CEB8-8B4A-11D0-8D11-00A0C91BC942}") = "Bai001", "Bai001\Bai001.vcxproj", "{003A0A6D-8389-429C-BF38-05689466AD75}"
EndProject
Project("{8BC9CEB8-8B4A-11D0-8D11-00A0C91BC942}") = "Bai006", "Bai006\Bai006.vcxproj", "{B75AD758-F6D1-4688-B98D-E5C6D562502F}"
EndProject
Project("{8BC9CEB8-8B4A-11D0-8D11-00A0C91BC942}") = "Bai011", "Bai011\Bai011.vcxproj", "{9022CCD5-6B08-4375-8DEE-8DB41E06F540}"
EndProject
Project("{8BC9CEB8-8B4A-11D0-8D11-00A0C91BC942}") = "Bai016", "Bai016\Bai016.vcxproj", "{EE7E5E54-3971-4C15-9202-B32E0A51A7A9}"
EndProject
Project("{8BC9CEB8-8B4A-11D0-8D11-00A0C91BC942}") = "Bai021", "Bai021\Bai021.vcxproj", "{E32430E5-F87E-43DD-A89A-36DC752B5078}"
EndProject
Project("{8BC9CEB8-8B4A-11D0-8D11-00A0C91BC942}") = "Bai026", "Bai026\Bai026.vcxproj", "{CA6F5E81-D43A-4E6A-8AE1-FC1EACD18375}"
EndProject
Project("{8BC9CEB8-8B4A-11D0-8D11-00A0C91BC942}") = "Bai031", "Bai031\Bai031.vcxproj", "{56C44F08-19AA-4D0A-8F25-45C4B81757B7}"
EndProject
Project("{8BC9CEB8-8B4A-11D0-8D11-00A0C91BC942}") = "Bai036", "Bai036\Bai036.vcxproj", "{3F442AFD-FB3E-40EE-8AD4-C3CF613DCEF0}"
EndProject
Project("{8BC9CEB8-8B4A-11D0-8D11-00A0C91BC942}") = "Bai041", "Bai041\Bai041.vcxproj", "{FFAA541A-435E-4478-8A8E-264BE24EC74F}"
EndProject
Project("{8BC9CEB8-8B4A-11D0-8D11-00A0C91BC942}") = "Bai046", "Bai046\Bai046.vcxproj", "{2D14F16C-6F50-4F79-9D0F-8FAB69394FC6}"
EndProject
Project("{8BC9CEB8-8B4A-11D0-8D11-00A0C91BC942}") = "Bai051", "Bai051\Bai051.vcxproj", "{F2A367A8-A8FE-40B2-BFC1-7AB376F6FF18}"
EndProject
Project("{8BC9CEB8-8B4A-11D0-8D11-00A0C91BC942}") = "Bai056", "Bai056\Bai056.vcxproj", "{1D88E49D-89F3-473F-90DC-3D2F28D4B958}"
EndProject
Project("{8BC9CEB8-8B4A-11D0-8D11-00A0C91BC942}") = "Bai061", "Bai061\Bai061.vcxproj", "{DCA9401A-7C05-450C-BC16-586A18B5E276}"
EndProject
Project("{8BC9CEB8-8B4A-11D0-8D11-00A0C91BC942}") = "Bai066", "Bai066\Bai066.vcxproj", "{45EEF5CE-F865-43AC-8B79-3A2A441F92B7}"
EndProject
Project("{8BC9CEB8-8B4A-11D0-8D11-00A0C91BC942}") = "Bai071", "Bai071\Bai071.vcxproj", "{58023DF2-1454-4EE1-9398-39FAE632D850}"
EndProject
Project("{8BC9CEB8-8B4A-11D0-8D11-00A0C91BC942}") = "Bai076", "Bai076\Bai076.vcxproj", "{83CAA46E-B346-46D7-940D-C5EAC509FEDF}"
EndProject
Project("{8BC9CEB8-8B4A-11D0-8D11-00A0C91BC942}") = "Bai081", "Bai081\Bai081.vcxproj", "{B4EC8C47-54A8-46F1-917F-E6521EB340F6}"
EndProject
Project("{8BC9CEB8-8B4A-11D0-8D11-00A0C91BC942}") = "Bai086", "Bai086\Bai086.vcxproj", "{23FC7E77-3A63-45B8-9B95-3BB323413607}"
EndProject
Project("{8BC9CEB8-8B4A-11D0-8D11-00A0C91BC942}") = "Bai091", "Bai091\Bai091.vcxproj", "{2C9DA93F-F897-4741-A9C3-7D7A7A1F9DDD}"
EndProject
Project("{8BC9CEB8-8B4A-11D0-8D11-00A0C91BC942}") = "Bai096", "Bai096\Bai096.vcxproj", "{29376ED0-0ADC-4F69-91FD-856FD4354823}"
EndProject
Project("{8BC9CEB8-8B4A-11D0-8D11-00A0C91BC942}") = "Bai101", "Bai101\Bai101.vcxproj", "{5E25F4C5-B915-4B2F-A30C-0D76E7BC33AA}"
EndProject
Project("{8BC9CEB8-8B4A-11D0-8D11-00A0C91BC942}") = "Bai106", "Bai106\Bai106.vcxproj", "{DEA5109B-0CD6-4682-8AC7-05F4311BA3DC}"
EndProject
Project("{8BC9CEB8-8B4A-11D0-8D11-00A0C91BC942}") = "Bai111", "Bai111\Bai111.vcxproj", "{E0644367-C0D2-48F5-B091-534243A69D4F}"
EndProject
Project("{8BC9CEB8-8B4A-11D0-8D11-00A0C91BC942}") = "Bai116", "Bai116\Bai116.vcxproj", "{014B314F-D6E1-46A2-AC19-92361E50DEE2}"
EndProject
Project("{8BC9CEB8-8B4A-11D0-8D11-00A0C91BC942}") = "Bai121", "Bai121\Bai121.vcxproj", "{36B544A6-C3CC-4B41-923B-B504A52CEAF1}"
EndProject
Project("{8BC9CEB8-8B4A-11D0-8D11-00A0C91BC942}") = "Bai126", "Bai126\Bai126.vcxproj", "{D858660F-3BD4-4550-8519-838ECA9CA3D9}"
EndProject
Project("{8BC9CEB8-8B4A-11D0-8D11-00A0C91BC942}") = "Bai131", "Bai131\Bai131.vcxproj", "{9D643EDF-BCC4-4F64-8BCA-D5B580C7DE35}"
EndProject
Project("{8BC9CEB8-8B4A-11D0-8D11-00A0C91BC942}") = "Bai136", "Bai136\Bai136.vcxproj", "{6A28D84F-51D6-4D5F-8858-505B64883C4B}"
EndProject
Project("{8BC9CEB8-8B4A-11D0-8D11-00A0C91BC942}") = "Bai141", "Bai141\Bai141.vcxproj", "{D686AA70-72C9-42D1-BAB0-A52375108A87}"
EndProject
Project("{8BC9CEB8-8B4A-11D0-8D11-00A0C91BC942}") = "Bai146", "Bai146\Bai146.vcxproj", "{72CC25E6-6DE5-4756-9625-A7BB42E94228}"
EndProject
Project("{8BC9CEB8-8B4A-11D0-8D11-00A0C91BC942}") = "Bai151", "Bai151\Bai151.vcxproj", "{F54F606C-596C-4552-A887-AAA8C995FCAF}"
EndProject
Project("{8BC9CEB8-8B4A-11D0-8D11-00A0C91BC942}") = "Bai156", "Bai156\Bai156.vcxproj", "{E385B7A4-A0F9-476D-8C54-F9F60DA12CF5}"
EndProject
Project("{8BC9CEB8-8B4A-11D0-8D11-00A0C91BC942}") = "Bai161", "Bai161\Bai161.vcxproj", "{61D984FF-5152-4390-86C1-089C8110DCB0}"
EndProject
Project("{8BC9CEB8-8B4A-11D0-8D11-00A0C91BC942}") = "Bai166", "Bai166\Bai166.vcxproj", "{FDEFC7AF-BC0E-4B95-B4A2-EDA46ED4DB4F}"
EndProject
Project("{8BC9CEB8-8B4A-11D0-8D11-00A0C91BC942}") = "Bai171", "Bai171\Bai171.vcxproj", "{E3D2BDE3-CD00-4BA3-8A55-BDE93EA80113}"
EndProject
Project("{8BC9CEB8-8B4A-11D0-8D11-00A0C91BC942}") = "Bai176", "Bai176\Bai176.vcxproj", "{A198D123-1070-4C59-A4D1-447FC28858EA}"
EndProject
Project("{8BC9CEB8-8B4A-11D0-8D11-00A0C91BC942}") = "Bai181", "Bai181\Bai181.vcxproj", "{76FBACE8-08D6-47B0-95D8-14968FC4F82A}"
EndProject
Global
	GlobalSection(SolutionConfigurationPlatforms) = preSolution
		Debug|x64 = Debug|x64
		Debug|x86 = Debug|x86
		Release|x64 = Release|x64
		Release|x86 = Release|x86
	EndGlobalSection
	GlobalSection(ProjectConfigurationPlatforms) = postSolution
		{2D16A27A-612B-4D65-AB2F-AACFD6CF631A}.Debug|x64.ActiveCfg = Debug|x64
		{2D16A27A-612B-4D65-AB2F-AACFD6CF631A}.Debug|x64.Build.0 = Debug|x64
		{2D16A27A-612B-4D65-AB2F-AACFD6CF631A}.Debug|x86.ActiveCfg = Debug|Win32
		{2D16A27A-612B-4D65-AB2F-AACFD6CF631A}.Debug|x86.Build.0 = Debug|Win32
		{2D16A27A-612B-4D65-AB2F-AACFD6CF631A}.Release|x64.ActiveCfg = Release|x64
		{2D16A27A-612B-4D65-AB2F-AACFD6CF631A}.Release|x64.Build.0 = Release|x64
		{2D16A27A-612B-4D65-AB2F-AACFD6CF631A}.Release|x86.ActiveCfg = Release|Win32
		{2D16A27A-612B-4D65-AB2F-AACFD6CF631A}.Release|x86.Build.0 = Release|Win32
		{4642D5EF-25F2-43BD-9D0C-FE283525E7C4}.Debug|x64.ActiveCfg = Debug|x64
		{4642D5EF-25F2-43BD-9D0C-FE283525E7C4}.Debug|x64.Build.0 = Debug|x64
		{4642D5EF-25F2-43BD-9D0C-FE283525E7C4}.Debug|x86.ActiveCfg = Debug|Win32
		{4642D5EF-25F2-43BD-9D0C-FE283525E7C4}.Debug|x86.Build.0 = Debug|Win32
		{4642D5EF-25F2-43BD-9D0C-FE283525E7C4}.Release|x64.ActiveCfg = Release|x64
		{4642D5EF-25F2-43BD-9D0C-FE283525E7C4}.Release|x64.Build.0 = Release|x64
		{4642D5EF-25F2-43BD-9D0C-FE283525E7C4}.Release|x86.ActiveCfg = Release|Win32
		{4642D5EF-25F2-43BD-9D0C-FE283525E7C4}.Release|x86.Build.0 = Release|Win32
		{FDD14858-B639-4ADD-B9D8-4636588275CD}.Debug|x64.ActiveCfg = Debug|x64
		{FDD14858-B639-4ADD-B9D8-4636588275CD}.Debug|x64.Build.0 = Debug|x64
		{FDD14858-B639-4ADD-B9D8-4636588275CD}.Debug|x86.ActiveCfg = Debug|Win32
		{FDD14858-B639-4ADD-B9D8-4636588275CD}.Debug|x86.Build.0 = Debug|Win32
		{FDD14858-B639-4ADD-B9D8-4636588275CD}.Release|x64.ActiveCfg = Release|x64
		{FDD14858-B639-4ADD-B9D8-4636588275CD}.Release|x64.Build.0 = Release|x64
		{FDD14858-B639-4ADD-B9D8-4636588275CD}.Release|x86.ActiveCfg = Release|Win32
		{FDD14858-B639-4ADD-B9D8-4636588275CD}.Release|x86.Build.0 = Release|Win32
		{68237BF6-4C27-4364-88B8-B131EE60BE43}.Debug|x64.ActiveCfg = Debug|x64
		{68237BF6-4C27-4364-88B8-B131EE60BE43}.Debug|x64.Build.0 = Debug|x64
		{68237BF6-4C27-4364-88B8-B131EE60BE43}.Debug|x86.ActiveCfg = Debug|Win32
		{68237BF6-4C27-4364-88B8-B131EE60BE43}.Debug|x86.Build.0 = Debug|Win32
		{68237BF6-4C27-4364-88B8-B131EE60BE43}.Release|x64.ActiveCfg = Release|x64
		{68237BF6-4C27-4364-88B8-B131EE60BE43}.Release|x64.Build.0 = Release|x64
		{68237BF6-4C27-4364-88B8-B131EE60BE43}.Release|x86.ActiveCfg = Release|Win32
		{68237BF6-4C27-4364-88B8-B131EE60BE43}.Release|x86.Build.0 = Release|Win32
		{5DDB7D56-593C-4653-B4CF-61D506CAC7AD}.Debug|x64.ActiveCfg = Debug|x64
		{5DDB7D56-593C-4653-B4CF-61D506CAC7AD}.Debug|x64.Build.0 = Debug|x64
		{5DDB7D56-593C-4653-B4CF-61D506CAC7AD}.Debug|x86.ActiveCfg = Debug|Win32
		{5DDB7D56-593C-4653-B4CF-61D506CAC7AD}.Debug|x86.Build.0 = Debug|Win32
		{5DDB7D56-593C-4653-B4CF-61D506CAC7AD}.Release|x64.ActiveCfg = Release|x64
		{5DDB7D56-593C-4653-B4CF-61D506CAC7AD}.Release|x64.Build.0 = Release|x64
		{5DDB7D56-593C-4653-B4CF-61D506CAC7AD}.Release|x86.ActiveCfg = Release|Win32
		{5DDB7D56-593C-4653-B4CF-61D506CAC7AD}.Release|x86.Build.0 = Release|Win32
		{A20A86D5-4D1E-494B-ADC5-7F327B235B3D}.Debug|x64.ActiveCfg = Debug|x64
		{A20A86D5-4D1E-494B-ADC5-7F327B235B3D}.Debug|x64.Build.0 = Debug|x64
		{A20A86D5-4D1E-494B-ADC5-7F327B235B3D}.Debug|x86.ActiveCfg = Debug|Win32
		{A20A86D5-4D1E-494B-ADC5-7F327B235B3D}.Debug|x86.Build.0 = Debug|Win32
		{A20A86D5-4D1E-494B-ADC5-7F327B235B3D}.Release|x64.ActiveCfg = Release|x64
		{A20A86D5-4D1E-494B-ADC5-7F327B235B3D}.Release|x64.Build.0 = Release|x64
		{A20A86D5-4D1E-494B-ADC5-7F327B235B3D}.Release|x86.ActiveCfg = Release|Win32
		{A20A86D5-4D1E-494B-ADC5-7F327B235B3D}.Release|x86.Build.0 = Release|Win32
		{C0B5165A-744F-4534-BB4C-78D0E80F8791}.Debug|x64.ActiveCfg = Debug|x64
		{C0B5165A-744F-4534-BB4C-78D0E80F8791}.Debug|x64.Build.0 = Debug|x64
		{C0B5165A-744F-4534-BB4C-78D0E80F8791}.Debug|x86.ActiveCfg = Debug|Win32
		{C0B5165A-744F-4534-BB4C-78D0E80F8791}.Debug|x86.Build.0 = Debug|Win32
		{C0B5165A-744F-4534-BB4C-78D0E80F8791}.Release|x64.ActiveCfg = Release|x64
		{C0B5165A-744F-4534-BB4C-78D0E80F8791}.Release|x64.Build.0 = Release|x64
		{C0B5165A-744F-4534-BB4C-78D0E80F8791}.Release|x86.ActiveCfg = Release|Win32
		{C0B5165A-744F-4534-BB4C-78D0E80F8791}.Release|x86.Build.0 = Release|Win32
		{CBB6D765-6D21-4975-AB2C-A8FB33D1E259}.Debug|x64.ActiveCfg = Debug|x64
		{CBB6D765-6D21-4975-AB2C-A8FB33D1E259}.Debug|x64.Build.0 = Debug|x64
		{CBB6D765-6D21-4975-AB2C-A8FB33D1E259}.Debug|x86.ActiveCfg = Debug|Win32
		{CBB6D765-6D21-4975-AB2C-A8FB33D1E259}.Debug|x86.Build.0 = Debug|Win32
		{CBB6D765-6D21-4975-AB2C-A8FB33D1E259}.Release|x64.ActiveCfg = Release|x64
		{CBB6D765-6D21-4975-AB2C-A8FB33D1E259}.Release|x64.Build.0 = Release|x64
		{CBB6D765-6D21-4975-AB2C-A8FB33D1E259}.Release|x86.ActiveCfg = Release|Win32
		{CBB6D765-6D21-4975-AB2C-A8FB33D1E259}.Release|x86.Build.0 = Release|Win32
		{25422DD4-85C8-4FBD-B67A-FD62A94BA547}.Debug|x64.ActiveCfg = Debug|x64
		{25422DD4-85C8-4FBD-B67A-FD62A94BA547}.Debug|x64.Build.0 = Debug|x64
		{25422DD4-85C8-4FBD-B67A-FD62A94BA547}.Debug|x86.ActiveCfg = Debug|Win32
		{25422DD4-85C8-4FBD-B67A-FD62A94BA547}.Debug|x86.Build.0 = Debug|Win32
		{25422DD4-85C8-4FBD-B67A-FD62A94BA547}.Release|x64.ActiveCfg = Release|x64
		{25422DD4-85C8-4FBD-B67A-FD62A94BA547}.Release|x64.Build.0 = Release|x64
		{25422DD4-85C8-4FBD-B67A-FD62A94BA547}.Release|x86.ActiveCfg = Release|Win32
		{25422DD4-85C8-4FBD-B67A-FD62A94BA547}.Release|x86.Build.0 = Release|Win32
		{1D4989F1-699D-4779-8308-9051B03B4EC3}.Debug|x64.ActiveCfg = Debug|x64
		{1D4989F1-699D-4779-8308-9051B03B4EC3}.Debug|x64.Build.0 = Debug|x64
		{1D4989F1-699D-4779-8308-9051B03B4EC3}.Debug|x86.ActiveCfg = Debug|Win32
		{1D4989F1-699D-4779-8308-9051B03B4EC3}.Debug|x86.Build.0 = Debug|Win32
		{1D4989F1-699D-4779-8308-9051B03B4EC3}.Release|x64.ActiveCfg = Release|x64
		{1D4989F1-699D-4779-8308-9051B03B4EC3}.Release|x64.Build.0 = Release|x64
		{1D4989F1-699D-4779-8308-9051B03B4EC3}.Release|x86.ActiveCfg = Release|Win32
		{1D4989F1-699D-4779-8308-9051B03B4EC3}.Release|x86.Build.0 = Release|Win32
		{70310261-865F-41FD-B973-4C065AAF3866}.Debug|x64.ActiveCfg = Debug|x64
		{70310261-865F-41FD-B973-4C065AAF3866}.Debug|x64.Build.0 = Debug|x64
		{70310261-865F-41FD-B973-4C065AAF3866}.Debug|x86.ActiveCfg = Debug|Win32
		{70310261-865F-41FD-B973-4C065AAF3866}.Debug|x86.Build.0 = Debug|Win32
		{70310261-865F-41FD-B973-4C065AAF3866}.Release|x64.ActiveCfg = Release|x64
		{70310261-865F-41FD-B973-4C065AAF3866}.Release|x64.Build.0 = Release|x64
		{70310261-865F-41FD-B973-4C065AAF3866}.Release|x86.ActiveCfg = Release|Win32
		{70310261-865F-41FD-B973-4C065AAF3866}.Release|x86.Build.0 = Release|Win32
		{02EED26F-9177-4A64-A029-3FB0A2470DD9}.Debug|x64.ActiveCfg = Debug|x64
		{02EED26F-9177-4A64-A029-3FB0A2470DD9}.Debug|x64.Build.0 = Debug|x64
		{02EED26F-9177-4A64-A029-3FB0A2470DD9}.Debug|x86.ActiveCfg = Debug|Win32
		{02EED26F-9177-4A64-A029-3FB0A2470DD9}.Debug|x86.Build.0 = Debug|Win32
		{02EED26F-9177-4A64-A029-3FB0A2470DD9}.Release|x64.ActiveCfg = Release|x64
		{02EED26F-9177-4A64-A029-3FB0A2470DD9}.Release|x64.Build.0 = Release|x64
		{02EED26F-9177-4A64-A029-3FB0A2470DD9}.Release|x86.ActiveCfg = Release|Win32
		{02EED26F-9177-4A64-A029-3FB0A2470DD9}.Release|x86.Build.0 = Release|Win32
		{B03CAD8F-5226-4117-B473-6EA7D5667161}.Debug|x64.ActiveCfg = Debug|x64
		{B03CAD8F-5226-4117-B473-6EA7D5667161}.Debug|x64.Build.0 = Debug|x64
		{B03CAD8F-5226-4117-B473-6EA7D5667161}.Debug|x86.ActiveCfg = Debug|Win32
		{B03CAD8F-5226-4117-B473-6EA7D5667161}.Debug|x86.Build.0 = Debug|Win32
		{B03CAD8F-5226-4117-B473-6EA7D5667161}.Release|x64.ActiveCfg = Release|x64
		{B03CAD8F-5226-4117-B473-6EA7D5667161}.Release|x64.Build.0 = Release|x64
		{B03CAD8F-5226-4117-B473-6EA7D5667161}.Release|x86.ActiveCfg = Release|Win32
		{B03CAD8F-5226-4117-B473-6EA7D5667161}.Release|x86.Build.0 = Release|Win32
		{1997D1CC-3E29-4235-90FA-361632A7FF1C}.Debug|x64.ActiveCfg = Debug|x64
		{1997D1CC-3E29-4235-90FA-361632A7FF1C}.Debug|x64.Build.0 = Debug|x64
		{1997D1CC-3E29-4235-90FA-361632A7FF1C}.Debug|x86.ActiveCfg = Debug|Win32
		{1997D1CC-3E29-4235-90FA-361632A7FF1C}.Debug|x86.Build.0 = Debug|Win32
		{1997D1CC-3E29-4235-90FA-361632A7FF1C}.Release|x64.ActiveCfg = Release|x64
		{1997D1CC-3E29-4235-90FA-361632A7FF1C}.Release|x64.Build.0 = Release|x64
		{1997D1CC-3E29-4235-90FA-361632A7FF1C}.Release|x86.ActiveCfg = Release|Win32
		{1997D1CC-3E29-4235-90FA-361632A7FF1C}.Release|x86.Build.0 = Release|Win32
		{89B71971-EF16-41A8-9F8A-0983C20C0AC6}.Debug|x64.ActiveCfg = Debug|x64
		{89B71971-EF16-41A8-9F8A-0983C20C0AC6}.Debug|x64.Build.0 = Debug|x64
		{89B71971-EF16-41A8-9F8A-0983C20C0AC6}.Debug|x86.ActiveCfg = Debug|Win32
		{89B71971-EF16-41A8-9F8A-0983C20C0AC6}.Debug|x86.Build.0 = Debug|Win32
		{89B71971-EF16-41A8-9F8A-0983C20C0AC6}.Release|x64.ActiveCfg = Release|x64
		{89B71971-EF16-41A8-9F8A-0983C20C0AC6}.Release|x64.Build.0 = Release|x64
		{89B71971-EF16-41A8-9F8A-0983C20C0AC6}.Release|x86.ActiveCfg = Release|Win32
		{89B71971-EF16-41A8-9F8A-0983C20C0AC6}.Release|x86.Build.0 = Release|Win32
		{5B323E44-E854-4368-B46B-E445E12B5FE0}.Debug|x64.ActiveCfg = Debug|x64
		{5B323E44-E854-4368-B46B-E445E12B5FE0}.Debug|x64.Build.0 = Debug|x64
		{5B323E44-E854-4368-B46B-E445E12B5FE0}.Debug|x86.ActiveCfg = Debug|Win32
		{5B323E44-E854-4368-B46B-E445E12B5FE0}.Debug|x86.Build.0 = Debug|Win32
		{5B323E44-E854-4368-B46B-E445E12B5FE0}.Release|x64.ActiveCfg = Release|x64
		{5B323E44-E854-4368-B46B-E445E12B5FE0}.Release|x64.Build.0 = Release|x64
		{5B323E44-E854-4368-B46B-E445E12B5FE0}.Release|x86.ActiveCfg = Release|Win32
		{5B323E44-E854-4368-B46B-E445E12B5FE0}.Release|x86.Build.0 = Release|Win32
		{E0BC7C3E-A38E-45B0-A490-4585D1378246}.Debug|x64.ActiveCfg = Debug|x64
		{E0BC7C3E-A38E-45B0-A490-4585D1378246}.Debug|x64.Build.0 = Debug|x64
		{E0BC7C3E-A38E-45B0-A490-4585D1378246}.Debug|x86.ActiveCfg = Debug|Win32
		{E0BC7C3E-A38E-45B0-A490-4585D1378246}.Debug|x86.Build.0 = Debug|Win32
		{E0BC7C3E-A38E-45B0-A490-4585D1378246}.Release|x64.ActiveCfg = Release|x64
		{E0BC7C3E-A38E-45B0-A490-4585D1378246}.Release|x64.Build.0 = Release|x64
		{E0BC7C3E-A38E-45B0-A490-4585D1378246}.Release|x86.ActiveCfg = Release|Win32
		{E0BC7C3E-A38E-45B0-A490-4585D1378246}.Release|x86.Build.0 = Release|Win32
		{5C6CB9C7-1471-4855-A2EE-92F07AA12595}.Debug|x64.ActiveCfg = Debug|x64
		{5C6CB9C7-1471-4855-A2EE-92F07AA12595}.Debug|x64.Build.0 = Debug|x64
		{5C6CB9C7-1471-4855-A2EE-92F07AA12595}.Debug|x86.ActiveCfg = Debug|Win32
		{5C6CB9C7-1471-4855-A2EE-92F07AA12595}.Debug|x86.Build.0 = Debug|Win32
		{5C6CB9C7-1471-4855-A2EE-92F07AA12595}.Release|x64.ActiveCfg = Release|x64
		{5C6CB9C7-1471-4855-A2EE-92F07AA12595}.Release|x64.Build.0 = Release|x64
		{5C6CB9C7-1471-4855-A2EE-92F07AA12595}.Release|x86.ActiveCfg = Release|Win32
		{5C6CB9C7-1471-4855-A2EE-92F07AA12595}.Release|x86.Build.0 = Release|Win32
		{62B4EEA8-7EE5-42D3-9C87-3E92D09BF1C4}.Debug|x64.ActiveCfg = Debug|x64
		{62B4EEA8-7EE5-42D3-9C87-3E92D09BF1C4}.Debug|x64.Build.0 = Debug|x64
		{62B4EEA8-7EE5-42D3-9C87-3E92D09BF1C4}.Debug|x86.ActiveCfg = Debug|Win32
		{62B4EEA8-7EE5-42D3-9C87-3E92D09BF1C4}.Debug|x86.Build.0 = Debug|Win32
		{62B4EEA8-7EE5-42D3-9C87-3E92D09BF1C4}.Release|x64.ActiveCfg = Release|x64
		{62B4EEA8-7EE5-42D3-9C87-3E92D09BF1C4}.Release|x64.Build.0 = Release|x64
		{62B4EEA8-7EE5-42D3-9C87-3E92D09BF1C4}.Release|x86.ActiveCfg = Release|Win32
		{62B4EEA8-7EE5-42D3-9C87-3E92D09BF1C4}.Release|x86.Build.0 = Release|Win32
		{B35B521F-DCC2-4946-8F10-972FBDDA9B65}.Debug|x64.ActiveCfg = Debug|x64
		{B35B521F-DCC2-4946-8F10-972FBDDA9B65}.Debug|x64.Build.0 = Debug|x64
		{B35B521F-DCC2-4946-8F10-972FBDDA9B65}.Debug|x86.ActiveCfg = Debug|Win32
		{B35B521F-DCC2-4946-8F10-972FBDDA9B65}.Debug|x86.Build.0 = Debug|Win32
		{B35B521F-DCC2-4946-8F10-972FBDDA9B65}.Release|x64.ActiveCfg = Release|x64
		{B35B521F-DCC2-4946-8F10-972FBDDA9B65}.Release|x64.Build.0 = Release|x64
		{B35B521F-DCC2-4946-8F10-972FBDDA9B65}.Release|x86.ActiveCfg = Release|Win32
		{B35B521F-DCC2-4946-8F10-972FBDDA9B65}.Release|x86.Build.0 = Release|Win32
		{2AB5A324-FB99-4A5C-B6C3-4A386B7555ED}.Debug|x64.ActiveCfg = Debug|x64
		{2AB5A324-FB99-4A5C-B6C3-4A386B7555ED}.Debug|x64.Build.0 = Debug|x64
		{2AB5A324-FB99-4A5C-B6C3-4A386B7555ED}.Debug|x86.ActiveCfg = Debug|Win32
		{2AB5A324-FB99-4A5C-B6C3-4A386B7555ED}.Debug|x86.Build.0 = Debug|Win32
		{2AB5A324-FB99-4A5C-B6C3-4A386B7555ED}.Release|x64.ActiveCfg = Release|x64
		{2AB5A324-FB99-4A5C-B6C3-4A386B7555ED}.Release|x64.Build.0 = Release|x64
		{2AB5A324-FB99-4A5C-B6C3-4A386B7555ED}.Release|x86.ActiveCfg = Release|Win32
		{2AB5A324-FB99-4A5C-B6C3-4A386B7555ED}.Release|x86.Build.0 = Release|Win32
		{A63A9DBE-6487-44D4-9DAA-AFE750E3D84E}.Debug|x64.ActiveCfg = Debug|x64
		{A63A9DBE-6487-44D4-9DAA-AFE750E3D84E}.Debug|x64.Build.0 = Debug|x64
		{A63A9DBE-6487-44D4-9DAA-AFE750E3D84E}.Debug|x86.ActiveCfg = Debug|Win32
		{A63A9DBE-6487-44D4-9DAA-AFE750E3D84E}.Debug|x86.Build.0 = Debug|Win32
		{A63A9DBE-6487-44D4-9DAA-AFE750E3D84E}.Release|x64.ActiveCfg = Release|x64
		{A63A9DBE-6487-44D4-9DAA-AFE750E3D84E}.Release|x64.Build.0 = Release|x64
		{A63A9DBE-6487-44D4-9DAA-AFE750E3D84E}.Release|x86.ActiveCfg = Release|Win32
		{A63A9DBE-6487-44D4-9DAA-AFE750E3D84E}.Release|x86.Build.0 = Release|Win32
		{C2D51B0A-F8AE-485E-9D65-2ACC29542BEB}.Debug|x64.ActiveCfg = Debug|x64
		{C2D51B0A-F8AE-485E-9D65-2ACC29542BEB}.Debug|x64.Build.0 = Debug|x64
		{C2D51B0A-F8AE-485E-9D65-2ACC29542BEB}.Debug|x86.ActiveCfg = Debug|Win32
		{C2D51B0A-F8AE-485E-9D65-2ACC29542BEB}.Debug|x86.Build.0 = Debug|Win32
		{C2D51B0A-F8AE-485E-9D65-2ACC29542BEB}.Release|x64.ActiveCfg = Release|x64
		{C2D51B0A-F8AE-485E-9D65-2ACC29542BEB}.Release|x64.Build.0 = Release|x64
		{C2D51B0A-F8AE-485E-9D65-2ACC29542BEB}.Release|x86.ActiveCfg = Release|Win32
		{C2D51B0A-F8AE-485E-9D65-2ACC29542BEB}.Release|x86.Build.0 = Release|Win32
		{A77B2FCD-22BF-4EB6-BB0B-AA73E08934B2}.Debug|x64.ActiveCfg = Debug|x64
		{A77B2FCD-22BF-4EB6-BB0B-AA73E08934B2}.Debug|x64.Build.0 = Debug|x64
		{A77B2FCD-22BF-4EB6-BB0B-AA73E08934B2}.Debug|x86.ActiveCfg = Debug|Win32
		{A77B2FCD-22BF-4EB6-BB0B-AA73E08934B2}.Debug|x86.Build.0 = Debug|Win32
		{A77B2FCD-22BF-4EB6-BB0B-AA73E08934B2}.Release|x64.ActiveCfg = Release|x64
		{A77B2FCD-22BF-4EB6-BB0B-AA73E08934B2}.Release|x64.Build.0 = Release|x64
		{A77B2FCD-22BF-4EB6-BB0B-AA73E08934B2}.Release|x86.ActiveCfg = Release|Win32
		{A77B2FCD-22BF-4EB6-BB0B-AA73E08934B2}.Release|x86.Build.0 = Release|Win32
		{9A3CBAE2-2436-4CD8-9561-DE85813C0D1C}.Debug|x64.ActiveCfg = Debug|x64
		{9A3CBAE2-2436-4CD8-9561-DE85813C0D1C}.Debug|x64.Build.0 = Debug|x64
		{9A3CBAE2-2436-4CD8-9561-DE85813C0D1C}.Debug|x86.ActiveCfg = Debug|Win32
		{9A3CBAE2-2436-4CD8-9561-DE85813C0D1C}.Debug|x86.Build.0 = Debug|Win32
		{9A3CBAE2-2436-4CD8-9561-DE85813C0D1C}.Release|x64.ActiveCfg = Release|x64
		{9A3CBAE2-2436-4CD8-9561-DE85813C0D1C}.Release|x64.Build.0 = Release|x64
		{9A3CBAE2-2436-4CD8-9561-DE85813C0D1C}.Release|x86.ActiveCfg = Release|Win32
		{9A3CBAE2-2436-4CD8-9561-DE85813C0D1C}.Release|x86.Build.0 = Release|Win32
		{003A0A6D-8389-429C-BF38-05689466AD75}.Debug|x64.ActiveCfg = Debug|x64
		{003A0A6D-8389-429C-BF38-05689466AD75}.Debug|x64.Build.0 = Debug|x64
		{003A0A6D-8389-429C-BF38-05689466AD75}.Debug|x86.ActiveCfg = Debug|Win32
		{003A0A6D-8389-429C-BF38-05689466AD75}.Debug|x86.Build.0 = Debug|Win32
		{003A0A6D-8389-429C-BF38-05689466AD75}.Release|x64.ActiveCfg = Release|x64
		{003A0A6D-8389-429C-BF38-05689466AD75}.Release|x64.Build.0 = Release|x64
		{003A0A6D-8389-429C-BF38-05689466AD75}.Release|x86.ActiveCfg = Release|Win32
		{003A0A6D-8389-429C-BF38-05689466AD75}.Release|x86.Build.0 = Release|Win32
		{B75AD758-F6D1-4688-B98D-E5C6D562502F}.Debug|x64.ActiveCfg = Debug|x64
		{B75AD758-F6D1-4688-B98D-E5C6D562502F}.Debug|x64.Build.0 = Debug|x64
		{B75AD758-F6D1-4688-B98D-E5C6D562502F}.Debug|x86.ActiveCfg = Debug|Win32
		{B75AD758-F6D1-4688-B98D-E5C6D562502F}.Debug|x86.Build.0 = Debug|Win32
		{B75AD758-F6D1-4688-B98D-E5C6D562502F}.Release|x64.ActiveCfg = Release|x64
		{B75AD758-F6D1-4688-B98D-E5C6D562502F}.Release|x64.Build.0 = Release|x64
		{B75AD758-F6D1-4688-B98D-E5C6D562502F}.Release|x86.ActiveCfg = Release|Win32
		{B75AD758-F6D1-4688-B98D-E5C6D562502F}.Release|x86.Build.0 = Release|Win32
		{9022CCD5-6B08-4375-8DEE-8DB41E06F540}.Debug|x64.ActiveCfg = Debug|x64
		{9022CCD5-6B08-4375-8DEE-8DB41E06F540}.Debug|x64.Build.0 = Debug|x64
		{9022CCD5-6B08-4375-8DEE-8DB41E06F540}.Debug|x86.ActiveCfg = Debug|Win32
		{9022CCD5-6B08-4375-8DEE-8DB41E06F540}.Debug|x86.Build.0 = Debug|Win32
		{9022CCD5-6B08-4375-8DEE-8DB41E06F540}.Release|x64.ActiveCfg = Release|x64
		{9022CCD5-6B08-4375-8DEE-8DB41E06F540}.Release|x64.Build.0 = Release|x64
		{9022CCD5-6B08-4375-8DEE-8DB41E06F540}.Release|x86.ActiveCfg = Release|Win32
		{9022CCD5-6B08-4375-8DEE-8DB41E06F540}.Release|x86.Build.0 = Release|Win32
		{EE7E5E54-3971-4C15-9202-B32E0A51A7A9}.Debug|x64.ActiveCfg = Debug|x64
		{EE7E5E54-3971-4C15-9202-B32E0A51A7A9}.Debug|x64.Build.0 = Debug|x64
		{EE7E5E54-3971-4C15-9202-B32E0A51A7A9}.Debug|x86.ActiveCfg = Debug|Win32
		{EE7E5E54-3971-4C15-9202-B32E0A51A7A9}.Debug|x86.Build.0 = Debug|Win32
		{EE7E5E54-3971-4C15-9202-B32E0A51A7A9}.Release|x64.ActiveCfg = Release|x64
		{EE7E5E54-3971-4C15-9202-B32E0A51A7A9}.Release|x64.Build.0 = Release|x64
		{EE7E5E54-3971-4C15-9202-B32E0A51A7A9}.Release|x86.ActiveCfg = Release|Win32
		{EE7E5E54-3971-4C15-9202-B32E0A51A7A9}.Release|x86.Build.0 = Release|Win32
		{E32430E5-F87E-43DD-A89A-36DC752B5078}.Debug|x64.ActiveCfg = Debug|x64
		{E32430E5-F87E-43DD-A89A-36DC752B5078}.Debug|x64.Build.0 = Debug|x64
		{E32430E5-F87E-43DD-A89A-36DC752B5078}.Debug|x86.ActiveCfg = Debug|Win32
		{E32430E5-F87E-43DD-A89A-36DC752B5078}.Debug|x86.Build.0 = Debug|Win32
		{E32430E5-F87E-43DD-A89A-36DC752B5078}.Release|x64.ActiveCfg = Release|x64
		{E32430E5-F87E-43DD-A89A-36DC752B5078}.Release|x64.Build.0 = Release|x64
		{E32430E5-F87E-43DD-A89A-36DC752B5078}.Release|x86.ActiveCfg = Release|Win32
		{E32430E5-F87E-43DD-A89A-36DC752B5078}.Release|x86.Build.0 = Release|Win32
		{CA6F5E81-D43A-4E6A-8AE1-FC1EACD18375}.Debug|x64.ActiveCfg = Debug|x64
		{CA6F5E81-D43A-4E6A-8AE1-FC1EACD18375}.Debug|x64.Build.0 = Debug|x64
		{CA6F5E81-D43A-4E6A-8AE1-FC1EACD18375}.Debug|x86.ActiveCfg = Debug|Win32
		{CA6F5E81-D43A-4E6A-8AE1-FC1EACD18375}.Debug|x86.Build.0 = Debug|Win32
		{CA6F5E81-D43A-4E6A-8AE1-FC1EACD18375}.Release|x64.ActiveCfg = Release|x64
		{CA6F5E81-D43A-4E6A-8AE1-FC1EACD18375}.Release|x64.Build.0 = Release|x64
		{CA6F5E81-D43A-4E6A-8AE1-FC1EACD18375}.Release|x86.ActiveCfg = Release|Win32
		{CA6F5E81-D43A-4E6A-8AE1-FC1EACD18375}.Release|x86.Build.0 = Release|Win32
		{56C44F08-19AA-4D0A-8F25-45C4B81757B7}.Debug|x64.ActiveCfg = Debug|x64
		{56C44F08-19AA-4D0A-8F25-45C4B81757B7}.Debug|x64.Build.0 = Debug|x64
		{56C44F08-19AA-4D0A-8F25-45C4B81757B7}.Debug|x86.ActiveCfg = Debug|Win32
		{56C44F08-19AA-4D0A-8F25-45C4B81757B7}.Debug|x86.Build.0 = Debug|Win32
		{56C44F08-19AA-4D0A-8F25-45C4B81757B7}.Release|x64.ActiveCfg = Release|x64
		{56C44F08-19AA-4D0A-8F25-45C4B81757B7}.Release|x64.Build.0 = Release|x64
		{56C44F08-19AA-4D0A-8F25-45C4B81757B7}.Release|x86.ActiveCfg = Release|Win32
		{56C44F08-19AA-4D0A-8F25-45C4B81757B7}.Release|x86.Build.0 = Release|Win32
		{3F442AFD-FB3E-40EE-8AD4-C3CF613DCEF0}.Debug|x64.ActiveCfg = Debug|x64
		{3F442AFD-FB3E-40EE-8AD4-C3CF613DCEF0}.Debug|x64.Build.0 = Debug|x64
		{3F442AFD-FB3E-40EE-8AD4-C3CF613DCEF0}.Debug|x86.ActiveCfg = Debug|Win32
		{3F442AFD-FB3E-40EE-8AD4-C3CF613DCEF0}.Debug|x86.Build.0 = Debug|Win32
		{3F442AFD-FB3E-40EE-8AD4-C3CF613DCEF0}.Release|x64.ActiveCfg = Release|x64
		{3F442AFD-FB3E-40EE-8AD4-C3CF613DCEF0}.Release|x64.Build.0 = Release|x64
		{3F442AFD-FB3E-40EE-8AD4-C3CF613DCEF0}.Release|x86.ActiveCfg = Release|Win32
		{3F442AFD-FB3E-40EE-8AD4-C3CF613DCEF0}.Release|x86.Build.0 = Release|Win32
		{FFAA541A-435E-4478-8A8E-264BE24EC74F}.Debug|x64.ActiveCfg = Debug|x64
		{FFAA541A-435E-4478-8A8E-264BE24EC74F}.Debug|x64.Build.0 = Debug|x64
		{FFAA541A-435E-4478-8A8E-264BE24EC74F}.Debug|x86.ActiveCfg = Debug|Win32
		{FFAA541A-435E-4478-8A8E-264BE24EC74F}.Debug|x86.Build.0 = Debug|Win32
		{FFAA541A-435E-4478-8A8E-264BE24EC74F}.Release|x64.ActiveCfg = Release|x64
		{FFAA541A-435E-4478-8A8E-264BE24EC74F}.Release|x64.Build.0 = Release|x64
		{FFAA541A-435E-4478-8A8E-264BE24EC74F}.Release|x86.ActiveCfg = Release|Win32
		{FFAA541A-435E-4478-8A8E-264BE24EC74F}.Release|x86.Build.0 = Release|Win32
		{2D14F16C-6F50-4F79-9D0F-8FAB69394FC6}.Debug|x64.ActiveCfg = Debug|x64
		{2D14F16C-6F50-4F79-9D0F-8FAB69394FC6}.Debug|x64.Build.0 = Debug|x64
		{2D14F16C-6F50-4F79-9D0F-8FAB69394FC6}.Debug|x86.ActiveCfg = Debug|Win32
		{2D14F16C-6F50-4F79-9D0F-8FAB69394FC6}.Debug|x86.Build.0 = Debug|Win32
		{2D14F16C-6F50-4F79-9D0F-8FAB69394FC6}.Release|x64.ActiveCfg = Release|x64
		{2D14F16C-6F50-4F79-9D0F-8FAB69394FC6}.Release|x64.Build.0 = Release|x64
		{2D14F16C-6F50-4F79-9D0F-8FAB69394FC6}.Release|x86.ActiveCfg = Release|Win32
		{2D14F16C-6F50-4F79-9D0F-8FAB69394FC6}.Release|x86.Build.0 = Release|Win32
		{F2A367A8-A8FE-40B2-BFC1-7AB376F6FF18}.Debug|x64.ActiveCfg = Debug|x64
		{F2A367A8-A8FE-40B2-BFC1-7AB376F6FF18}.Debug|x64.Build.0 = Debug|x64
		{F2A367A8-A8FE-40B2-BFC1-7AB376F6FF18}.Debug|x86.ActiveCfg = Debug|Win32
		{F2A367A8-A8FE-40B2-BFC1-7AB376F6FF18}.Debug|x86.Build.0 = Debug|Win32
		{F2A367A8-A8FE-40B2-BFC1-7AB376F6FF18}.Release|x64.ActiveCfg = Release|x64
		{F2A367A8-A8FE-40B2-BFC1-7AB376F6FF18}.Release|x64.Build.0 = Release|x64
		{F2A367A8-A8FE-40B2-BFC1-7AB376F6FF18}.Release|x86.ActiveCfg = Release|Win32
		{F2A367A8-A8FE-40B2-BFC1-7AB376F6FF18}.Release|x86.Build.0 = Release|Win32
		{1D88E49D-89F3-473F-90DC-3D2F28D4B958}.Debug|x64.ActiveCfg = Debug|x64
		{1D88E49D-89F3-473F-90DC-3D2F28D4B958}.Debug|x64.Build.0 = Debug|x64
		{1D88E49D-89F3-473F-90DC-3D2F28D4B958}.Debug|x86.ActiveCfg = Debug|Win32
		{1D88E49D-89F3-473F-90DC-3D2F28D4B958}.Debug|x86.Build.0 = Debug|Win32
		{1D88E49D-89F3-473F-90DC-3D2F28D4B958}.Release|x64.ActiveCfg = Release|x64
		{1D88E49D-89F3-473F-90DC-3D2F28D4B958}.Release|x64.Build.0 = Release|x64
		{1D88E49D-89F3-473F-90DC-3D2F28D4B958}.Release|x86.ActiveCfg = Release|Win32
		{1D88E49D-89F3-473F-90DC-3D2F28D4B958}.Release|x86.Build.0 = Release|Win32
		{DCA9401A-7C05-450C-BC16-586A18B5E276}.Debug|x64.ActiveCfg = Debug|x64
		{DCA9401A-7C05-450C-BC16-586A18B5E276}.Debug|x64.Build.0 = Debug|x64
		{DCA9401A-7C05-450C-BC16-586A18B5E276}.Debug|x86.ActiveCfg = Debug|Win32
		{DCA9401A-7C05-450C-BC16-586A18B5E276}.Debug|x86.Build.0 = Debug|Win32
		{DCA9401A-7C05-450C-BC16-586A18B5E276}.Release|x64.ActiveCfg = Release|x64
		{DCA9401A-7C05-450C-BC16-586A18B5E276}.Release|x64.Build.0 = Release|x64
		{DCA9401A-7C05-450C-BC16-586A18B5E276}.Release|x86.ActiveCfg = Release|Win32
		{DCA9401A-7C05-450C-BC16-586A18B5E276}.Release|x86.Build.0 = Release|Win32
		{45EEF5CE-F865-43AC-8B79-3A2A441F92B7}.Debug|x64.ActiveCfg = Debug|x64
		{45EEF5CE-F865-43AC-8B79-3A2A441F92B7}.Debug|x64.Build.0 = Debug|x64
		{45EEF5CE-F865-43AC-8B79-3A2A441F92B7}.Debug|x86.ActiveCfg = Debug|Win32
		{45EEF5CE-F865-43AC-8B79-3A2A441F92B7}.Debug|x86.Build.0 = Debug|Win32
		{45EEF5CE-F865-43AC-8B79-3A2A441F92B7}.Release|x64.ActiveCfg = Release|x64
		{45EEF5CE-F865-43AC-8B79-3A2A441F92B7}.Release|x64.Build.0 = Release|x64
		{45EEF5CE-F865-43AC-8B79-3A2A441F92B7}.Release|x86.ActiveCfg = Release|Win32
		{45EEF5CE-F865-43AC-8B79-3A2A441F92B7}.Release|x86.Build.0 = Release|Win32
		{58023DF2-1454-4EE1-9398-39FAE632D850}.Debug|x64.ActiveCfg = Debug|x64
		{58023DF2-1454-4EE1-9398-39FAE632D850}.Debug|x64.Build.0 = Debug|x64
		{58023DF2-1454-4EE1-9398-39FAE632D850}.Debug|x86.ActiveCfg = Debug|Win32
		{58023DF2-1454-4EE1-9398-39FAE632D850}.Debug|x86.Build.0 = Debug|Win32
		{58023DF2-1454-4EE1-9398-39FAE632D850}.Release|x64.ActiveCfg = Release|x64
		{58023DF2-1454-4EE1-9398-39FAE632D850}.Release|x64.Build.0 = Release|x64
		{58023DF2-1454-4EE1-9398-39FAE632D850}.Release|x86.ActiveCfg = Release|Win32
		{58023DF2-1454-4EE1-9398-39FAE632D850}.Release|x86.Build.0 = Release|Win32
		{83CAA46E-B346-46D7-940D-C5EAC509FEDF}.Debug|x64.ActiveCfg = Debug|x64
		{83CAA46E-B346-46D7-940D-C5EAC509FEDF}.Debug|x64.Build.0 = Debug|x64
		{83CAA46E-B346-46D7-940D-C5EAC509FEDF}.Debug|x86.ActiveCfg = Debug|Win32
		{83CAA46E-B346-46D7-940D-C5EAC509FEDF}.Debug|x86.Build.0 = Debug|Win32
		{83CAA46E-B346-46D7-940D-C5EAC509FEDF}.Release|x64.ActiveCfg = Release|x64
		{83CAA46E-B346-46D7-940D-C5EAC509FEDF}.Release|x64.Build.0 = Release|x64
		{83CAA46E-B346-46D7-940D-C5EAC509FEDF}.Release|x86.ActiveCfg = Release|Win32
		{83CAA46E-B346-46D7-940D-C5EAC509FEDF}.Release|x86.Build.0 = Release|Win32
		{B4EC8C47-54A8-46F1-917F-E6521EB340F6}.Debug|x64.ActiveCfg = Debug|x64
		{B4EC8C47-54A8-46F1-917F-E6521EB340F6}.Debug|x64.Build.0 = Debug|x64
		{B4EC8C47-54A8-46F1-917F-E6521EB340F6}.Debug|x86.ActiveCfg = Debug|Win32
		{B4EC8C47-54A8-46F1-917F-E6521EB340F6}.Debug|x86.Build.0 = Debug|Win32
		{B4EC8C47-54A8-46F1-917F-E6521EB340F6}.Release|x64.ActiveCfg = Release|x64
		{B4EC8C47-54A8-46F1-917F-E6521EB340F6}.Release|x64.Build.0 = Release|x64
		{B4EC8C47-54A8-46F1-917F-E6521EB340F6}.Release|x86.ActiveCfg = Release|Win32
		{B4EC8C47-54A8-46F1-917F-E6521EB340F6}.Release|x86.Build.0 = Release|Win32
		{23FC7E77-3A63-45B8-9B95-3BB323413607}.Debug|x64.ActiveCfg = Debug|x64
		{23FC7E77-3A63-45B8-9B95-3BB323413607}.Debug|x64.Build.0 = Debug|x64
		{23FC7E77-3A63-45B8-9B95-3BB323413607}.Debug|x86.ActiveCfg = Debug|Win32
		{23FC7E77-3A63-45B8-9B95-3BB323413607}.Debug|x86.Build.0 = Debug|Win32
		{23FC7E77-3A63-45B8-9B95-3BB323413607}.Release|x64.ActiveCfg = Release|x64
		{23FC7E77-3A63-45B8-9B95-3BB323413607}.Release|x64.Build.0 = Release|x64
		{23FC7E77-3A63-45B8-9B95-3BB323413607}.Release|x86.ActiveCfg = Release|Win32
		{23FC7E77-3A63-45B8-9B95-3BB323413607}.Release|x86.Build.0 = Release|Win32
		{2C9DA93F-F897-4741-A9C3-7D7A7A1F9DDD}.Debug|x64.ActiveCfg = Debug|x64
		{2C9DA93F-F897-4741-A9C3-7D7A7A1F9DDD}.Debug|x64.Build.0 = Debug|x64
		{2C9DA93F-F897-4741-A9C3-7D7A7A1F9DDD}.Debug|x86.ActiveCfg = Debug|Win32
		{2C9DA93F-F897-4741-A9C3-7D7A7A1F9DDD}.Debug|x86.Build.0 = Debug|Win32
		{2C9DA93F-F897-4741-A9C3-7D7A7A1F9DDD}.Release|x64.ActiveCfg = Release|x64
		{2C9DA93F-F897-4741-A9C3-7D7A7A1F9DDD}.Release|x64.Build.0 = Release|x64
		{2C9DA93F-F897-4741-A9C3-7D7A7A1F9DDD}.Release|x86.ActiveCfg = Release|Win32
		{2C9DA93F-F897-4741-A9C3-7D7A7A1F9DDD}.Release|x86.Build.0 = Release|Win32
		{29376ED0-0ADC-4F69-91FD-856FD4354823}.Debug|x64.ActiveCfg = Debug|x64
		{29376ED0-0ADC-4F69-91FD-856FD4354823}.Debug|x64.Build.0 = Debug|x64
		{29376ED0-0ADC-4F69-91FD-856FD4354823}.Debug|x86.ActiveCfg = Debug|Win32
		{29376ED0-0ADC-4F69-91FD-856FD4354823}.Debug|x86.Build.0 = Debug|Win32
		{29376ED0-0ADC-4F69-91FD-856FD4354823}.Release|x64.ActiveCfg = Release|x64
		{29376ED0-0ADC-4F69-91FD-856FD4354823}.Release|x64.Build.0 = Release|x64
		{29376ED0-0ADC-4F69-91FD-856FD4354823}.Release|x86.ActiveCfg = Release|Win32
		{29376ED0-0ADC-4F69-91FD-856FD4354823}.Release|x86.Build.0 = Release|Win32
		{5E25F4C5-B915-4B2F-A30C-0D76E7BC33AA}.Debug|x64.ActiveCfg = Debug|x64
		{5E25F4C5-B915-4B2F-A30C-0D76E7BC33AA}.Debug|x64.Build.0 = Debug|x64
		{5E25F4C5-B915-4B2F-A30C-0D76E7BC33AA}.Debug|x86.ActiveCfg = Debug|Win32
		{5E25F4C5-B915-4B2F-A30C-0D76E7BC33AA}.Debug|x86.Build.0 = Debug|Win32
		{5E25F4C5-B915-4B2F-A30C-0D76E7BC33AA}.Release|x64.ActiveCfg = Release|x64
		{5E25F4C5-B915-4B2F-A30C-0D76E7BC33AA}.Release|x64.Build.0 = Release|x64
		{5E25F4C5-B915-4B2F-A30C-0D76E7BC33AA}.Release|x86.ActiveCfg = Release|Win32
		{5E25F4C5-B915-4B2F-A30C-0D76E7BC33AA}.Release|x86.Build.0 = Release|Win32
		{DEA5109B-0CD6-4682-8AC7-05F4311BA3DC}.Debug|x64.ActiveCfg = Debug|x64
		{DEA5109B-0CD6-4682-8AC7-05F4311BA3DC}.Debug|x64.Build.0 = Debug|x64
		{DEA5109B-0CD6-4682-8AC7-05F4311BA3DC}.Debug|x86.ActiveCfg = Debug|Win32
		{DEA5109B-0CD6-4682-8AC7-05F4311BA3DC}.Debug|x86.Build.0 = Debug|Win32
		{DEA5109B-0CD6-4682-8AC7-05F4311BA3DC}.Release|x64.ActiveCfg = Release|x64
		{DEA5109B-0CD6-4682-8AC7-05F4311BA3DC}.Release|x64.Build.0 = Release|x64
		{DEA5109B-0CD6-4682-8AC7-05F4311BA3DC}.Release|x86.ActiveCfg = Release|Win32
		{DEA5109B-0CD6-4682-8AC7-05F4311BA3DC}.Release|x86.Build.0 = Release|Win32
		{E0644367-C0D2-48F5-B091-534243A69D4F}.Debug|x64.ActiveCfg = Debug|x64
		{E0644367-C0D2-48F5-B091-534243A69D4F}.Debug|x64.Build.0 = Debug|x64
		{E0644367-C0D2-48F5-B091-534243A69D4F}.Debug|x86.ActiveCfg = Debug|Win32
		{E0644367-C0D2-48F5-B091-534243A69D4F}.Debug|x86.Build.0 = Debug|Win32
		{E0644367-C0D2-48F5-B091-534243A69D4F}.Release|x64.ActiveCfg = Release|x64
		{E0644367-C0D2-48F5-B091-534243A69D4F}.Release|x64.Build.0 = Release|x64
		{E0644367-C0D2-48F5-B091-534243A69D4F}.Release|x86.ActiveCfg = Release|Win32
		{E0644367-C0D2-48F5-B091-534243A69D4F}.Release|x86.Build.0 = Release|Win32
		{014B314F-D6E1-46A2-AC19-92361E50DEE2}.Debug|x64.ActiveCfg = Debug|x64
		{014B314F-D6E1-46A2-AC19-92361E50DEE2}.Debug|x64.Build.0 = Debug|x64
		{014B314F-D6E1-46A2-AC19-92361E50DEE2}.Debug|x86.ActiveCfg = Debug|Win32
		{014B314F-D6E1-46A2-AC19-92361E50DEE2}.Debug|x86.Build.0 = Debug|Win32
		{014B314F-D6E1-46A2-AC19-92361E50DEE2}.Release|x64.ActiveCfg = Release|x64
		{014B314F-D6E1-46A2-AC19-92361E50DEE2}.Release|x64.Build.0 = Release|x64
		{014B314F-D6E1-46A2-AC19-92361E50DEE2}.Release|x86.ActiveCfg = Release|Win32
		{014B314F-D6E1-46A2-AC19-92361E50DEE2}.Release|x86.Build.0 = Release|Win32
		{36B544A6-C3CC-4B41-923B-B504A52CEAF1}.Debug|x64.ActiveCfg = Debug|x64
		{36B544A6-C3CC-4B41-923B-B504A52CEAF1}.Debug|x64.Build.0 = Debug|x64
		{36B544A6-C3CC-4B41-923B-B504A52CEAF1}.Debug|x86.ActiveCfg = Debug|Win32
		{36B544A6-C3CC-4B41-923B-B504A52CEAF1}.Debug|x86.Build.0 = Debug|Win32
		{36B544A6-C3CC-4B41-923B-B504A52CEAF1}.Release|x64.ActiveCfg = Release|x64
		{36B544A6-C3CC-4B41-923B-B504A52CEAF1}.Release|x64.Build.0 = Release|x64
		{36B544A6-C3CC-4B41-923B-B504A52CEAF1}.Release|x86.ActiveCfg = Release|Win32
		{36B544A6-C3CC-4B41-923B-B504A52CEAF1}.Release|x86.Build.0 = Release|Win32
		{D858660F-3BD4-4550-8519-838ECA9CA3D9}.Debug|x64.ActiveCfg = Debug|x64
		{D858660F-3BD4-4550-8519-838ECA9CA3D9}.Debug|x64.Build.0 = Debug|x64
		{D858660F-3BD4-4550-8519-838ECA9CA3D9}.Debug|x86.ActiveCfg = Debug|Win32
		{D858660F-3BD4-4550-8519-838ECA9CA3D9}.Debug|x86.Build.0 = Debug|Win32
		{D858660F-3BD4-4550-8519-838ECA9CA3D9}.Release|x64.ActiveCfg = Release|x64
		{D858660F-3BD4-4550-8519-838ECA9CA3D9}.Release|x64.Build.0 = Release|x64
		{D858660F-3BD4-4550-8519-838ECA9CA3D9}.Release|x86.ActiveCfg = Release|Win32
		{D858660F-3BD4-4550-8519-838ECA9CA3D9}.Release|x86.Build.0 = Release|Win32
		{9D643EDF-BCC4-4F64-8BCA-D5B580C7DE35}.Debug|x64.ActiveCfg = Debug|x64
		{9D643EDF-BCC4-4F64-8BCA-D5B580C7DE35}.Debug|x64.Build.0 = Debug|x64
		{9D643EDF-BCC4-4F64-8BCA-D5B580C7DE35}.Debug|x86.ActiveCfg = Debug|Win32
		{9D643EDF-BCC4-4F64-8BCA-D5B580C7DE35}.Debug|x86.Build.0 = Debug|Win32
		{9D643EDF-BCC4-4F64-8BCA-D5B580C7DE35}.Release|x64.ActiveCfg = Release|x64
		{9D643EDF-BCC4-4F64-8BCA-D5B580C7DE35}.Release|x64.Build.0 = Release|x64
		{9D643EDF-BCC4-4F64-8BCA-D5B580C7DE35}.Release|x86.ActiveCfg = Release|Win32
		{9D643EDF-BCC4-4F64-8BCA-D5B580C7DE35}.Release|x86.Build.0 = Release|Win32
		{6A28D84F-51D6-4D5F-8858-505B64883C4B}.Debug|x64.ActiveCfg = Debug|x64
		{6A28D84F-51D6-4D5F-8858-505B64883C4B}.Debug|x64.Build.0 = Debug|x64
		{6A28D84F-51D6-4D5F-8858-505B64883C4B}.Debug|x86.ActiveCfg = Debug|Win32
		{6A28D84F-51D6-4D5F-8858-505B64883C4B}.Debug|x86.Build.0 = Debug|Win32
		{6A28D84F-51D6-4D5F-8858-505B64883C4B}.Release|x64.ActiveCfg = Release|x64
		{6A28D84F-51D6-4D5F-8858-505B64883C4B}.Release|x64.Build.0 = Release|x64
		{6A28D84F-51D6-4D5F-8858-505B64883C4B}.Release|x86.ActiveCfg = Release|Win32
		{6A28D84F-51D6-4D5F-8858-505B64883C4B}.Release|x86.Build.0 = Release|Win32
		{D686AA70-72C9-42D1-BAB0-A52375108A87}.Debug|x64.ActiveCfg = Debug|x64
		{D686AA70-72C9-42D1-BAB0-A52375108A87}.Debug|x64.Build.0 = Debug|x64
		{D686AA70-72C9-42D1-BAB0-A52375108A87}.Debug|x86.ActiveCfg = Debug|Win32
		{D686AA70-72C9-42D1-BAB0-A52375108A87}.Debug|x86.Build.0 = Debug|Win32
		{D686AA70-72C9-42D1-BAB0-A52375108A87}.Release|x64.ActiveCfg = Release|x64
		{D686AA70-72C9-42D1-BAB0-A52375108A87}.Release|x64.Build.0 = Release|x64
		{D686AA70-72C9-42D1-BAB0-A52375108A87}.Release|x86.ActiveCfg = Release|Win32
		{D686AA70-72C9-42D1-BAB0-A52375108A87}.Release|x86.Build.0 = Release|Win32
		{72CC25E6-6DE5-4756-9625-A7BB42E94228}.Debug|x64.ActiveCfg = Debug|x64
		{72CC25E6-6DE5-4756-9625-A7BB42E94228}.Debug|x64.Build.0 = Debug|x64
		{72CC25E6-6DE5-4756-9625-A7BB42E94228}.Debug|x86.ActiveCfg = Debug|Win32
		{72CC25E6-6DE5-4756-9625-A7BB42E94228}.Debug|x86.Build.0 = Debug|Win32
		{72CC25E6-6DE5-4756-9625-A7BB42E94228}.Release|x64.ActiveCfg = Release|x64
		{72CC25E6-6DE5-4756-9625-A7BB42E94228}.Release|x64.Build.0 = Release|x64
		{72CC25E6-6DE5-4756-9625-A7BB42E94228}.Release|x86.ActiveCfg = Release|Win32
		{72CC25E6-6DE5-4756-9625-A7BB42E94228}.Release|x86.Build.0 = Release|Win32
		{F54F606C-596C-4552-A887-AAA8C995FCAF}.Debug|x64.ActiveCfg = Debug|x64
		{F54F606C-596C-4552-A887-AAA8C995FCAF}.Debug|x64.Build.0 = Debug|x64
		{F54F606C-596C-4552-A887-AAA8C995FCAF}.Debug|x86.ActiveCfg = Debug|Win32
		{F54F606C-596C-4552-A887-AAA8C995FCAF}.Debug|x86.Build.0 = Debug|Win32
		{F54F606C-596C-4552-A887-AAA8C995FCAF}.Release|x64.ActiveCfg = Release|x64
		{F54F606C-596C-4552-A887-AAA8C995FCAF}.Release|x64.Build.0 = Release|x64
		{F54F606C-596C-4552-A887-AAA8C995FCAF}.Release|x86.ActiveCfg = Release|Win32
		{F54F606C-596C-4552-A887-AAA8C995FCAF}.Release|x86.Build.0 = Release|Win32
		{E385B7A4-A0F9-476D-8C54-F9F60DA12CF5}.Debug|x64.ActiveCfg = Debug|x64
		{E385B7A4-A0F9-476D-8C54-F9F60DA12CF5}.Debug|x64.Build.0 = Debug|x64
		{E385B7A4-A0F9-476D-8C54-F9F60DA12CF5}.Debug|x86.ActiveCfg = Debug|Win32
		{E385B7A4-A0F9-476D-8C54-F9F60DA12CF5}.Debug|x86.Build.0 = Debug|Win32
		{E385B7A4-A0F9-476D-8C54-F9F60DA12CF5}.Release|x64.ActiveCfg = Release|x64
		{E385B7A4-A0F9-476D-8C54-F9F60DA12CF5}.Release|x64.Build.0 = Release|x64
		{E385B7A4-A0F9-476D-8C54-F9F60DA12CF5}.Release|x86.ActiveCfg = Release|Win32
		{E385B7A4-A0F9-476D-8C54-F9F60DA12CF5}.Release|x86.Build.0 = Release|Win32
		{61D984FF-5152-4390-86C1-089C8110DCB0}.Debug|x64.ActiveCfg = Debug|x64
		{61D984FF-5152-4390-86C1-089C8110DCB0}.Debug|x64.Build.0 = Debug|x64
		{61D984FF-5152-4390-86C1-089C8110DCB0}.Debug|x86.ActiveCfg = Debug|Win32
		{61D984FF-5152-4390-86C1-089C8110DCB0}.Debug|x86.Build.0 = Debug|Win32
		{61D984FF-5152-4390-86C1-089C8110DCB0}.Release|x64.ActiveCfg = Release|x64
		{61D984FF-5152-4390-86C1-089C8110DCB0}.Release|x64.Build.0 = Release|x64
		{61D984FF-5152-4390-86C1-089C8110DCB0}.Release|x86.ActiveCfg = Release|Win32
		{61D984FF-5152-4390-86C1-089C8110DCB0}.Release|x86.Build.0 = Release|Win32
		{FDEFC7AF-BC0E-4B95-B4A2-EDA46ED4DB4F}.Debug|x64.ActiveCfg = Debug|x64
		{FDEFC7AF-BC0E-4B95-B4A2-EDA46ED4DB4F}.Debug|x64.Build.0 = Debug|x64
		{FDEFC7AF-BC0E-4B95-B4A2-EDA46ED4DB4F}.Debug|x86.ActiveCfg = Debug|Win32
		{FDEFC7AF-BC0E-4B95-B4A2-EDA46ED4DB4F}.Debug|x86.Build.0 = Debug|Win32
		{FDEFC7AF-BC0E-4B95-B4A2-EDA46ED4DB4F}.Release|x64.ActiveCfg = Release|x64
		{FDEFC7AF-BC0E-4B95-B4A2-EDA46ED4DB4F}.Release|x64.Build.0 = Release|x64
		{FDEFC7AF-BC0E-4B95-B4A2-EDA46ED4DB4F}.Release|x86.ActiveCfg = Release|Win32
		{FDEFC7AF-BC0E-4B95-B4A2-EDA46ED4DB4F}.Release|x86.Build.0 = Release|Win32
		{E3D2BDE3-CD00-4BA3-8A55-BDE93EA80113}.Debug|x64.ActiveCfg = Debug|x64
		{E3D2BDE3-CD00-4BA3-8A55-BDE93EA80113}.Debug|x64.Build.0 = Debug|x64
		{E3D2BDE3-CD00-4BA3-8A55-BDE93EA80113}.Debug|x86.ActiveCfg = Debug|Win32
		{E3D2BDE3-CD00-4BA3-8A55-BDE93EA80113}.Debug|x86.Build.0 = Debug|Win32
		{E3D2BDE3-CD00-4BA3-8A55-BDE93EA80113}.Release|x64.ActiveCfg = Release|x64
		{E3D2BDE3-CD00-4BA3-8A55-BDE93EA80113}.Release|x64.Build.0 = Release|x64
		{E3D2BDE3-CD00-4BA3-8A55-BDE93EA80113}.Release|x86.ActiveCfg = Release|Win32
		{E3D2BDE3-CD00-4BA3-8A55-BDE93EA80113}.Release|x86.Build.0 = Release|Win32
		{A198D123-1070-4C59-A4D1-447FC28858EA}.Debug|x64.ActiveCfg = Debug|x64
		{A198D123-1070-4C59-A4D1-447FC28858EA}.Debug|x64.Build.0 = Debug|x64
		{A198D123-1070-4C59-A4D1-447FC28858EA}.Debug|x86.ActiveCfg = Debug|Win32
		{A198D123-1070-4C59-A4D1-447FC28858EA}.Debug|x86.Build.0 = Debug|Win32
		{A198D123-1070-4C59-A4D1-447FC28858EA}.Release|x64.ActiveCfg = Release|x64
		{A198D123-1070-4C59-A4D1-447FC28858EA}.Release|x64.Build.0 = Release|x64
		{A198D123-1070-4C59-A4D1-447FC28858EA}.Release|x86.ActiveCfg = Release|Win32
		{A198D123-1070-4C59-A4D1-447FC28858EA}.Release|x86.Build.0 = Release|Win32
		{76FBACE8-08D6-47B0-95D8-14968FC4F82A}.Debug|x64.ActiveCfg = Debug|x64
		{76FBACE8-08D6-47B0-95D8-14968FC4F82A}.Debug|x64.Build.0 = Debug|x64
		{76FBACE8-08D6-47B0-95D8-14968FC4F82A}.Debug|x86.ActiveCfg = Debug|Win32
		{76FBACE8-08D6-47B0-95D8-14968FC4F82A}.Debug|x86.Build.0 = Debug|Win32
		{76FBACE8-08D6-47B0-95D8-14968FC4F82A}.Release|x64.ActiveCfg = Release|x64
		{76FBACE8-08D6-47B0-95D8-14968FC4F82A}.Release|x64.Build.0 = Release|x64
		{76FBACE8-08D6-47B0-95D8-14968FC4F82A}.Release|x86.ActiveCfg = Release|Win32
		{76FBACE8-08D6-47B0-95D8-14968FC4F82A}.Release|x86.Build.0 = Release|Win32
	EndGlobalSection
	GlobalSection(SolutionProperties) = preSolution
		HideSolutionNode = FALSE
	EndGlobalSection
	GlobalSection(ExtensibilityGlobals) = postSolution
		SolutionGuid = {6610D981-BD41-4549-86A3-436D5CCC2E5D}
	EndGlobalSection
EndGlobal
