
Microsoft Visual Studio Solution File, Format Version 12.00
# Visual Studio Version 17
VisualStudioVersion = 17.7.34221.43
MinimumVisualStudioVersion = 10.0.40219.1
Project("{8BC9CEB8-8B4A-11D0-8D11-00A0C91BC942}") = "Bai005", "Bai005\Bai005.vcxproj", "{2D16A27A-612B-4D65-AB2F-AACFD6CF631A}"
EndProject
Project("{8BC9CEB8-8B4A-11D0-8D11-00A0C91BC942}") = "Bai010", "Bai010\Bai010.vcxproj", "{4642D5EF-25F2-43BD-9D0C-FE283525E7C4}"
EndProject
Project("{8BC9CEB8-8B4A-11D0-8D11-00A0C91BC942}") = "Bai015", "Bai015\Bai015.vcxproj", "{FDD14858-B639-4ADD-B9D8-4636588275CD}"
EndProject
Project("{8BC9CEB8-8B4A-11D0-8D11-00A0C91BC942}") = "Bai020", "Bai020\Bai020.vcxproj", "{68237BF6-4C27-4364-88B8-B131EE60BE43}"
EndProject
Project("{8BC9CEB8-8B4A-11D0-8D11-00A0C91BC942}") = "Bai025", "Bai025\Bai025.vcxproj", "{5DDB7D56-593C-4653-B4CF-61D506CAC7AD}"
EndProject
Project("{8BC9CEB8-8B4A-11D0-8D11-00A0C91BC942}") = "Bai030", "Bai030\Bai030.vcxproj", "{A20A86D5-4D1E-494B-ADC5-7F327B235B3D}"
EndProject
Project("{8BC9CEB8-8B4A-11D0-8D11-00A0C91BC942}") = "Bai035", "Bai035\Bai035.vcxproj", "{C0B5165A-744F-4534-BB4C-78D0E80F8791}"
EndProject
Project("{8BC9CEB8-8B4A-11D0-8D11-00A0C91BC942}") = "Bai040", "Bai040\Bai040.vcxproj", "{CBB6D765-6D21-4975-AB2C-A8FB33D1E259}"
EndProject
Project("{8BC9CEB8-8B4A-11D0-8D11-00A0C91BC942}") = "Bai045", "Bai045\Bai045.vcxproj", "{25422DD4-85C8-4FBD-B67A-FD62A94BA547}"
EndProject
Project("{8BC9CEB8-8B4A-11D0-8D11-00A0C91BC942}") = "Bai050", "Bai050\Bai050.vcxproj", "{1D4989F1-699D-4779-8308-9051B03B4EC3}"
EndProject
Project("{8BC9CEB8-8B4A-11D0-8D11-00A0C91BC942}") = "Bai055", "Bai055\Bai055.vcxproj", "{70310261-865F-41FD-B973-4C065AAF3866}"
EndProject
Project("{8BC9CEB8-8B4A-11D0-8D11-00A0C91BC942}") = "Bai060", "Bai060\Bai060.vcxproj", "{02EED26F-9177-4A64-A029-3FB0A2470DD9}"
EndProject
Project("{8BC9CEB8-8B4A-11D0-8D11-00A0C91BC942}") = "Bai065", "Bai065\Bai065.vcxproj", "{B03CAD8F-5226-4117-B473-6EA7D5667161}"
EndProject
Project("{8BC9CEB8-8B4A-11D0-8D11-00A0C91BC942}") = "Bai070", "Bai070\Bai070.vcxproj", "{1997D1CC-3E29-4235-90FA-361632A7FF1C}"
EndProject
Project("{8BC9CEB8-8B4A-11D0-8D11-00A0C91BC942}") = "Bai075", "Bai075\Bai075.vcxproj", "{89B71971-EF16-41A8-9F8A-0983C20C0AC6}"
EndProject
Project("{8BC9CEB8-8B4A-11D0-8D11-00A0C91BC942}") = "Bai080", "Bai080\Bai080.vcxproj", "{5B323E44-E854-4368-B46B-E445E12B5FE0}"
EndProject
Project("{8BC9CEB8-8B4A-11D0-8D11-00A0C91BC942}") = "Bai090", "Bai090\Bai090.vcxproj", "{E0BC7C3E-A38E-45B0-A490-4585D1378246}"
EndProject
Project("{8BC9CEB8-8B4A-11D0-8D11-00A0C91BC942}") = "Bai085", "Bai085\Bai085.vcxproj", "{5C6CB9C7-1471-4855-A2EE-92F07AA12595}"
EndProject
Project("{8BC9CEB8-8B4A-11D0-8D11-00A0C91BC942}") = "Bai095", "Bai095\Bai095.vcxproj", "{62B4EEA8-7EE5-42D3-9C87-3E92D09BF1C4}"
EndProject
Project("{8BC9CEB8-8B4A-11D0-8D11-00A0C91BC942}") = "Bai100", "Bai100\Bai100.vcxproj", "{B35B521F-DCC2-4946-8F10-972FBDDA9B65}"
EndProject
Project("{8BC9CEB8-8B4A-11D0-8D11-00A0C91BC942}") = "Bai105", "Bai105\Bai105.vcxproj", "{2AB5A324-FB99-4A5C-B6C3-4A386B7555ED}"
EndProject
Project("{8BC9CEB8-8B4A-11D0-8D11-00A0C91BC942}") = "Bai110", "Bai110\Bai110.vcxproj", "{A63A9DBE-6487-44D4-9DAA-AFE750E3D84E}"
EndProject
Project("{8BC9CEB8-8B4A-11D0-8D11-00A0C91BC942}") = "Bai115", "Bai115\Bai115.vcxproj", "{C2D51B0A-F8AE-485E-9D65-2ACC29542BEB}"
EndProject
Project("{8BC9CEB8-8B4A-11D0-8D11-00A0C91BC942}") = "Bai125", "Bai125\Bai125.vcxproj", "{A77B2FCD-22BF-4EB6-BB0B-AA73E08934B2}"
EndProject
Project("{8BC9CEB8-8B4A-11D0-8D11-00A0C91BC942}") = "Bai120", "Bai120\Bai120.vcxproj", "{9A3CBAE2-2436-4CD8-9561-DE85813C0D1C}"
EndProject
Project("{8BC9CEB8-8B4A-11D0-8D11-00A0C91BC942}") = "Bai130", "Bai130\Bai130.vcxproj", "{E4D9E646-4983-4297-A41A-5A6EE13823B2}"
EndProject
Project("{8BC9CEB8-8B4A-11D0-8D11-00A0C91BC942}") = "Bai135", "Bai135\Bai135.vcxproj", "{DBA74944-4512-4647-9201-9316E515CA75}"
EndProject
Project("{8BC9CEB8-8B4A-11D0-8D11-00A0C91BC942}") = "Bai140", "Bai140\Bai140.vcxproj", "{D8300F4F-5878-470D-8503-33C56E70F95B}"
EndProject
Project("{8BC9CEB8-8B4A-11D0-8D11-00A0C91BC942}") = "Bai145", "Bai145\Bai145.vcxproj", "{66944F64-FEF1-404D-92C8-F73FA313EA5E}"
EndProject
Project("{8BC9CEB8-8B4A-11D0-8D11-00A0C91BC942}") = "Bai150", "Bai150\Bai150.vcxproj", "{08BECA26-DFB8-46D5-B5A9-3883AAA1381A}"
EndProject
Project("{8BC9CEB8-8B4A-11D0-8D11-00A0C91BC942}") = "Bai155", "Bai155\Bai155.vcxproj", "{FD417B32-F15C-4355-AED9-0CA27CC4F39A}"
EndProject
Project("{8BC9CEB8-8B4A-11D0-8D11-00A0C91BC942}") = "Bai160", "Bai160\Bai160.vcxproj", "{308EE45E-87EE-41B8-8F38-B7149C42AF38}"
EndProject
Project("{8BC9CEB8-8B4A-11D0-8D11-00A0C91BC942}") = "Bai165", "Bai165\Bai165.vcxproj", "{0E1A6382-0965-4151-9D98-98E4FCEC2573}"
EndProject
Project("{8BC9CEB8-8B4A-11D0-8D11-00A0C91BC942}") = "Bai170", "Bai170\Bai170.vcxproj", "{C73406C6-3DAD-4BD9-BD19-49E5105DDE20}"
EndProject
Project("{8BC9CEB8-8B4A-11D0-8D11-00A0C91BC942}") = "Bai175", "Bai175\Bai175.vcxproj", "{F483715C-5441-416B-8A80-5391021E762D}"
EndProject
Project("{8BC9CEB8-8B4A-11D0-8D11-00A0C91BC942}") = "Bai180", "Bai180\Bai180.vcxproj", "{4C2C38BB-C247-44F2-B393-01B1705CA650}"
EndProject
Project("{8BC9CEB8-8B4A-11D0-8D11-00A0C91BC942}") = "Bai185", "Bai185\Bai185.vcxproj", "{55B454DD-61A9-4DCD-9069-193B305BB95F}"
EndProject
Project("{8BC9CEB8-8B4A-11D0-8D11-00A0C91BC942}") = "Bai190", "Bai190\Bai190.vcxproj", "{26882BE6-12EA-4524-9A51-000C711F8441}"
EndProject
Project("{8BC9CEB8-8B4A-11D0-8D11-00A0C91BC942}") = "Bai195", "Bai195\Bai195.vcxproj", "{F68ECE97-6B75-4554-BE44-FFEB7A4F7883}"
EndProject
Project("{8BC9CEB8-8B4A-11D0-8D11-00A0C91BC942}") = "Bai200", "Bai200\Bai200.vcxproj", "{DFE0D16B-2621-417E-970B-706F9D7B6256}"
EndProject
Project("{8BC9CEB8-8B4A-11D0-8D11-00A0C91BC942}") = "Bai205", "Bai205\Bai205.vcxproj", "{BB4E8836-6EC5-4905-BAFE-CE4EC107ED43}"
EndProject
Project("{8BC9CEB8-8B4A-11D0-8D11-00A0C91BC942}") = "Bai210", "Bai210\Bai210.vcxproj", "{AAF6F0D6-747D-414E-AD5E-3CD474AB27C9}"
EndProject
Project("{8BC9CEB8-8B4A-11D0-8D11-00A0C91BC942}") = "Bai215", "Bai215\Bai215.vcxproj", "{C69D9F97-F339-4382-BF22-93CD09767C9E}"
EndProject
Project("{8BC9CEB8-8B4A-11D0-8D11-00A0C91BC942}") = "Bai220", "Bai220\Bai220.vcxproj", "{E7CEA864-0BAB-4539-9B6D-ECA7C3C65D56}"
EndProject
Global
	GlobalSection(SolutionConfigurationPlatforms) = preSolution
		Debug|x64 = Debug|x64
		Debug|x86 = Debug|x86
		Release|x64 = Release|x64
		Release|x86 = Release|x86
	EndGlobalSection
	GlobalSection(ProjectConfigurationPlatforms) = postSolution
		{2D16A27A-612B-4D65-AB2F-AACFD6CF631A}.Debug|x64.ActiveCfg = Debug|x64
		{2D16A27A-612B-4D65-AB2F-AACFD6CF631A}.Debug|x64.Build.0 = Debug|x64
		{2D16A27A-612B-4D65-AB2F-AACFD6CF631A}.Debug|x86.ActiveCfg = Debug|Win32
		{2D16A27A-612B-4D65-AB2F-AACFD6CF631A}.Debug|x86.Build.0 = Debug|Win32
		{2D16A27A-612B-4D65-AB2F-AACFD6CF631A}.Release|x64.ActiveCfg = Release|x64
		{2D16A27A-612B-4D65-AB2F-AACFD6CF631A}.Release|x64.Build.0 = Release|x64
		{2D16A27A-612B-4D65-AB2F-AACFD6CF631A}.Release|x86.ActiveCfg = Release|Win32
		{2D16A27A-612B-4D65-AB2F-AACFD6CF631A}.Release|x86.Build.0 = Release|Win32
		{4642D5EF-25F2-43BD-9D0C-FE283525E7C4}.Debug|x64.ActiveCfg = Debug|x64
		{4642D5EF-25F2-43BD-9D0C-FE283525E7C4}.Debug|x64.Build.0 = Debug|x64
		{4642D5EF-25F2-43BD-9D0C-FE283525E7C4}.Debug|x86.ActiveCfg = Debug|Win32
		{4642D5EF-25F2-43BD-9D0C-FE283525E7C4}.Debug|x86.Build.0 = Debug|Win32
		{4642D5EF-25F2-43BD-9D0C-FE283525E7C4}.Release|x64.ActiveCfg = Release|x64
		{4642D5EF-25F2-43BD-9D0C-FE283525E7C4}.Release|x64.Build.0 = Release|x64
		{4642D5EF-25F2-43BD-9D0C-FE283525E7C4}.Release|x86.ActiveCfg = Release|Win32
		{4642D5EF-25F2-43BD-9D0C-FE283525E7C4}.Release|x86.Build.0 = Release|Win32
		{FDD14858-B639-4ADD-B9D8-4636588275CD}.Debug|x64.ActiveCfg = Debug|x64
		{FDD14858-B639-4ADD-B9D8-4636588275CD}.Debug|x64.Build.0 = Debug|x64
		{FDD14858-B639-4ADD-B9D8-4636588275CD}.Debug|x86.ActiveCfg = Debug|Win32
		{FDD14858-B639-4ADD-B9D8-4636588275CD}.Debug|x86.Build.0 = Debug|Win32
		{FDD14858-B639-4ADD-B9D8-4636588275CD}.Release|x64.ActiveCfg = Release|x64
		{FDD14858-B639-4ADD-B9D8-4636588275CD}.Release|x64.Build.0 = Release|x64
		{FDD14858-B639-4ADD-B9D8-4636588275CD}.Release|x86.ActiveCfg = Release|Win32
		{FDD14858-B639-4ADD-B9D8-4636588275CD}.Release|x86.Build.0 = Release|Win32
		{68237BF6-4C27-4364-88B8-B131EE60BE43}.Debug|x64.ActiveCfg = Debug|x64
		{68237BF6-4C27-4364-88B8-B131EE60BE43}.Debug|x64.Build.0 = Debug|x64
		{68237BF6-4C27-4364-88B8-B131EE60BE43}.Debug|x86.ActiveCfg = Debug|Win32
		{68237BF6-4C27-4364-88B8-B131EE60BE43}.Debug|x86.Build.0 = Debug|Win32
		{68237BF6-4C27-4364-88B8-B131EE60BE43}.Release|x64.ActiveCfg = Release|x64
		{68237BF6-4C27-4364-88B8-B131EE60BE43}.Release|x64.Build.0 = Release|x64
		{68237BF6-4C27-4364-88B8-B131EE60BE43}.Release|x86.ActiveCfg = Release|Win32
		{68237BF6-4C27-4364-88B8-B131EE60BE43}.Release|x86.Build.0 = Release|Win32
		{5DDB7D56-593C-4653-B4CF-61D506CAC7AD}.Debug|x64.ActiveCfg = Debug|x64
		{5DDB7D56-593C-4653-B4CF-61D506CAC7AD}.Debug|x64.Build.0 = Debug|x64
		{5DDB7D56-593C-4653-B4CF-61D506CAC7AD}.Debug|x86.ActiveCfg = Debug|Win32
		{5DDB7D56-593C-4653-B4CF-61D506CAC7AD}.Debug|x86.Build.0 = Debug|Win32
		{5DDB7D56-593C-4653-B4CF-61D506CAC7AD}.Release|x64.ActiveCfg = Release|x64
		{5DDB7D56-593C-4653-B4CF-61D506CAC7AD}.Release|x64.Build.0 = Release|x64
		{5DDB7D56-593C-4653-B4CF-61D506CAC7AD}.Release|x86.ActiveCfg = Release|Win32
		{5DDB7D56-593C-4653-B4CF-61D506CAC7AD}.Release|x86.Build.0 = Release|Win32
		{A20A86D5-4D1E-494B-ADC5-7F327B235B3D}.Debug|x64.ActiveCfg = Debug|x64
		{A20A86D5-4D1E-494B-ADC5-7F327B235B3D}.Debug|x64.Build.0 = Debug|x64
		{A20A86D5-4D1E-494B-ADC5-7F327B235B3D}.Debug|x86.ActiveCfg = Debug|Win32
		{A20A86D5-4D1E-494B-ADC5-7F327B235B3D}.Debug|x86.Build.0 = Debug|Win32
		{A20A86D5-4D1E-494B-ADC5-7F327B235B3D}.Release|x64.ActiveCfg = Release|x64
		{A20A86D5-4D1E-494B-ADC5-7F327B235B3D}.Release|x64.Build.0 = Release|x64
		{A20A86D5-4D1E-494B-ADC5-7F327B235B3D}.Release|x86.ActiveCfg = Release|Win32
		{A20A86D5-4D1E-494B-ADC5-7F327B235B3D}.Release|x86.Build.0 = Release|Win32
		{C0B5165A-744F-4534-BB4C-78D0E80F8791}.Debug|x64.ActiveCfg = Debug|x64
		{C0B5165A-744F-4534-BB4C-78D0E80F8791}.Debug|x64.Build.0 = Debug|x64
		{C0B5165A-744F-4534-BB4C-78D0E80F8791}.Debug|x86.ActiveCfg = Debug|Win32
		{C0B5165A-744F-4534-BB4C-78D0E80F8791}.Debug|x86.Build.0 = Debug|Win32
		{C0B5165A-744F-4534-BB4C-78D0E80F8791}.Release|x64.ActiveCfg = Release|x64
		{C0B5165A-744F-4534-BB4C-78D0E80F8791}.Release|x64.Build.0 = Release|x64
		{C0B5165A-744F-4534-BB4C-78D0E80F8791}.Release|x86.ActiveCfg = Release|Win32
		{C0B5165A-744F-4534-BB4C-78D0E80F8791}.Release|x86.Build.0 = Release|Win32
		{CBB6D765-6D21-4975-AB2C-A8FB33D1E259}.Debug|x64.ActiveCfg = Debug|x64
		{CBB6D765-6D21-4975-AB2C-A8FB33D1E259}.Debug|x64.Build.0 = Debug|x64
		{CBB6D765-6D21-4975-AB2C-A8FB33D1E259}.Debug|x86.ActiveCfg = Debug|Win32
		{CBB6D765-6D21-4975-AB2C-A8FB33D1E259}.Debug|x86.Build.0 = Debug|Win32
		{CBB6D765-6D21-4975-AB2C-A8FB33D1E259}.Release|x64.ActiveCfg = Release|x64
		{CBB6D765-6D21-4975-AB2C-A8FB33D1E259}.Release|x64.Build.0 = Release|x64
		{CBB6D765-6D21-4975-AB2C-A8FB33D1E259}.Release|x86.ActiveCfg = Release|Win32
		{CBB6D765-6D21-4975-AB2C-A8FB33D1E259}.Release|x86.Build.0 = Release|Win32
		{25422DD4-85C8-4FBD-B67A-FD62A94BA547}.Debug|x64.ActiveCfg = Debug|x64
		{25422DD4-85C8-4FBD-B67A-FD62A94BA547}.Debug|x64.Build.0 = Debug|x64
		{25422DD4-85C8-4FBD-B67A-FD62A94BA547}.Debug|x86.ActiveCfg = Debug|Win32
		{25422DD4-85C8-4FBD-B67A-FD62A94BA547}.Debug|x86.Build.0 = Debug|Win32
		{25422DD4-85C8-4FBD-B67A-FD62A94BA547}.Release|x64.ActiveCfg = Release|x64
		{25422DD4-85C8-4FBD-B67A-FD62A94BA547}.Release|x64.Build.0 = Release|x64
		{25422DD4-85C8-4FBD-B67A-FD62A94BA547}.Release|x86.ActiveCfg = Release|Win32
		{25422DD4-85C8-4FBD-B67A-FD62A94BA547}.Release|x86.Build.0 = Release|Win32
		{1D4989F1-699D-4779-8308-9051B03B4EC3}.Debug|x64.ActiveCfg = Debug|x64
		{1D4989F1-699D-4779-8308-9051B03B4EC3}.Debug|x64.Build.0 = Debug|x64
		{1D4989F1-699D-4779-8308-9051B03B4EC3}.Debug|x86.ActiveCfg = Debug|Win32
		{1D4989F1-699D-4779-8308-9051B03B4EC3}.Debug|x86.Build.0 = Debug|Win32
		{1D4989F1-699D-4779-8308-9051B03B4EC3}.Release|x64.ActiveCfg = Release|x64
		{1D4989F1-699D-4779-8308-9051B03B4EC3}.Release|x64.Build.0 = Release|x64
		{1D4989F1-699D-4779-8308-9051B03B4EC3}.Release|x86.ActiveCfg = Release|Win32
		{1D4989F1-699D-4779-8308-9051B03B4EC3}.Release|x86.Build.0 = Release|Win32
		{70310261-865F-41FD-B973-4C065AAF3866}.Debug|x64.ActiveCfg = Debug|x64
		{70310261-865F-41FD-B973-4C065AAF3866}.Debug|x64.Build.0 = Debug|x64
		{70310261-865F-41FD-B973-4C065AAF3866}.Debug|x86.ActiveCfg = Debug|Win32
		{70310261-865F-41FD-B973-4C065AAF3866}.Debug|x86.Build.0 = Debug|Win32
		{70310261-865F-41FD-B973-4C065AAF3866}.Release|x64.ActiveCfg = Release|x64
		{70310261-865F-41FD-B973-4C065AAF3866}.Release|x64.Build.0 = Release|x64
		{70310261-865F-41FD-B973-4C065AAF3866}.Release|x86.ActiveCfg = Release|Win32
		{70310261-865F-41FD-B973-4C065AAF3866}.Release|x86.Build.0 = Release|Win32
		{02EED26F-9177-4A64-A029-3FB0A2470DD9}.Debug|x64.ActiveCfg = Debug|x64
		{02EED26F-9177-4A64-A029-3FB0A2470DD9}.Debug|x64.Build.0 = Debug|x64
		{02EED26F-9177-4A64-A029-3FB0A2470DD9}.Debug|x86.ActiveCfg = Debug|Win32
		{02EED26F-9177-4A64-A029-3FB0A2470DD9}.Debug|x86.Build.0 = Debug|Win32
		{02EED26F-9177-4A64-A029-3FB0A2470DD9}.Release|x64.ActiveCfg = Release|x64
		{02EED26F-9177-4A64-A029-3FB0A2470DD9}.Release|x64.Build.0 = Release|x64
		{02EED26F-9177-4A64-A029-3FB0A2470DD9}.Release|x86.ActiveCfg = Release|Win32
		{02EED26F-9177-4A64-A029-3FB0A2470DD9}.Release|x86.Build.0 = Release|Win32
		{B03CAD8F-5226-4117-B473-6EA7D5667161}.Debug|x64.ActiveCfg = Debug|x64
		{B03CAD8F-5226-4117-B473-6EA7D5667161}.Debug|x64.Build.0 = Debug|x64
		{B03CAD8F-5226-4117-B473-6EA7D5667161}.Debug|x86.ActiveCfg = Debug|Win32
		{B03CAD8F-5226-4117-B473-6EA7D5667161}.Debug|x86.Build.0 = Debug|Win32
		{B03CAD8F-5226-4117-B473-6EA7D5667161}.Release|x64.ActiveCfg = Release|x64
		{B03CAD8F-5226-4117-B473-6EA7D5667161}.Release|x64.Build.0 = Release|x64
		{B03CAD8F-5226-4117-B473-6EA7D5667161}.Release|x86.ActiveCfg = Release|Win32
		{B03CAD8F-5226-4117-B473-6EA7D5667161}.Release|x86.Build.0 = Release|Win32
		{1997D1CC-3E29-4235-90FA-361632A7FF1C}.Debug|x64.ActiveCfg = Debug|x64
		{1997D1CC-3E29-4235-90FA-361632A7FF1C}.Debug|x64.Build.0 = Debug|x64
		{1997D1CC-3E29-4235-90FA-361632A7FF1C}.Debug|x86.ActiveCfg = Debug|Win32
		{1997D1CC-3E29-4235-90FA-361632A7FF1C}.Debug|x86.Build.0 = Debug|Win32
		{1997D1CC-3E29-4235-90FA-361632A7FF1C}.Release|x64.ActiveCfg = Release|x64
		{1997D1CC-3E29-4235-90FA-361632A7FF1C}.Release|x64.Build.0 = Release|x64
		{1997D1CC-3E29-4235-90FA-361632A7FF1C}.Release|x86.ActiveCfg = Release|Win32
		{1997D1CC-3E29-4235-90FA-361632A7FF1C}.Release|x86.Build.0 = Release|Win32
		{89B71971-EF16-41A8-9F8A-0983C20C0AC6}.Debug|x64.ActiveCfg = Debug|x64
		{89B71971-EF16-41A8-9F8A-0983C20C0AC6}.Debug|x64.Build.0 = Debug|x64
		{89B71971-EF16-41A8-9F8A-0983C20C0AC6}.Debug|x86.ActiveCfg = Debug|Win32
		{89B71971-EF16-41A8-9F8A-0983C20C0AC6}.Debug|x86.Build.0 = Debug|Win32
		{89B71971-EF16-41A8-9F8A-0983C20C0AC6}.Release|x64.ActiveCfg = Release|x64
		{89B71971-EF16-41A8-9F8A-0983C20C0AC6}.Release|x64.Build.0 = Release|x64
		{89B71971-EF16-41A8-9F8A-0983C20C0AC6}.Release|x86.ActiveCfg = Release|Win32
		{89B71971-EF16-41A8-9F8A-0983C20C0AC6}.Release|x86.Build.0 = Release|Win32
		{5B323E44-E854-4368-B46B-E445E12B5FE0}.Debug|x64.ActiveCfg = Debug|x64
		{5B323E44-E854-4368-B46B-E445E12B5FE0}.Debug|x64.Build.0 = Debug|x64
		{5B323E44-E854-4368-B46B-E445E12B5FE0}.Debug|x86.ActiveCfg = Debug|Win32
		{5B323E44-E854-4368-B46B-E445E12B5FE0}.Debug|x86.Build.0 = Debug|Win32
		{5B323E44-E854-4368-B46B-E445E12B5FE0}.Release|x64.ActiveCfg = Release|x64
		{5B323E44-E854-4368-B46B-E445E12B5FE0}.Release|x64.Build.0 = Release|x64
		{5B323E44-E854-4368-B46B-E445E12B5FE0}.Release|x86.ActiveCfg = Release|Win32
		{5B323E44-E854-4368-B46B-E445E12B5FE0}.Release|x86.Build.0 = Release|Win32
		{E0BC7C3E-A38E-45B0-A490-4585D1378246}.Debug|x64.ActiveCfg = Debug|x64
		{E0BC7C3E-A38E-45B0-A490-4585D1378246}.Debug|x64.Build.0 = Debug|x64
		{E0BC7C3E-A38E-45B0-A490-4585D1378246}.Debug|x86.ActiveCfg = Debug|Win32
		{E0BC7C3E-A38E-45B0-A490-4585D1378246}.Debug|x86.Build.0 = Debug|Win32
		{E0BC7C3E-A38E-45B0-A490-4585D1378246}.Release|x64.ActiveCfg = Release|x64
		{E0BC7C3E-A38E-45B0-A490-4585D1378246}.Release|x64.Build.0 = Release|x64
		{E0BC7C3E-A38E-45B0-A490-4585D1378246}.Release|x86.ActiveCfg = Release|Win32
		{E0BC7C3E-A38E-45B0-A490-4585D1378246}.Release|x86.Build.0 = Release|Win32
		{5C6CB9C7-1471-4855-A2EE-92F07AA12595}.Debug|x64.ActiveCfg = Debug|x64
		{5C6CB9C7-1471-4855-A2EE-92F07AA12595}.Debug|x64.Build.0 = Debug|x64
		{5C6CB9C7-1471-4855-A2EE-92F07AA12595}.Debug|x86.ActiveCfg = Debug|Win32
		{5C6CB9C7-1471-4855-A2EE-92F07AA12595}.Debug|x86.Build.0 = Debug|Win32
		{5C6CB9C7-1471-4855-A2EE-92F07AA12595}.Release|x64.ActiveCfg = Release|x64
		{5C6CB9C7-1471-4855-A2EE-92F07AA12595}.Release|x64.Build.0 = Release|x64
		{5C6CB9C7-1471-4855-A2EE-92F07AA12595}.Release|x86.ActiveCfg = Release|Win32
		{5C6CB9C7-1471-4855-A2EE-92F07AA12595}.Release|x86.Build.0 = Release|Win32
		{62B4EEA8-7EE5-42D3-9C87-3E92D09BF1C4}.Debug|x64.ActiveCfg = Debug|x64
		{62B4EEA8-7EE5-42D3-9C87-3E92D09BF1C4}.Debug|x64.Build.0 = Debug|x64
		{62B4EEA8-7EE5-42D3-9C87-3E92D09BF1C4}.Debug|x86.ActiveCfg = Debug|Win32
		{62B4EEA8-7EE5-42D3-9C87-3E92D09BF1C4}.Debug|x86.Build.0 = Debug|Win32
		{62B4EEA8-7EE5-42D3-9C87-3E92D09BF1C4}.Release|x64.ActiveCfg = Release|x64
		{62B4EEA8-7EE5-42D3-9C87-3E92D09BF1C4}.Release|x64.Build.0 = Release|x64
		{62B4EEA8-7EE5-42D3-9C87-3E92D09BF1C4}.Release|x86.ActiveCfg = Release|Win32
		{62B4EEA8-7EE5-42D3-9C87-3E92D09BF1C4}.Release|x86.Build.0 = Release|Win32
		{B35B521F-DCC2-4946-8F10-972FBDDA9B65}.Debug|x64.ActiveCfg = Debug|x64
		{B35B521F-DCC2-4946-8F10-972FBDDA9B65}.Debug|x64.Build.0 = Debug|x64
		{B35B521F-DCC2-4946-8F10-972FBDDA9B65}.Debug|x86.ActiveCfg = Debug|Win32
		{B35B521F-DCC2-4946-8F10-972FBDDA9B65}.Debug|x86.Build.0 = Debug|Win32
		{B35B521F-DCC2-4946-8F10-972FBDDA9B65}.Release|x64.ActiveCfg = Release|x64
		{B35B521F-DCC2-4946-8F10-972FBDDA9B65}.Release|x64.Build.0 = Release|x64
		{B35B521F-DCC2-4946-8F10-972FBDDA9B65}.Release|x86.ActiveCfg = Release|Win32
		{B35B521F-DCC2-4946-8F10-972FBDDA9B65}.Release|x86.Build.0 = Release|Win32
		{2AB5A324-FB99-4A5C-B6C3-4A386B7555ED}.Debug|x64.ActiveCfg = Debug|x64
		{2AB5A324-FB99-4A5C-B6C3-4A386B7555ED}.Debug|x64.Build.0 = Debug|x64
		{2AB5A324-FB99-4A5C-B6C3-4A386B7555ED}.Debug|x86.ActiveCfg = Debug|Win32
		{2AB5A324-FB99-4A5C-B6C3-4A386B7555ED}.Debug|x86.Build.0 = Debug|Win32
		{2AB5A324-FB99-4A5C-B6C3-4A386B7555ED}.Release|x64.ActiveCfg = Release|x64
		{2AB5A324-FB99-4A5C-B6C3-4A386B7555ED}.Release|x64.Build.0 = Release|x64
		{2AB5A324-FB99-4A5C-B6C3-4A386B7555ED}.Release|x86.ActiveCfg = Release|Win32
		{2AB5A324-FB99-4A5C-B6C3-4A386B7555ED}.Release|x86.Build.0 = Release|Win32
		{A63A9DBE-6487-44D4-9DAA-AFE750E3D84E}.Debug|x64.ActiveCfg = Debug|x64
		{A63A9DBE-6487-44D4-9DAA-AFE750E3D84E}.Debug|x64.Build.0 = Debug|x64
		{A63A9DBE-6487-44D4-9DAA-AFE750E3D84E}.Debug|x86.ActiveCfg = Debug|Win32
		{A63A9DBE-6487-44D4-9DAA-AFE750E3D84E}.Debug|x86.Build.0 = Debug|Win32
		{A63A9DBE-6487-44D4-9DAA-AFE750E3D84E}.Release|x64.ActiveCfg = Release|x64
		{A63A9DBE-6487-44D4-9DAA-AFE750E3D84E}.Release|x64.Build.0 = Release|x64
		{A63A9DBE-6487-44D4-9DAA-AFE750E3D84E}.Release|x86.ActiveCfg = Release|Win32
		{A63A9DBE-6487-44D4-9DAA-AFE750E3D84E}.Release|x86.Build.0 = Release|Win32
		{C2D51B0A-F8AE-485E-9D65-2ACC29542BEB}.Debug|x64.ActiveCfg = Debug|x64
		{C2D51B0A-F8AE-485E-9D65-2ACC29542BEB}.Debug|x64.Build.0 = Debug|x64
		{C2D51B0A-F8AE-485E-9D65-2ACC29542BEB}.Debug|x86.ActiveCfg = Debug|Win32
		{C2D51B0A-F8AE-485E-9D65-2ACC29542BEB}.Debug|x86.Build.0 = Debug|Win32
		{C2D51B0A-F8AE-485E-9D65-2ACC29542BEB}.Release|x64.ActiveCfg = Release|x64
		{C2D51B0A-F8AE-485E-9D65-2ACC29542BEB}.Release|x64.Build.0 = Release|x64
		{C2D51B0A-F8AE-485E-9D65-2ACC29542BEB}.Release|x86.ActiveCfg = Release|Win32
		{C2D51B0A-F8AE-485E-9D65-2ACC29542BEB}.Release|x86.Build.0 = Release|Win32
		{A77B2FCD-22BF-4EB6-BB0B-AA73E08934B2}.Debug|x64.ActiveCfg = Debug|x64
		{A77B2FCD-22BF-4EB6-BB0B-AA73E08934B2}.Debug|x64.Build.0 = Debug|x64
		{A77B2FCD-22BF-4EB6-BB0B-AA73E08934B2}.Debug|x86.ActiveCfg = Debug|Win32
		{A77B2FCD-22BF-4EB6-BB0B-AA73E08934B2}.Debug|x86.Build.0 = Debug|Win32
		{A77B2FCD-22BF-4EB6-BB0B-AA73E08934B2}.Release|x64.ActiveCfg = Release|x64
		{A77B2FCD-22BF-4EB6-BB0B-AA73E08934B2}.Release|x64.Build.0 = Release|x64
		{A77B2FCD-22BF-4EB6-BB0B-AA73E08934B2}.Release|x86.ActiveCfg = Release|Win32
		{A77B2FCD-22BF-4EB6-BB0B-AA73E08934B2}.Release|x86.Build.0 = Release|Win32
		{9A3CBAE2-2436-4CD8-9561-DE85813C0D1C}.Debug|x64.ActiveCfg = Debug|x64
		{9A3CBAE2-2436-4CD8-9561-DE85813C0D1C}.Debug|x64.Build.0 = Debug|x64
		{9A3CBAE2-2436-4CD8-9561-DE85813C0D1C}.Debug|x86.ActiveCfg = Debug|Win32
		{9A3CBAE2-2436-4CD8-9561-DE85813C0D1C}.Debug|x86.Build.0 = Debug|Win32
		{9A3CBAE2-2436-4CD8-9561-DE85813C0D1C}.Release|x64.ActiveCfg = Release|x64
		{9A3CBAE2-2436-4CD8-9561-DE85813C0D1C}.Release|x64.Build.0 = Release|x64
		{9A3CBAE2-2436-4CD8-9561-DE85813C0D1C}.Release|x86.ActiveCfg = Release|Win32
		{9A3CBAE2-2436-4CD8-9561-DE85813C0D1C}.Release|x86.Build.0 = Release|Win32
		{E4D9E646-4983-4297-A41A-5A6EE13823B2}.Debug|x64.ActiveCfg = Debug|x64
		{E4D9E646-4983-4297-A41A-5A6EE13823B2}.Debug|x64.Build.0 = Debug|x64
		{E4D9E646-4983-4297-A41A-5A6EE13823B2}.Debug|x86.ActiveCfg = Debug|Win32
		{E4D9E646-4983-4297-A41A-5A6EE13823B2}.Debug|x86.Build.0 = Debug|Win32
		{E4D9E646-4983-4297-A41A-5A6EE13823B2}.Release|x64.ActiveCfg = Release|x64
		{E4D9E646-4983-4297-A41A-5A6EE13823B2}.Release|x64.Build.0 = Release|x64
		{E4D9E646-4983-4297-A41A-5A6EE13823B2}.Release|x86.ActiveCfg = Release|Win32
		{E4D9E646-4983-4297-A41A-5A6EE13823B2}.Release|x86.Build.0 = Release|Win32
		{DBA74944-4512-4647-9201-9316E515CA75}.Debug|x64.ActiveCfg = Debug|x64
		{DBA74944-4512-4647-9201-9316E515CA75}.Debug|x64.Build.0 = Debug|x64
		{DBA74944-4512-4647-9201-9316E515CA75}.Debug|x86.ActiveCfg = Debug|Win32
		{DBA74944-4512-4647-9201-9316E515CA75}.Debug|x86.Build.0 = Debug|Win32
		{DBA74944-4512-4647-9201-9316E515CA75}.Release|x64.ActiveCfg = Release|x64
		{DBA74944-4512-4647-9201-9316E515CA75}.Release|x64.Build.0 = Release|x64
		{DBA74944-4512-4647-9201-9316E515CA75}.Release|x86.ActiveCfg = Release|Win32
		{DBA74944-4512-4647-9201-9316E515CA75}.Release|x86.Build.0 = Release|Win32
		{D8300F4F-5878-470D-8503-33C56E70F95B}.Debug|x64.ActiveCfg = Debug|x64
		{D8300F4F-5878-470D-8503-33C56E70F95B}.Debug|x64.Build.0 = Debug|x64
		{D8300F4F-5878-470D-8503-33C56E70F95B}.Debug|x86.ActiveCfg = Debug|Win32
		{D8300F4F-5878-470D-8503-33C56E70F95B}.Debug|x86.Build.0 = Debug|Win32
		{D8300F4F-5878-470D-8503-33C56E70F95B}.Release|x64.ActiveCfg = Release|x64
		{D8300F4F-5878-470D-8503-33C56E70F95B}.Release|x64.Build.0 = Release|x64
		{D8300F4F-5878-470D-8503-33C56E70F95B}.Release|x86.ActiveCfg = Release|Win32
		{D8300F4F-5878-470D-8503-33C56E70F95B}.Release|x86.Build.0 = Release|Win32
		{66944F64-FEF1-404D-92C8-F73FA313EA5E}.Debug|x64.ActiveCfg = Debug|x64
		{66944F64-FEF1-404D-92C8-F73FA313EA5E}.Debug|x64.Build.0 = Debug|x64
		{66944F64-FEF1-404D-92C8-F73FA313EA5E}.Debug|x86.ActiveCfg = Debug|Win32
		{66944F64-FEF1-404D-92C8-F73FA313EA5E}.Debug|x86.Build.0 = Debug|Win32
		{66944F64-FEF1-404D-92C8-F73FA313EA5E}.Release|x64.ActiveCfg = Release|x64
		{66944F64-FEF1-404D-92C8-F73FA313EA5E}.Release|x64.Build.0 = Release|x64
		{66944F64-FEF1-404D-92C8-F73FA313EA5E}.Release|x86.ActiveCfg = Release|Win32
		{66944F64-FEF1-404D-92C8-F73FA313EA5E}.Release|x86.Build.0 = Release|Win32
		{08BECA26-DFB8-46D5-B5A9-3883AAA1381A}.Debug|x64.ActiveCfg = Debug|x64
		{08BECA26-DFB8-46D5-B5A9-3883AAA1381A}.Debug|x64.Build.0 = Debug|x64
		{08BECA26-DFB8-46D5-B5A9-3883AAA1381A}.Debug|x86.ActiveCfg = Debug|Win32
		{08BECA26-DFB8-46D5-B5A9-3883AAA1381A}.Debug|x86.Build.0 = Debug|Win32
		{08BECA26-DFB8-46D5-B5A9-3883AAA1381A}.Release|x64.ActiveCfg = Release|x64
		{08BECA26-DFB8-46D5-B5A9-3883AAA1381A}.Release|x64.Build.0 = Release|x64
		{08BECA26-DFB8-46D5-B5A9-3883AAA1381A}.Release|x86.ActiveCfg = Release|Win32
		{08BECA26-DFB8-46D5-B5A9-3883AAA1381A}.Release|x86.Build.0 = Release|Win32
		{FD417B32-F15C-4355-AED9-0CA27CC4F39A}.Debug|x64.ActiveCfg = Debug|x64
		{FD417B32-F15C-4355-AED9-0CA27CC4F39A}.Debug|x64.Build.0 = Debug|x64
		{FD417B32-F15C-4355-AED9-0CA27CC4F39A}.Debug|x86.ActiveCfg = Debug|Win32
		{FD417B32-F15C-4355-AED9-0CA27CC4F39A}.Debug|x86.Build.0 = Debug|Win32
		{FD417B32-F15C-4355-AED9-0CA27CC4F39A}.Release|x64.ActiveCfg = Release|x64
		{FD417B32-F15C-4355-AED9-0CA27CC4F39A}.Release|x64.Build.0 = Release|x64
		{FD417B32-F15C-4355-AED9-0CA27CC4F39A}.Release|x86.ActiveCfg = Release|Win32
		{FD417B32-F15C-4355-AED9-0CA27CC4F39A}.Release|x86.Build.0 = Release|Win32
		{308EE45E-87EE-41B8-8F38-B7149C42AF38}.Debug|x64.ActiveCfg = Debug|x64
		{308EE45E-87EE-41B8-8F38-B7149C42AF38}.Debug|x64.Build.0 = Debug|x64
		{308EE45E-87EE-41B8-8F38-B7149C42AF38}.Debug|x86.ActiveCfg = Debug|Win32
		{308EE45E-87EE-41B8-8F38-B7149C42AF38}.Debug|x86.Build.0 = Debug|Win32
		{308EE45E-87EE-41B8-8F38-B7149C42AF38}.Release|x64.ActiveCfg = Release|x64
		{308EE45E-87EE-41B8-8F38-B7149C42AF38}.Release|x64.Build.0 = Release|x64
		{308EE45E-87EE-41B8-8F38-B7149C42AF38}.Release|x86.ActiveCfg = Release|Win32
		{308EE45E-87EE-41B8-8F38-B7149C42AF38}.Release|x86.Build.0 = Release|Win32
		{0E1A6382-0965-4151-9D98-98E4FCEC2573}.Debug|x64.ActiveCfg = Debug|x64
		{0E1A6382-0965-4151-9D98-98E4FCEC2573}.Debug|x64.Build.0 = Debug|x64
		{0E1A6382-0965-4151-9D98-98E4FCEC2573}.Debug|x86.ActiveCfg = Debug|Win32
		{0E1A6382-0965-4151-9D98-98E4FCEC2573}.Debug|x86.Build.0 = Debug|Win32
		{0E1A6382-0965-4151-9D98-98E4FCEC2573}.Release|x64.ActiveCfg = Release|x64
		{0E1A6382-0965-4151-9D98-98E4FCEC2573}.Release|x64.Build.0 = Release|x64
		{0E1A6382-0965-4151-9D98-98E4FCEC2573}.Release|x86.ActiveCfg = Release|Win32
		{0E1A6382-0965-4151-9D98-98E4FCEC2573}.Release|x86.Build.0 = Release|Win32
		{C73406C6-3DAD-4BD9-BD19-49E5105DDE20}.Debug|x64.ActiveCfg = Debug|x64
		{C73406C6-3DAD-4BD9-BD19-49E5105DDE20}.Debug|x64.Build.0 = Debug|x64
		{C73406C6-3DAD-4BD9-BD19-49E5105DDE20}.Debug|x86.ActiveCfg = Debug|Win32
		{C73406C6-3DAD-4BD9-BD19-49E5105DDE20}.Debug|x86.Build.0 = Debug|Win32
		{C73406C6-3DAD-4BD9-BD19-49E5105DDE20}.Release|x64.ActiveCfg = Release|x64
		{C73406C6-3DAD-4BD9-BD19-49E5105DDE20}.Release|x64.Build.0 = Release|x64
		{C73406C6-3DAD-4BD9-BD19-49E5105DDE20}.Release|x86.ActiveCfg = Release|Win32
		{C73406C6-3DAD-4BD9-BD19-49E5105DDE20}.Release|x86.Build.0 = Release|Win32
		{F483715C-5441-416B-8A80-5391021E762D}.Debug|x64.ActiveCfg = Debug|x64
		{F483715C-5441-416B-8A80-5391021E762D}.Debug|x64.Build.0 = Debug|x64
		{F483715C-5441-416B-8A80-5391021E762D}.Debug|x86.ActiveCfg = Debug|Win32
		{F483715C-5441-416B-8A80-5391021E762D}.Debug|x86.Build.0 = Debug|Win32
		{F483715C-5441-416B-8A80-5391021E762D}.Release|x64.ActiveCfg = Release|x64
		{F483715C-5441-416B-8A80-5391021E762D}.Release|x64.Build.0 = Release|x64
		{F483715C-5441-416B-8A80-5391021E762D}.Release|x86.ActiveCfg = Release|Win32
		{F483715C-5441-416B-8A80-5391021E762D}.Release|x86.Build.0 = Release|Win32
		{4C2C38BB-C247-44F2-B393-01B1705CA650}.Debug|x64.ActiveCfg = Debug|x64
		{4C2C38BB-C247-44F2-B393-01B1705CA650}.Debug|x64.Build.0 = Debug|x64
		{4C2C38BB-C247-44F2-B393-01B1705CA650}.Debug|x86.ActiveCfg = Debug|Win32
		{4C2C38BB-C247-44F2-B393-01B1705CA650}.Debug|x86.Build.0 = Debug|Win32
		{4C2C38BB-C247-44F2-B393-01B1705CA650}.Release|x64.ActiveCfg = Release|x64
		{4C2C38BB-C247-44F2-B393-01B1705CA650}.Release|x64.Build.0 = Release|x64
		{4C2C38BB-C247-44F2-B393-01B1705CA650}.Release|x86.ActiveCfg = Release|Win32
		{4C2C38BB-C247-44F2-B393-01B1705CA650}.Release|x86.Build.0 = Release|Win32
		{55B454DD-61A9-4DCD-9069-193B305BB95F}.Debug|x64.ActiveCfg = Debug|x64
		{55B454DD-61A9-4DCD-9069-193B305BB95F}.Debug|x64.Build.0 = Debug|x64
		{55B454DD-61A9-4DCD-9069-193B305BB95F}.Debug|x86.ActiveCfg = Debug|Win32
		{55B454DD-61A9-4DCD-9069-193B305BB95F}.Debug|x86.Build.0 = Debug|Win32
		{55B454DD-61A9-4DCD-9069-193B305BB95F}.Release|x64.ActiveCfg = Release|x64
		{55B454DD-61A9-4DCD-9069-193B305BB95F}.Release|x64.Build.0 = Release|x64
		{55B454DD-61A9-4DCD-9069-193B305BB95F}.Release|x86.ActiveCfg = Release|Win32
		{55B454DD-61A9-4DCD-9069-193B305BB95F}.Release|x86.Build.0 = Release|Win32
		{26882BE6-12EA-4524-9A51-000C711F8441}.Debug|x64.ActiveCfg = Debug|x64
		{26882BE6-12EA-4524-9A51-000C711F8441}.Debug|x64.Build.0 = Debug|x64
		{26882BE6-12EA-4524-9A51-000C711F8441}.Debug|x86.ActiveCfg = Debug|Win32
		{26882BE6-12EA-4524-9A51-000C711F8441}.Debug|x86.Build.0 = Debug|Win32
		{26882BE6-12EA-4524-9A51-000C711F8441}.Release|x64.ActiveCfg = Release|x64
		{26882BE6-12EA-4524-9A51-000C711F8441}.Release|x64.Build.0 = Release|x64
		{26882BE6-12EA-4524-9A51-000C711F8441}.Release|x86.ActiveCfg = Release|Win32
		{26882BE6-12EA-4524-9A51-000C711F8441}.Release|x86.Build.0 = Release|Win32
		{F68ECE97-6B75-4554-BE44-FFEB7A4F7883}.Debug|x64.ActiveCfg = Debug|x64
		{F68ECE97-6B75-4554-BE44-FFEB7A4F7883}.Debug|x64.Build.0 = Debug|x64
		{F68ECE97-6B75-4554-BE44-FFEB7A4F7883}.Debug|x86.ActiveCfg = Debug|Win32
		{F68ECE97-6B75-4554-BE44-FFEB7A4F7883}.Debug|x86.Build.0 = Debug|Win32
		{F68ECE97-6B75-4554-BE44-FFEB7A4F7883}.Release|x64.ActiveCfg = Release|x64
		{F68ECE97-6B75-4554-BE44-FFEB7A4F7883}.Release|x64.Build.0 = Release|x64
		{F68ECE97-6B75-4554-BE44-FFEB7A4F7883}.Release|x86.ActiveCfg = Release|Win32
		{F68ECE97-6B75-4554-BE44-FFEB7A4F7883}.Release|x86.Build.0 = Release|Win32
		{DFE0D16B-2621-417E-970B-706F9D7B6256}.Debug|x64.ActiveCfg = Debug|x64
		{DFE0D16B-2621-417E-970B-706F9D7B6256}.Debug|x64.Build.0 = Debug|x64
		{DFE0D16B-2621-417E-970B-706F9D7B6256}.Debug|x86.ActiveCfg = Debug|Win32
		{DFE0D16B-2621-417E-970B-706F9D7B6256}.Debug|x86.Build.0 = Debug|Win32
		{DFE0D16B-2621-417E-970B-706F9D7B6256}.Release|x64.ActiveCfg = Release|x64
		{DFE0D16B-2621-417E-970B-706F9D7B6256}.Release|x64.Build.0 = Release|x64
		{DFE0D16B-2621-417E-970B-706F9D7B6256}.Release|x86.ActiveCfg = Release|Win32
		{DFE0D16B-2621-417E-970B-706F9D7B6256}.Release|x86.Build.0 = Release|Win32
		{BB4E8836-6EC5-4905-BAFE-CE4EC107ED43}.Debug|x64.ActiveCfg = Debug|x64
		{BB4E8836-6EC5-4905-BAFE-CE4EC107ED43}.Debug|x64.Build.0 = Debug|x64
		{BB4E8836-6EC5-4905-BAFE-CE4EC107ED43}.Debug|x86.ActiveCfg = Debug|Win32
		{BB4E8836-6EC5-4905-BAFE-CE4EC107ED43}.Debug|x86.Build.0 = Debug|Win32
		{BB4E8836-6EC5-4905-BAFE-CE4EC107ED43}.Release|x64.ActiveCfg = Release|x64
		{BB4E8836-6EC5-4905-BAFE-CE4EC107ED43}.Release|x64.Build.0 = Release|x64
		{BB4E8836-6EC5-4905-BAFE-CE4EC107ED43}.Release|x86.ActiveCfg = Release|Win32
		{BB4E8836-6EC5-4905-BAFE-CE4EC107ED43}.Release|x86.Build.0 = Release|Win32
		{AAF6F0D6-747D-414E-AD5E-3CD474AB27C9}.Debug|x64.ActiveCfg = Debug|x64
		{AAF6F0D6-747D-414E-AD5E-3CD474AB27C9}.Debug|x64.Build.0 = Debug|x64
		{AAF6F0D6-747D-414E-AD5E-3CD474AB27C9}.Debug|x86.ActiveCfg = Debug|Win32
		{AAF6F0D6-747D-414E-AD5E-3CD474AB27C9}.Debug|x86.Build.0 = Debug|Win32
		{AAF6F0D6-747D-414E-AD5E-3CD474AB27C9}.Release|x64.ActiveCfg = Release|x64
		{AAF6F0D6-747D-414E-AD5E-3CD474AB27C9}.Release|x64.Build.0 = Release|x64
		{AAF6F0D6-747D-414E-AD5E-3CD474AB27C9}.Release|x86.ActiveCfg = Release|Win32
		{AAF6F0D6-747D-414E-AD5E-3CD474AB27C9}.Release|x86.Build.0 = Release|Win32
		{C69D9F97-F339-4382-BF22-93CD09767C9E}.Debug|x64.ActiveCfg = Debug|x64
		{C69D9F97-F339-4382-BF22-93CD09767C9E}.Debug|x64.Build.0 = Debug|x64
		{C69D9F97-F339-4382-BF22-93CD09767C9E}.Debug|x86.ActiveCfg = Debug|Win32
		{C69D9F97-F339-4382-BF22-93CD09767C9E}.Debug|x86.Build.0 = Debug|Win32
		{C69D9F97-F339-4382-BF22-93CD09767C9E}.Release|x64.ActiveCfg = Release|x64
		{C69D9F97-F339-4382-BF22-93CD09767C9E}.Release|x64.Build.0 = Release|x64
		{C69D9F97-F339-4382-BF22-93CD09767C9E}.Release|x86.ActiveCfg = Release|Win32
		{C69D9F97-F339-4382-BF22-93CD09767C9E}.Release|x86.Build.0 = Release|Win32
		{E7CEA864-0BAB-4539-9B6D-ECA7C3C65D56}.Debug|x64.ActiveCfg = Debug|x64
		{E7CEA864-0BAB-4539-9B6D-ECA7C3C65D56}.Debug|x64.Build.0 = Debug|x64
		{E7CEA864-0BAB-4539-9B6D-ECA7C3C65D56}.Debug|x86.ActiveCfg = Debug|Win32
		{E7CEA864-0BAB-4539-9B6D-ECA7C3C65D56}.Debug|x86.Build.0 = Debug|Win32
		{E7CEA864-0BAB-4539-9B6D-ECA7C3C65D56}.Release|x64.ActiveCfg = Release|x64
		{E7CEA864-0BAB-4539-9B6D-ECA7C3C65D56}.Release|x64.Build.0 = Release|x64
		{E7CEA864-0BAB-4539-9B6D-ECA7C3C65D56}.Release|x86.ActiveCfg = Release|Win32
		{E7CEA864-0BAB-4539-9B6D-ECA7C3C65D56}.Release|x86.Build.0 = Release|Win32
	EndGlobalSection
	GlobalSection(SolutionProperties) = preSolution
		HideSolutionNode = FALSE
	EndGlobalSection
	GlobalSection(ExtensibilityGlobals) = postSolution
		SolutionGuid = {6610D981-BD41-4549-86A3-436D5CCC2E5D}
	EndGlobalSection
EndGlobal
