
Microsoft Visual Studio Solution File, Format Version 12.00
# Visual Studio Version 17
VisualStudioVersion = 17.7.34221.43
MinimumVisualStudioVersion = 10.0.40219.1
Project("{8BC9CEB8-8B4A-11D0-8D11-00A0C91BC942}") = "Bai003", "Bai003\Bai003.vcxproj", "{548C638B-B943-4102-8CF0-40E1FA4B0700}"
EndProject
Project("{8BC9CEB8-8B4A-11D0-8D11-00A0C91BC942}") = "Bai008", "Bai008\Bai008.vcxproj", "{E1450911-6C03-4D14-BB89-17BE158B036A}"
EndProject
Project("{8BC9CEB8-8B4A-11D0-8D11-00A0C91BC942}") = "Bai013", "Bai013\Bai013.vcxproj", "{188EA3A6-CBBD-41F8-A542-81D73995AD3C}"
EndProject
Project("{8BC9CEB8-8B4A-11D0-8D11-00A0C91BC942}") = "Bai018", "Bai018\Bai018.vcxproj", "{EFCE397C-4F3B-4646-8E08-C46CF7833A91}"
EndProject
Project("{8BC9CEB8-8B4A-11D0-8D11-00A0C91BC942}") = "Bai023", "Bai023\Bai023.vcxproj", "{FD8D75F7-18A2-47B8-BCF3-081AB80EBCFD}"
EndProject
Project("{8BC9CEB8-8B4A-11D0-8D11-00A0C91BC942}") = "Bai033", "Bai033\Bai033.vcxproj", "{3C46A6E9-5B9F-4F51-B908-4ACEDE33AF54}"
EndProject
Project("{8BC9CEB8-8B4A-11D0-8D11-00A0C91BC942}") = "Bai028", "Bai028\Bai028.vcxproj", "{9C4AC4CE-902C-4FCC-8F00-74835DE50DE3}"
EndProject
Project("{8BC9CEB8-8B4A-11D0-8D11-00A0C91BC942}") = "Bai038", "Bai038\Bai038.vcxproj", "{5B2C6F30-0137-4FB5-A659-D46CB5F66DD9}"
EndProject
Project("{8BC9CEB8-8B4A-11D0-8D11-00A0C91BC942}") = "Bai043", "Bai043\Bai043.vcxproj", "{FA943E7F-9B95-4214-8ED9-8BA16040FAEB}"
EndProject
Project("{8BC9CEB8-8B4A-11D0-8D11-00A0C91BC942}") = "Bai048", "Bai048\Bai048.vcxproj", "{8D2A08EE-BDBB-47B9-8CAC-30ED489F2B2D}"
EndProject
Project("{8BC9CEB8-8B4A-11D0-8D11-00A0C91BC942}") = "Bai053", "Bai053\Bai053.vcxproj", "{01F40B34-7F48-4E99-B9DA-8743E09711C0}"
EndProject
Project("{8BC9CEB8-8B4A-11D0-8D11-00A0C91BC942}") = "Bai058", "Bai058\Bai058.vcxproj", "{394E05C7-B578-4B53-A4F2-4D02DAD269D6}"
EndProject
Project("{8BC9CEB8-8B4A-11D0-8D11-00A0C91BC942}") = "Bai063", "Bai063\Bai063.vcxproj", "{678AB773-9D4E-42A6-91CF-FF1B11EB4841}"
EndProject
Project("{8BC9CEB8-8B4A-11D0-8D11-00A0C91BC942}") = "Bai068", "Bai068\Bai068.vcxproj", "{55051C0C-E3A2-4A57-B1A2-EA090FDD404E}"
EndProject
Project("{8BC9CEB8-8B4A-11D0-8D11-00A0C91BC942}") = "Bai083", "Bai083\Bai083.vcxproj", "{B17F0CA7-339C-4222-99AF-55FE8D8DD9F4}"
EndProject
Project("{8BC9CEB8-8B4A-11D0-8D11-00A0C91BC942}") = "Bai088", "Bai088\Bai088.vcxproj", "{5FFC3408-22C6-4493-A54E-A21DE7FEED3E}"
EndProject
Project("{8BC9CEB8-8B4A-11D0-8D11-00A0C91BC942}") = "Bai093", "Bai093\Bai093.vcxproj", "{F9936B9C-0EC3-4A85-8F9D-D731D91D4F9B}"
EndProject
Project("{8BC9CEB8-8B4A-11D0-8D11-00A0C91BC942}") = "Bai098", "Bai098\Bai098.vcxproj", "{8773C7BD-AB29-4E0A-9D66-C709AEF881EE}"
EndProject
Project("{8BC9CEB8-8B4A-11D0-8D11-00A0C91BC942}") = "Bai103", "Bai103\Bai103.vcxproj", "{F7B2FAEC-5F3F-4B58-BB5F-3C2BBDA57EC0}"
EndProject
Project("{8BC9CEB8-8B4A-11D0-8D11-00A0C91BC942}") = "Bai073", "Bai073\Bai073.vcxproj", "{014BF2CD-CC8B-451F-88AE-33A2E5252C30}"
EndProject
Project("{8BC9CEB8-8B4A-11D0-8D11-00A0C91BC942}") = "Bai078", "Bai078\Bai078.vcxproj", "{4AC51AEA-68CE-480C-AECC-87DE17B361DA}"
EndProject
Project("{8BC9CEB8-8B4A-11D0-8D11-00A0C91BC942}") = "Bai108", "Bai108\Bai108.vcxproj", "{AB4966BE-1809-4048-9B82-774323659B17}"
EndProject
Project("{8BC9CEB8-8B4A-11D0-8D11-00A0C91BC942}") = "Bai123", "Bai123\Bai123.vcxproj", "{042E63AA-5CF3-4367-9548-19734A4A725E}"
EndProject
Project("{8BC9CEB8-8B4A-11D0-8D11-00A0C91BC942}") = "Bai128", "Bai128\Bai128.vcxproj", "{6F2C0EFE-A5A4-48EE-A4D5-6C4E735F245E}"
EndProject
Project("{8BC9CEB8-8B4A-11D0-8D11-00A0C91BC942}") = "Bai133", "Bai133\Bai133.vcxproj", "{5D6E5462-47DA-41F8-B04E-4E1A3EBBD455}"
EndProject
Project("{8BC9CEB8-8B4A-11D0-8D11-00A0C91BC942}") = "Bai138", "Bai138\Bai138.vcxproj", "{7B393CFD-BCE1-413C-9C97-0183FC8B60D1}"
EndProject
Project("{8BC9CEB8-8B4A-11D0-8D11-00A0C91BC942}") = "Bai143", "Bai143\Bai143.vcxproj", "{60BE7EB9-28C6-4E97-8882-912F525B6FFE}"
EndProject
Project("{8BC9CEB8-8B4A-11D0-8D11-00A0C91BC942}") = "Bai148", "Bai148\Bai148.vcxproj", "{7455B9F1-05C4-4C0B-BB9D-4D50EF5C1E38}"
EndProject
Project("{8BC9CEB8-8B4A-11D0-8D11-00A0C91BC942}") = "Bai153", "Bai153\Bai153.vcxproj", "{ED0A6B49-63DF-49EF-BD5A-E4D841E59813}"
EndProject
Project("{8BC9CEB8-8B4A-11D0-8D11-00A0C91BC942}") = "Bai158", "Bai158\Bai158.vcxproj", "{FF656F7B-AE5E-4EC6-A2EE-ECE2B6E5BAE1}"
EndProject
Project("{8BC9CEB8-8B4A-11D0-8D11-00A0C91BC942}") = "Bai163", "Bai163\Bai163.vcxproj", "{6F95E7EF-533F-46E3-AE40-92C2049E500B}"
EndProject
Project("{8BC9CEB8-8B4A-11D0-8D11-00A0C91BC942}") = "Bai168", "Bai168\Bai168.vcxproj", "{D7B17F9B-C7D1-4D19-85C1-4ED82D26F5DF}"
EndProject
Project("{8BC9CEB8-8B4A-11D0-8D11-00A0C91BC942}") = "Bai173", "Bai173\Bai173.vcxproj", "{D5265800-5301-4C01-AB73-54B42DBB754D}"
EndProject
Project("{8BC9CEB8-8B4A-11D0-8D11-00A0C91BC942}") = "Bai178", "Bai178\Bai178.vcxproj", "{302D876E-A983-48A2-854A-DA0A860DEA4B}"
EndProject
Project("{8BC9CEB8-8B4A-11D0-8D11-00A0C91BC942}") = "Bai183", "Bai183\Bai183.vcxproj", "{220FB96D-4EC8-4BE0-B7B2-18CA68AF7EA8}"
EndProject
Project("{8BC9CEB8-8B4A-11D0-8D11-00A0C91BC942}") = "Bai188", "Bai188\Bai188.vcxproj", "{A092C8CD-F1D0-4ED6-8266-99CE0FEBD88F}"
EndProject
Project("{8BC9CEB8-8B4A-11D0-8D11-00A0C91BC942}") = "Bai113", "Bai113\Bai113.vcxproj", "{22A68D97-D757-4C38-A8B8-EDD719026372}"
EndProject
Project("{8BC9CEB8-8B4A-11D0-8D11-00A0C91BC942}") = "Bai118", "Bai118\Bai118.vcxproj", "{AA5EBB3E-DD28-4231-BDF2-B6A42D301679}"
EndProject
Project("{8BC9CEB8-8B4A-11D0-8D11-00A0C91BC942}") = "Bai193", "Bai193\Bai193.vcxproj", "{8501151B-CB4B-4CDD-AA8D-9933C99900A2}"
EndProject
Project("{8BC9CEB8-8B4A-11D0-8D11-00A0C91BC942}") = "Bai198", "Bai198\Bai198.vcxproj", "{65A9251D-AEA3-4336-A22B-0F76FCA87779}"
EndProject
Project("{8BC9CEB8-8B4A-11D0-8D11-00A0C91BC942}") = "Bai208", "Bai208\Bai208.vcxproj", "{5A7ABA97-7462-4CDF-9458-62674D64E31A}"
EndProject
Project("{8BC9CEB8-8B4A-11D0-8D11-00A0C91BC942}") = "Bai213", "Bai213\Bai213.vcxproj", "{D05E25A5-3AE7-4F7F-9138-2E6310A1DE12}"
EndProject
Project("{8BC9CEB8-8B4A-11D0-8D11-00A0C91BC942}") = "Bai218", "Bai218\Bai218.vcxproj", "{E4D4AAE1-6337-4F55-92DB-007BED43E425}"
EndProject
Project("{8BC9CEB8-8B4A-11D0-8D11-00A0C91BC942}") = "Bai223", "Bai223\Bai223.vcxproj", "{8D9D55F8-4479-4A5C-9FE6-DD24C9B0F83F}"
EndProject
Project("{8BC9CEB8-8B4A-11D0-8D11-00A0C91BC942}") = "Bai228", "Bai228\Bai228.vcxproj", "{FA24899A-E042-43E8-AD8D-85740CB5D682}"
EndProject
Project("{8BC9CEB8-8B4A-11D0-8D11-00A0C91BC942}") = "Bai233", "Bai233\Bai233.vcxproj", "{E0D880F9-E806-475B-8531-B18A645EEE1B}"
EndProject
Project("{8BC9CEB8-8B4A-11D0-8D11-00A0C91BC942}") = "Bai238", "Bai238\Bai238.vcxproj", "{376CEBA1-DE2D-42A0-AD5F-4558048A6421}"
EndProject
Project("{8BC9CEB8-8B4A-11D0-8D11-00A0C91BC942}") = "Bai203", "Bai203\Bai203.vcxproj", "{B19F8BC1-B5FB-4AAB-9260-777FD9884AAD}"
EndProject
Project("{8BC9CEB8-8B4A-11D0-8D11-00A0C91BC942}") = "Bai002", "Bai002\Bai002.vcxproj", "{904A2357-8D7C-4C14-8C7D-B3802B02DC41}"
EndProject
Project("{8BC9CEB8-8B4A-11D0-8D11-00A0C91BC942}") = "Bai007", "Bai007\Bai007.vcxproj", "{8CAD5235-6A70-4513-97A5-4C03C299CC6D}"
EndProject
Project("{8BC9CEB8-8B4A-11D0-8D11-00A0C91BC942}") = "Bai012", "Bai012\Bai012.vcxproj", "{EE43C85A-EC3D-4278-BB34-AD36C927A576}"
EndProject
Project("{8BC9CEB8-8B4A-11D0-8D11-00A0C91BC942}") = "Bai017", "Bai017\Bai017.vcxproj", "{3B5471DC-2CCD-4918-80B3-D42191439632}"
EndProject
Project("{8BC9CEB8-8B4A-11D0-8D11-00A0C91BC942}") = "Bai022", "Bai022\Bai022.vcxproj", "{F40D9A42-9288-462F-BEE7-2810ED7B0FE6}"
EndProject
Project("{8BC9CEB8-8B4A-11D0-8D11-00A0C91BC942}") = "Bai027", "Bai027\Bai027.vcxproj", "{AEDD8F91-BDEB-4F8F-992F-853B0FB2B4CE}"
EndProject
Project("{8BC9CEB8-8B4A-11D0-8D11-00A0C91BC942}") = "Bai032", "Bai032\Bai032.vcxproj", "{7D79D5D5-6B49-4E48-A8AD-C927545C4227}"
EndProject
Project("{8BC9CEB8-8B4A-11D0-8D11-00A0C91BC942}") = "Bai037", "Bai037\Bai037.vcxproj", "{3DFBFBB1-76D6-432E-8A42-E9AF9F77D3F2}"
EndProject
Project("{8BC9CEB8-8B4A-11D0-8D11-00A0C91BC942}") = "Bai042", "Bai042\Bai042.vcxproj", "{7D3AECDE-33D7-4AB7-983E-175FAB9B7ED4}"
EndProject
Project("{8BC9CEB8-8B4A-11D0-8D11-00A0C91BC942}") = "Bai047", "Bai047\Bai047.vcxproj", "{0493C74F-6951-43F9-8199-E8F2E972F63D}"
EndProject
Project("{8BC9CEB8-8B4A-11D0-8D11-00A0C91BC942}") = "Bai052", "Bai052\Bai052.vcxproj", "{B240F0FA-D6F6-4104-A841-633C90278086}"
EndProject
Project("{8BC9CEB8-8B4A-11D0-8D11-00A0C91BC942}") = "Bai057", "Bai057\Bai057.vcxproj", "{4D99C955-0CC4-41A0-91CB-00C87A3EAB36}"
EndProject
Project("{8BC9CEB8-8B4A-11D0-8D11-00A0C91BC942}") = "Bai062", "Bai062\Bai062.vcxproj", "{65DCAB37-7BC1-4050-B3AB-688FB11BDA91}"
EndProject
Project("{8BC9CEB8-8B4A-11D0-8D11-00A0C91BC942}") = "Bai067", "Bai067\Bai067.vcxproj", "{45A2A8CD-8318-4A5A-ADA4-6031DEF43AEA}"
EndProject
Project("{8BC9CEB8-8B4A-11D0-8D11-00A0C91BC942}") = "Bai072", "Bai072\Bai072.vcxproj", "{B6150398-EBB8-431A-A1F5-E1C7CACB5009}"
EndProject
Project("{8BC9CEB8-8B4A-11D0-8D11-00A0C91BC942}") = "Bai077", "Bai077\Bai077.vcxproj", "{0BE772D4-475B-4418-ADBB-C83F5FD61EA4}"
EndProject
Project("{8BC9CEB8-8B4A-11D0-8D11-00A0C91BC942}") = "Bai082", "Bai082\Bai082.vcxproj", "{ECBE80B7-2CD8-4491-BC5D-616756F6EC22}"
EndProject
Project("{8BC9CEB8-8B4A-11D0-8D11-00A0C91BC942}") = "Bai087", "Bai087\Bai087.vcxproj", "{5CE697E6-E80E-4043-BE76-AE9DF4FCE9CE}"
EndProject
Project("{8BC9CEB8-8B4A-11D0-8D11-00A0C91BC942}") = "Bai092", "Bai092\Bai092.vcxproj", "{93F0F29F-5F1C-479E-8711-1C08A1CAE6BA}"
EndProject
Project("{8BC9CEB8-8B4A-11D0-8D11-00A0C91BC942}") = "Bai097", "Bai097\Bai097.vcxproj", "{B3BCCB84-82BA-4C29-88E4-C4CD823D8274}"
EndProject
Project("{8BC9CEB8-8B4A-11D0-8D11-00A0C91BC942}") = "Bai102", "Bai102\Bai102.vcxproj", "{BE0FF96C-CF68-4D74-A1F0-1BDBC0D0E0CC}"
EndProject
Global
	GlobalSection(SolutionConfigurationPlatforms) = preSolution
		Debug|x64 = Debug|x64
		Debug|x86 = Debug|x86
		Release|x64 = Release|x64
		Release|x86 = Release|x86
	EndGlobalSection
	GlobalSection(ProjectConfigurationPlatforms) = postSolution
		{548C638B-B943-4102-8CF0-40E1FA4B0700}.Debug|x64.ActiveCfg = Debug|x64
		{548C638B-B943-4102-8CF0-40E1FA4B0700}.Debug|x64.Build.0 = Debug|x64
		{548C638B-B943-4102-8CF0-40E1FA4B0700}.Debug|x86.ActiveCfg = Debug|Win32
		{548C638B-B943-4102-8CF0-40E1FA4B0700}.Debug|x86.Build.0 = Debug|Win32
		{548C638B-B943-4102-8CF0-40E1FA4B0700}.Release|x64.ActiveCfg = Release|x64
		{548C638B-B943-4102-8CF0-40E1FA4B0700}.Release|x64.Build.0 = Release|x64
		{548C638B-B943-4102-8CF0-40E1FA4B0700}.Release|x86.ActiveCfg = Release|Win32
		{548C638B-B943-4102-8CF0-40E1FA4B0700}.Release|x86.Build.0 = Release|Win32
		{E1450911-6C03-4D14-BB89-17BE158B036A}.Debug|x64.ActiveCfg = Debug|x64
		{E1450911-6C03-4D14-BB89-17BE158B036A}.Debug|x64.Build.0 = Debug|x64
		{E1450911-6C03-4D14-BB89-17BE158B036A}.Debug|x86.ActiveCfg = Debug|Win32
		{E1450911-6C03-4D14-BB89-17BE158B036A}.Debug|x86.Build.0 = Debug|Win32
		{E1450911-6C03-4D14-BB89-17BE158B036A}.Release|x64.ActiveCfg = Release|x64
		{E1450911-6C03-4D14-BB89-17BE158B036A}.Release|x64.Build.0 = Release|x64
		{E1450911-6C03-4D14-BB89-17BE158B036A}.Release|x86.ActiveCfg = Release|Win32
		{E1450911-6C03-4D14-BB89-17BE158B036A}.Release|x86.Build.0 = Release|Win32
		{188EA3A6-CBBD-41F8-A542-81D73995AD3C}.Debug|x64.ActiveCfg = Debug|x64
		{188EA3A6-CBBD-41F8-A542-81D73995AD3C}.Debug|x64.Build.0 = Debug|x64
		{188EA3A6-CBBD-41F8-A542-81D73995AD3C}.Debug|x86.ActiveCfg = Debug|Win32
		{188EA3A6-CBBD-41F8-A542-81D73995AD3C}.Debug|x86.Build.0 = Debug|Win32
		{188EA3A6-CBBD-41F8-A542-81D73995AD3C}.Release|x64.ActiveCfg = Release|x64
		{188EA3A6-CBBD-41F8-A542-81D73995AD3C}.Release|x64.Build.0 = Release|x64
		{188EA3A6-CBBD-41F8-A542-81D73995AD3C}.Release|x86.ActiveCfg = Release|Win32
		{188EA3A6-CBBD-41F8-A542-81D73995AD3C}.Release|x86.Build.0 = Release|Win32
		{EFCE397C-4F3B-4646-8E08-C46CF7833A91}.Debug|x64.ActiveCfg = Debug|x64
		{EFCE397C-4F3B-4646-8E08-C46CF7833A91}.Debug|x64.Build.0 = Debug|x64
		{EFCE397C-4F3B-4646-8E08-C46CF7833A91}.Debug|x86.ActiveCfg = Debug|Win32
		{EFCE397C-4F3B-4646-8E08-C46CF7833A91}.Debug|x86.Build.0 = Debug|Win32
		{EFCE397C-4F3B-4646-8E08-C46CF7833A91}.Release|x64.ActiveCfg = Release|x64
		{EFCE397C-4F3B-4646-8E08-C46CF7833A91}.Release|x64.Build.0 = Release|x64
		{EFCE397C-4F3B-4646-8E08-C46CF7833A91}.Release|x86.ActiveCfg = Release|Win32
		{EFCE397C-4F3B-4646-8E08-C46CF7833A91}.Release|x86.Build.0 = Release|Win32
		{FD8D75F7-18A2-47B8-BCF3-081AB80EBCFD}.Debug|x64.ActiveCfg = Debug|x64
		{FD8D75F7-18A2-47B8-BCF3-081AB80EBCFD}.Debug|x64.Build.0 = Debug|x64
		{FD8D75F7-18A2-47B8-BCF3-081AB80EBCFD}.Debug|x86.ActiveCfg = Debug|Win32
		{FD8D75F7-18A2-47B8-BCF3-081AB80EBCFD}.Debug|x86.Build.0 = Debug|Win32
		{FD8D75F7-18A2-47B8-BCF3-081AB80EBCFD}.Release|x64.ActiveCfg = Release|x64
		{FD8D75F7-18A2-47B8-BCF3-081AB80EBCFD}.Release|x64.Build.0 = Release|x64
		{FD8D75F7-18A2-47B8-BCF3-081AB80EBCFD}.Release|x86.ActiveCfg = Release|Win32
		{FD8D75F7-18A2-47B8-BCF3-081AB80EBCFD}.Release|x86.Build.0 = Release|Win32
		{3C46A6E9-5B9F-4F51-B908-4ACEDE33AF54}.Debug|x64.ActiveCfg = Debug|x64
		{3C46A6E9-5B9F-4F51-B908-4ACEDE33AF54}.Debug|x64.Build.0 = Debug|x64
		{3C46A6E9-5B9F-4F51-B908-4ACEDE33AF54}.Debug|x86.ActiveCfg = Debug|Win32
		{3C46A6E9-5B9F-4F51-B908-4ACEDE33AF54}.Debug|x86.Build.0 = Debug|Win32
		{3C46A6E9-5B9F-4F51-B908-4ACEDE33AF54}.Release|x64.ActiveCfg = Release|x64
		{3C46A6E9-5B9F-4F51-B908-4ACEDE33AF54}.Release|x64.Build.0 = Release|x64
		{3C46A6E9-5B9F-4F51-B908-4ACEDE33AF54}.Release|x86.ActiveCfg = Release|Win32
		{3C46A6E9-5B9F-4F51-B908-4ACEDE33AF54}.Release|x86.Build.0 = Release|Win32
		{9C4AC4CE-902C-4FCC-8F00-74835DE50DE3}.Debug|x64.ActiveCfg = Debug|x64
		{9C4AC4CE-902C-4FCC-8F00-74835DE50DE3}.Debug|x64.Build.0 = Debug|x64
		{9C4AC4CE-902C-4FCC-8F00-74835DE50DE3}.Debug|x86.ActiveCfg = Debug|Win32
		{9C4AC4CE-902C-4FCC-8F00-74835DE50DE3}.Debug|x86.Build.0 = Debug|Win32
		{9C4AC4CE-902C-4FCC-8F00-74835DE50DE3}.Release|x64.ActiveCfg = Release|x64
		{9C4AC4CE-902C-4FCC-8F00-74835DE50DE3}.Release|x64.Build.0 = Release|x64
		{9C4AC4CE-902C-4FCC-8F00-74835DE50DE3}.Release|x86.ActiveCfg = Release|Win32
		{9C4AC4CE-902C-4FCC-8F00-74835DE50DE3}.Release|x86.Build.0 = Release|Win32
		{5B2C6F30-0137-4FB5-A659-D46CB5F66DD9}.Debug|x64.ActiveCfg = Debug|x64
		{5B2C6F30-0137-4FB5-A659-D46CB5F66DD9}.Debug|x64.Build.0 = Debug|x64
		{5B2C6F30-0137-4FB5-A659-D46CB5F66DD9}.Debug|x86.ActiveCfg = Debug|Win32
		{5B2C6F30-0137-4FB5-A659-D46CB5F66DD9}.Debug|x86.Build.0 = Debug|Win32
		{5B2C6F30-0137-4FB5-A659-D46CB5F66DD9}.Release|x64.ActiveCfg = Release|x64
		{5B2C6F30-0137-4FB5-A659-D46CB5F66DD9}.Release|x64.Build.0 = Release|x64
		{5B2C6F30-0137-4FB5-A659-D46CB5F66DD9}.Release|x86.ActiveCfg = Release|Win32
		{5B2C6F30-0137-4FB5-A659-D46CB5F66DD9}.Release|x86.Build.0 = Release|Win32
		{FA943E7F-9B95-4214-8ED9-8BA16040FAEB}.Debug|x64.ActiveCfg = Debug|x64
		{FA943E7F-9B95-4214-8ED9-8BA16040FAEB}.Debug|x64.Build.0 = Debug|x64
		{FA943E7F-9B95-4214-8ED9-8BA16040FAEB}.Debug|x86.ActiveCfg = Debug|Win32
		{FA943E7F-9B95-4214-8ED9-8BA16040FAEB}.Debug|x86.Build.0 = Debug|Win32
		{FA943E7F-9B95-4214-8ED9-8BA16040FAEB}.Release|x64.ActiveCfg = Release|x64
		{FA943E7F-9B95-4214-8ED9-8BA16040FAEB}.Release|x64.Build.0 = Release|x64
		{FA943E7F-9B95-4214-8ED9-8BA16040FAEB}.Release|x86.ActiveCfg = Release|Win32
		{FA943E7F-9B95-4214-8ED9-8BA16040FAEB}.Release|x86.Build.0 = Release|Win32
		{8D2A08EE-BDBB-47B9-8CAC-30ED489F2B2D}.Debug|x64.ActiveCfg = Debug|x64
		{8D2A08EE-BDBB-47B9-8CAC-30ED489F2B2D}.Debug|x64.Build.0 = Debug|x64
		{8D2A08EE-BDBB-47B9-8CAC-30ED489F2B2D}.Debug|x86.ActiveCfg = Debug|Win32
		{8D2A08EE-BDBB-47B9-8CAC-30ED489F2B2D}.Debug|x86.Build.0 = Debug|Win32
		{8D2A08EE-BDBB-47B9-8CAC-30ED489F2B2D}.Release|x64.ActiveCfg = Release|x64
		{8D2A08EE-BDBB-47B9-8CAC-30ED489F2B2D}.Release|x64.Build.0 = Release|x64
		{8D2A08EE-BDBB-47B9-8CAC-30ED489F2B2D}.Release|x86.ActiveCfg = Release|Win32
		{8D2A08EE-BDBB-47B9-8CAC-30ED489F2B2D}.Release|x86.Build.0 = Release|Win32
		{01F40B34-7F48-4E99-B9DA-8743E09711C0}.Debug|x64.ActiveCfg = Debug|x64
		{01F40B34-7F48-4E99-B9DA-8743E09711C0}.Debug|x64.Build.0 = Debug|x64
		{01F40B34-7F48-4E99-B9DA-8743E09711C0}.Debug|x86.ActiveCfg = Debug|Win32
		{01F40B34-7F48-4E99-B9DA-8743E09711C0}.Debug|x86.Build.0 = Debug|Win32
		{01F40B34-7F48-4E99-B9DA-8743E09711C0}.Release|x64.ActiveCfg = Release|x64
		{01F40B34-7F48-4E99-B9DA-8743E09711C0}.Release|x64.Build.0 = Release|x64
		{01F40B34-7F48-4E99-B9DA-8743E09711C0}.Release|x86.ActiveCfg = Release|Win32
		{01F40B34-7F48-4E99-B9DA-8743E09711C0}.Release|x86.Build.0 = Release|Win32
		{394E05C7-B578-4B53-A4F2-4D02DAD269D6}.Debug|x64.ActiveCfg = Debug|x64
		{394E05C7-B578-4B53-A4F2-4D02DAD269D6}.Debug|x64.Build.0 = Debug|x64
		{394E05C7-B578-4B53-A4F2-4D02DAD269D6}.Debug|x86.ActiveCfg = Debug|Win32
		{394E05C7-B578-4B53-A4F2-4D02DAD269D6}.Debug|x86.Build.0 = Debug|Win32
		{394E05C7-B578-4B53-A4F2-4D02DAD269D6}.Release|x64.ActiveCfg = Release|x64
		{394E05C7-B578-4B53-A4F2-4D02DAD269D6}.Release|x64.Build.0 = Release|x64
		{394E05C7-B578-4B53-A4F2-4D02DAD269D6}.Release|x86.ActiveCfg = Release|Win32
		{394E05C7-B578-4B53-A4F2-4D02DAD269D6}.Release|x86.Build.0 = Release|Win32
		{678AB773-9D4E-42A6-91CF-FF1B11EB4841}.Debug|x64.ActiveCfg = Debug|x64
		{678AB773-9D4E-42A6-91CF-FF1B11EB4841}.Debug|x64.Build.0 = Debug|x64
		{678AB773-9D4E-42A6-91CF-FF1B11EB4841}.Debug|x86.ActiveCfg = Debug|Win32
		{678AB773-9D4E-42A6-91CF-FF1B11EB4841}.Debug|x86.Build.0 = Debug|Win32
		{678AB773-9D4E-42A6-91CF-FF1B11EB4841}.Release|x64.ActiveCfg = Release|x64
		{678AB773-9D4E-42A6-91CF-FF1B11EB4841}.Release|x64.Build.0 = Release|x64
		{678AB773-9D4E-42A6-91CF-FF1B11EB4841}.Release|x86.ActiveCfg = Release|Win32
		{678AB773-9D4E-42A6-91CF-FF1B11EB4841}.Release|x86.Build.0 = Release|Win32
		{55051C0C-E3A2-4A57-B1A2-EA090FDD404E}.Debug|x64.ActiveCfg = Debug|x64
		{55051C0C-E3A2-4A57-B1A2-EA090FDD404E}.Debug|x64.Build.0 = Debug|x64
		{55051C0C-E3A2-4A57-B1A2-EA090FDD404E}.Debug|x86.ActiveCfg = Debug|Win32
		{55051C0C-E3A2-4A57-B1A2-EA090FDD404E}.Debug|x86.Build.0 = Debug|Win32
		{55051C0C-E3A2-4A57-B1A2-EA090FDD404E}.Release|x64.ActiveCfg = Release|x64
		{55051C0C-E3A2-4A57-B1A2-EA090FDD404E}.Release|x64.Build.0 = Release|x64
		{55051C0C-E3A2-4A57-B1A2-EA090FDD404E}.Release|x86.ActiveCfg = Release|Win32
		{55051C0C-E3A2-4A57-B1A2-EA090FDD404E}.Release|x86.Build.0 = Release|Win32
		{B17F0CA7-339C-4222-99AF-55FE8D8DD9F4}.Debug|x64.ActiveCfg = Debug|x64
		{B17F0CA7-339C-4222-99AF-55FE8D8DD9F4}.Debug|x64.Build.0 = Debug|x64
		{B17F0CA7-339C-4222-99AF-55FE8D8DD9F4}.Debug|x86.ActiveCfg = Debug|Win32
		{B17F0CA7-339C-4222-99AF-55FE8D8DD9F4}.Debug|x86.Build.0 = Debug|Win32
		{B17F0CA7-339C-4222-99AF-55FE8D8DD9F4}.Release|x64.ActiveCfg = Release|x64
		{B17F0CA7-339C-4222-99AF-55FE8D8DD9F4}.Release|x64.Build.0 = Release|x64
		{B17F0CA7-339C-4222-99AF-55FE8D8DD9F4}.Release|x86.ActiveCfg = Release|Win32
		{B17F0CA7-339C-4222-99AF-55FE8D8DD9F4}.Release|x86.Build.0 = Release|Win32
		{5FFC3408-22C6-4493-A54E-A21DE7FEED3E}.Debug|x64.ActiveCfg = Debug|x64
		{5FFC3408-22C6-4493-A54E-A21DE7FEED3E}.Debug|x64.Build.0 = Debug|x64
		{5FFC3408-22C6-4493-A54E-A21DE7FEED3E}.Debug|x86.ActiveCfg = Debug|Win32
		{5FFC3408-22C6-4493-A54E-A21DE7FEED3E}.Debug|x86.Build.0 = Debug|Win32
		{5FFC3408-22C6-4493-A54E-A21DE7FEED3E}.Release|x64.ActiveCfg = Release|x64
		{5FFC3408-22C6-4493-A54E-A21DE7FEED3E}.Release|x64.Build.0 = Release|x64
		{5FFC3408-22C6-4493-A54E-A21DE7FEED3E}.Release|x86.ActiveCfg = Release|Win32
		{5FFC3408-22C6-4493-A54E-A21DE7FEED3E}.Release|x86.Build.0 = Release|Win32
		{F9936B9C-0EC3-4A85-8F9D-D731D91D4F9B}.Debug|x64.ActiveCfg = Debug|x64
		{F9936B9C-0EC3-4A85-8F9D-D731D91D4F9B}.Debug|x64.Build.0 = Debug|x64
		{F9936B9C-0EC3-4A85-8F9D-D731D91D4F9B}.Debug|x86.ActiveCfg = Debug|Win32
		{F9936B9C-0EC3-4A85-8F9D-D731D91D4F9B}.Debug|x86.Build.0 = Debug|Win32
		{F9936B9C-0EC3-4A85-8F9D-D731D91D4F9B}.Release|x64.ActiveCfg = Release|x64
		{F9936B9C-0EC3-4A85-8F9D-D731D91D4F9B}.Release|x64.Build.0 = Release|x64
		{F9936B9C-0EC3-4A85-8F9D-D731D91D4F9B}.Release|x86.ActiveCfg = Release|Win32
		{F9936B9C-0EC3-4A85-8F9D-D731D91D4F9B}.Release|x86.Build.0 = Release|Win32
		{8773C7BD-AB29-4E0A-9D66-C709AEF881EE}.Debug|x64.ActiveCfg = Debug|x64
		{8773C7BD-AB29-4E0A-9D66-C709AEF881EE}.Debug|x64.Build.0 = Debug|x64
		{8773C7BD-AB29-4E0A-9D66-C709AEF881EE}.Debug|x86.ActiveCfg = Debug|Win32
		{8773C7BD-AB29-4E0A-9D66-C709AEF881EE}.Debug|x86.Build.0 = Debug|Win32
		{8773C7BD-AB29-4E0A-9D66-C709AEF881EE}.Release|x64.ActiveCfg = Release|x64
		{8773C7BD-AB29-4E0A-9D66-C709AEF881EE}.Release|x64.Build.0 = Release|x64
		{8773C7BD-AB29-4E0A-9D66-C709AEF881EE}.Release|x86.ActiveCfg = Release|Win32
		{8773C7BD-AB29-4E0A-9D66-C709AEF881EE}.Release|x86.Build.0 = Release|Win32
		{F7B2FAEC-5F3F-4B58-BB5F-3C2BBDA57EC0}.Debug|x64.ActiveCfg = Debug|x64
		{F7B2FAEC-5F3F-4B58-BB5F-3C2BBDA57EC0}.Debug|x64.Build.0 = Debug|x64
		{F7B2FAEC-5F3F-4B58-BB5F-3C2BBDA57EC0}.Debug|x86.ActiveCfg = Debug|Win32
		{F7B2FAEC-5F3F-4B58-BB5F-3C2BBDA57EC0}.Debug|x86.Build.0 = Debug|Win32
		{F7B2FAEC-5F3F-4B58-BB5F-3C2BBDA57EC0}.Release|x64.ActiveCfg = Release|x64
		{F7B2FAEC-5F3F-4B58-BB5F-3C2BBDA57EC0}.Release|x64.Build.0 = Release|x64
		{F7B2FAEC-5F3F-4B58-BB5F-3C2BBDA57EC0}.Release|x86.ActiveCfg = Release|Win32
		{F7B2FAEC-5F3F-4B58-BB5F-3C2BBDA57EC0}.Release|x86.Build.0 = Release|Win32
		{014BF2CD-CC8B-451F-88AE-33A2E5252C30}.Debug|x64.ActiveCfg = Debug|x64
		{014BF2CD-CC8B-451F-88AE-33A2E5252C30}.Debug|x64.Build.0 = Debug|x64
		{014BF2CD-CC8B-451F-88AE-33A2E5252C30}.Debug|x86.ActiveCfg = Debug|Win32
		{014BF2CD-CC8B-451F-88AE-33A2E5252C30}.Debug|x86.Build.0 = Debug|Win32
		{014BF2CD-CC8B-451F-88AE-33A2E5252C30}.Release|x64.ActiveCfg = Release|x64
		{014BF2CD-CC8B-451F-88AE-33A2E5252C30}.Release|x64.Build.0 = Release|x64
		{014BF2CD-CC8B-451F-88AE-33A2E5252C30}.Release|x86.ActiveCfg = Release|Win32
		{014BF2CD-CC8B-451F-88AE-33A2E5252C30}.Release|x86.Build.0 = Release|Win32
		{4AC51AEA-68CE-480C-AECC-87DE17B361DA}.Debug|x64.ActiveCfg = Debug|x64
		{4AC51AEA-68CE-480C-AECC-87DE17B361DA}.Debug|x64.Build.0 = Debug|x64
		{4AC51AEA-68CE-480C-AECC-87DE17B361DA}.Debug|x86.ActiveCfg = Debug|Win32
		{4AC51AEA-68CE-480C-AECC-87DE17B361DA}.Debug|x86.Build.0 = Debug|Win32
		{4AC51AEA-68CE-480C-AECC-87DE17B361DA}.Release|x64.ActiveCfg = Release|x64
		{4AC51AEA-68CE-480C-AECC-87DE17B361DA}.Release|x64.Build.0 = Release|x64
		{4AC51AEA-68CE-480C-AECC-87DE17B361DA}.Release|x86.ActiveCfg = Release|Win32
		{4AC51AEA-68CE-480C-AECC-87DE17B361DA}.Release|x86.Build.0 = Release|Win32
		{AB4966BE-1809-4048-9B82-774323659B17}.Debug|x64.ActiveCfg = Debug|x64
		{AB4966BE-1809-4048-9B82-774323659B17}.Debug|x64.Build.0 = Debug|x64
		{AB4966BE-1809-4048-9B82-774323659B17}.Debug|x86.ActiveCfg = Debug|Win32
		{AB4966BE-1809-4048-9B82-774323659B17}.Debug|x86.Build.0 = Debug|Win32
		{AB4966BE-1809-4048-9B82-774323659B17}.Release|x64.ActiveCfg = Release|x64
		{AB4966BE-1809-4048-9B82-774323659B17}.Release|x64.Build.0 = Release|x64
		{AB4966BE-1809-4048-9B82-774323659B17}.Release|x86.ActiveCfg = Release|Win32
		{AB4966BE-1809-4048-9B82-774323659B17}.Release|x86.Build.0 = Release|Win32
		{042E63AA-5CF3-4367-9548-19734A4A725E}.Debug|x64.ActiveCfg = Debug|x64
		{042E63AA-5CF3-4367-9548-19734A4A725E}.Debug|x64.Build.0 = Debug|x64
		{042E63AA-5CF3-4367-9548-19734A4A725E}.Debug|x86.ActiveCfg = Debug|Win32
		{042E63AA-5CF3-4367-9548-19734A4A725E}.Debug|x86.Build.0 = Debug|Win32
		{042E63AA-5CF3-4367-9548-19734A4A725E}.Release|x64.ActiveCfg = Release|x64
		{042E63AA-5CF3-4367-9548-19734A4A725E}.Release|x64.Build.0 = Release|x64
		{042E63AA-5CF3-4367-9548-19734A4A725E}.Release|x86.ActiveCfg = Release|Win32
		{042E63AA-5CF3-4367-9548-19734A4A725E}.Release|x86.Build.0 = Release|Win32
		{6F2C0EFE-A5A4-48EE-A4D5-6C4E735F245E}.Debug|x64.ActiveCfg = Debug|x64
		{6F2C0EFE-A5A4-48EE-A4D5-6C4E735F245E}.Debug|x64.Build.0 = Debug|x64
		{6F2C0EFE-A5A4-48EE-A4D5-6C4E735F245E}.Debug|x86.ActiveCfg = Debug|Win32
		{6F2C0EFE-A5A4-48EE-A4D5-6C4E735F245E}.Debug|x86.Build.0 = Debug|Win32
		{6F2C0EFE-A5A4-48EE-A4D5-6C4E735F245E}.Release|x64.ActiveCfg = Release|x64
		{6F2C0EFE-A5A4-48EE-A4D5-6C4E735F245E}.Release|x64.Build.0 = Release|x64
		{6F2C0EFE-A5A4-48EE-A4D5-6C4E735F245E}.Release|x86.ActiveCfg = Release|Win32
		{6F2C0EFE-A5A4-48EE-A4D5-6C4E735F245E}.Release|x86.Build.0 = Release|Win32
		{5D6E5462-47DA-41F8-B04E-4E1A3EBBD455}.Debug|x64.ActiveCfg = Debug|x64
		{5D6E5462-47DA-41F8-B04E-4E1A3EBBD455}.Debug|x64.Build.0 = Debug|x64
		{5D6E5462-47DA-41F8-B04E-4E1A3EBBD455}.Debug|x86.ActiveCfg = Debug|Win32
		{5D6E5462-47DA-41F8-B04E-4E1A3EBBD455}.Debug|x86.Build.0 = Debug|Win32
		{5D6E5462-47DA-41F8-B04E-4E1A3EBBD455}.Release|x64.ActiveCfg = Release|x64
		{5D6E5462-47DA-41F8-B04E-4E1A3EBBD455}.Release|x64.Build.0 = Release|x64
		{5D6E5462-47DA-41F8-B04E-4E1A3EBBD455}.Release|x86.ActiveCfg = Release|Win32
		{5D6E5462-47DA-41F8-B04E-4E1A3EBBD455}.Release|x86.Build.0 = Release|Win32
		{7B393CFD-BCE1-413C-9C97-0183FC8B60D1}.Debug|x64.ActiveCfg = Debug|x64
		{7B393CFD-BCE1-413C-9C97-0183FC8B60D1}.Debug|x64.Build.0 = Debug|x64
		{7B393CFD-BCE1-413C-9C97-0183FC8B60D1}.Debug|x86.ActiveCfg = Debug|Win32
		{7B393CFD-BCE1-413C-9C97-0183FC8B60D1}.Debug|x86.Build.0 = Debug|Win32
		{7B393CFD-BCE1-413C-9C97-0183FC8B60D1}.Release|x64.ActiveCfg = Release|x64
		{7B393CFD-BCE1-413C-9C97-0183FC8B60D1}.Release|x64.Build.0 = Release|x64
		{7B393CFD-BCE1-413C-9C97-0183FC8B60D1}.Release|x86.ActiveCfg = Release|Win32
		{7B393CFD-BCE1-413C-9C97-0183FC8B60D1}.Release|x86.Build.0 = Release|Win32
		{60BE7EB9-28C6-4E97-8882-912F525B6FFE}.Debug|x64.ActiveCfg = Debug|x64
		{60BE7EB9-28C6-4E97-8882-912F525B6FFE}.Debug|x64.Build.0 = Debug|x64
		{60BE7EB9-28C6-4E97-8882-912F525B6FFE}.Debug|x86.ActiveCfg = Debug|Win32
		{60BE7EB9-28C6-4E97-8882-912F525B6FFE}.Debug|x86.Build.0 = Debug|Win32
		{60BE7EB9-28C6-4E97-8882-912F525B6FFE}.Release|x64.ActiveCfg = Release|x64
		{60BE7EB9-28C6-4E97-8882-912F525B6FFE}.Release|x64.Build.0 = Release|x64
		{60BE7EB9-28C6-4E97-8882-912F525B6FFE}.Release|x86.ActiveCfg = Release|Win32
		{60BE7EB9-28C6-4E97-8882-912F525B6FFE}.Release|x86.Build.0 = Release|Win32
		{7455B9F1-05C4-4C0B-BB9D-4D50EF5C1E38}.Debug|x64.ActiveCfg = Debug|x64
		{7455B9F1-05C4-4C0B-BB9D-4D50EF5C1E38}.Debug|x64.Build.0 = Debug|x64
		{7455B9F1-05C4-4C0B-BB9D-4D50EF5C1E38}.Debug|x86.ActiveCfg = Debug|Win32
		{7455B9F1-05C4-4C0B-BB9D-4D50EF5C1E38}.Debug|x86.Build.0 = Debug|Win32
		{7455B9F1-05C4-4C0B-BB9D-4D50EF5C1E38}.Release|x64.ActiveCfg = Release|x64
		{7455B9F1-05C4-4C0B-BB9D-4D50EF5C1E38}.Release|x64.Build.0 = Release|x64
		{7455B9F1-05C4-4C0B-BB9D-4D50EF5C1E38}.Release|x86.ActiveCfg = Release|Win32
		{7455B9F1-05C4-4C0B-BB9D-4D50EF5C1E38}.Release|x86.Build.0 = Release|Win32
		{ED0A6B49-63DF-49EF-BD5A-E4D841E59813}.Debug|x64.ActiveCfg = Debug|x64
		{ED0A6B49-63DF-49EF-BD5A-E4D841E59813}.Debug|x64.Build.0 = Debug|x64
		{ED0A6B49-63DF-49EF-BD5A-E4D841E59813}.Debug|x86.ActiveCfg = Debug|Win32
		{ED0A6B49-63DF-49EF-BD5A-E4D841E59813}.Debug|x86.Build.0 = Debug|Win32
		{ED0A6B49-63DF-49EF-BD5A-E4D841E59813}.Release|x64.ActiveCfg = Release|x64
		{ED0A6B49-63DF-49EF-BD5A-E4D841E59813}.Release|x64.Build.0 = Release|x64
		{ED0A6B49-63DF-49EF-BD5A-E4D841E59813}.Release|x86.ActiveCfg = Release|Win32
		{ED0A6B49-63DF-49EF-BD5A-E4D841E59813}.Release|x86.Build.0 = Release|Win32
		{FF656F7B-AE5E-4EC6-A2EE-ECE2B6E5BAE1}.Debug|x64.ActiveCfg = Debug|x64
		{FF656F7B-AE5E-4EC6-A2EE-ECE2B6E5BAE1}.Debug|x64.Build.0 = Debug|x64
		{FF656F7B-AE5E-4EC6-A2EE-ECE2B6E5BAE1}.Debug|x86.ActiveCfg = Debug|Win32
		{FF656F7B-AE5E-4EC6-A2EE-ECE2B6E5BAE1}.Debug|x86.Build.0 = Debug|Win32
		{FF656F7B-AE5E-4EC6-A2EE-ECE2B6E5BAE1}.Release|x64.ActiveCfg = Release|x64
		{FF656F7B-AE5E-4EC6-A2EE-ECE2B6E5BAE1}.Release|x64.Build.0 = Release|x64
		{FF656F7B-AE5E-4EC6-A2EE-ECE2B6E5BAE1}.Release|x86.ActiveCfg = Release|Win32
		{FF656F7B-AE5E-4EC6-A2EE-ECE2B6E5BAE1}.Release|x86.Build.0 = Release|Win32
		{6F95E7EF-533F-46E3-AE40-92C2049E500B}.Debug|x64.ActiveCfg = Debug|x64
		{6F95E7EF-533F-46E3-AE40-92C2049E500B}.Debug|x64.Build.0 = Debug|x64
		{6F95E7EF-533F-46E3-AE40-92C2049E500B}.Debug|x86.ActiveCfg = Debug|Win32
		{6F95E7EF-533F-46E3-AE40-92C2049E500B}.Debug|x86.Build.0 = Debug|Win32
		{6F95E7EF-533F-46E3-AE40-92C2049E500B}.Release|x64.ActiveCfg = Release|x64
		{6F95E7EF-533F-46E3-AE40-92C2049E500B}.Release|x64.Build.0 = Release|x64
		{6F95E7EF-533F-46E3-AE40-92C2049E500B}.Release|x86.ActiveCfg = Release|Win32
		{6F95E7EF-533F-46E3-AE40-92C2049E500B}.Release|x86.Build.0 = Release|Win32
		{D7B17F9B-C7D1-4D19-85C1-4ED82D26F5DF}.Debug|x64.ActiveCfg = Debug|x64
		{D7B17F9B-C7D1-4D19-85C1-4ED82D26F5DF}.Debug|x64.Build.0 = Debug|x64
		{D7B17F9B-C7D1-4D19-85C1-4ED82D26F5DF}.Debug|x86.ActiveCfg = Debug|Win32
		{D7B17F9B-C7D1-4D19-85C1-4ED82D26F5DF}.Debug|x86.Build.0 = Debug|Win32
		{D7B17F9B-C7D1-4D19-85C1-4ED82D26F5DF}.Release|x64.ActiveCfg = Release|x64
		{D7B17F9B-C7D1-4D19-85C1-4ED82D26F5DF}.Release|x64.Build.0 = Release|x64
		{D7B17F9B-C7D1-4D19-85C1-4ED82D26F5DF}.Release|x86.ActiveCfg = Release|Win32
		{D7B17F9B-C7D1-4D19-85C1-4ED82D26F5DF}.Release|x86.Build.0 = Release|Win32
		{D5265800-5301-4C01-AB73-54B42DBB754D}.Debug|x64.ActiveCfg = Debug|x64
		{D5265800-5301-4C01-AB73-54B42DBB754D}.Debug|x64.Build.0 = Debug|x64
		{D5265800-5301-4C01-AB73-54B42DBB754D}.Debug|x86.ActiveCfg = Debug|Win32
		{D5265800-5301-4C01-AB73-54B42DBB754D}.Debug|x86.Build.0 = Debug|Win32
		{D5265800-5301-4C01-AB73-54B42DBB754D}.Release|x64.ActiveCfg = Release|x64
		{D5265800-5301-4C01-AB73-54B42DBB754D}.Release|x64.Build.0 = Release|x64
		{D5265800-5301-4C01-AB73-54B42DBB754D}.Release|x86.ActiveCfg = Release|Win32
		{D5265800-5301-4C01-AB73-54B42DBB754D}.Release|x86.Build.0 = Release|Win32
		{302D876E-A983-48A2-854A-DA0A860DEA4B}.Debug|x64.ActiveCfg = Debug|x64
		{302D876E-A983-48A2-854A-DA0A860DEA4B}.Debug|x64.Build.0 = Debug|x64
		{302D876E-A983-48A2-854A-DA0A860DEA4B}.Debug|x86.ActiveCfg = Debug|Win32
		{302D876E-A983-48A2-854A-DA0A860DEA4B}.Debug|x86.Build.0 = Debug|Win32
		{302D876E-A983-48A2-854A-DA0A860DEA4B}.Release|x64.ActiveCfg = Release|x64
		{302D876E-A983-48A2-854A-DA0A860DEA4B}.Release|x64.Build.0 = Release|x64
		{302D876E-A983-48A2-854A-DA0A860DEA4B}.Release|x86.ActiveCfg = Release|Win32
		{302D876E-A983-48A2-854A-DA0A860DEA4B}.Release|x86.Build.0 = Release|Win32
		{220FB96D-4EC8-4BE0-B7B2-18CA68AF7EA8}.Debug|x64.ActiveCfg = Debug|x64
		{220FB96D-4EC8-4BE0-B7B2-18CA68AF7EA8}.Debug|x64.Build.0 = Debug|x64
		{220FB96D-4EC8-4BE0-B7B2-18CA68AF7EA8}.Debug|x86.ActiveCfg = Debug|Win32
		{220FB96D-4EC8-4BE0-B7B2-18CA68AF7EA8}.Debug|x86.Build.0 = Debug|Win32
		{220FB96D-4EC8-4BE0-B7B2-18CA68AF7EA8}.Release|x64.ActiveCfg = Release|x64
		{220FB96D-4EC8-4BE0-B7B2-18CA68AF7EA8}.Release|x64.Build.0 = Release|x64
		{220FB96D-4EC8-4BE0-B7B2-18CA68AF7EA8}.Release|x86.ActiveCfg = Release|Win32
		{220FB96D-4EC8-4BE0-B7B2-18CA68AF7EA8}.Release|x86.Build.0 = Release|Win32
		{A092C8CD-F1D0-4ED6-8266-99CE0FEBD88F}.Debug|x64.ActiveCfg = Debug|x64
		{A092C8CD-F1D0-4ED6-8266-99CE0FEBD88F}.Debug|x64.Build.0 = Debug|x64
		{A092C8CD-F1D0-4ED6-8266-99CE0FEBD88F}.Debug|x86.ActiveCfg = Debug|Win32
		{A092C8CD-F1D0-4ED6-8266-99CE0FEBD88F}.Debug|x86.Build.0 = Debug|Win32
		{A092C8CD-F1D0-4ED6-8266-99CE0FEBD88F}.Release|x64.ActiveCfg = Release|x64
		{A092C8CD-F1D0-4ED6-8266-99CE0FEBD88F}.Release|x64.Build.0 = Release|x64
		{A092C8CD-F1D0-4ED6-8266-99CE0FEBD88F}.Release|x86.ActiveCfg = Release|Win32
		{A092C8CD-F1D0-4ED6-8266-99CE0FEBD88F}.Release|x86.Build.0 = Release|Win32
		{22A68D97-D757-4C38-A8B8-EDD719026372}.Debug|x64.ActiveCfg = Debug|x64
		{22A68D97-D757-4C38-A8B8-EDD719026372}.Debug|x64.Build.0 = Debug|x64
		{22A68D97-D757-4C38-A8B8-EDD719026372}.Debug|x86.ActiveCfg = Debug|Win32
		{22A68D97-D757-4C38-A8B8-EDD719026372}.Debug|x86.Build.0 = Debug|Win32
		{22A68D97-D757-4C38-A8B8-EDD719026372}.Release|x64.ActiveCfg = Release|x64
		{22A68D97-D757-4C38-A8B8-EDD719026372}.Release|x64.Build.0 = Release|x64
		{22A68D97-D757-4C38-A8B8-EDD719026372}.Release|x86.ActiveCfg = Release|Win32
		{22A68D97-D757-4C38-A8B8-EDD719026372}.Release|x86.Build.0 = Release|Win32
		{AA5EBB3E-DD28-4231-BDF2-B6A42D301679}.Debug|x64.ActiveCfg = Debug|x64
		{AA5EBB3E-DD28-4231-BDF2-B6A42D301679}.Debug|x64.Build.0 = Debug|x64
		{AA5EBB3E-DD28-4231-BDF2-B6A42D301679}.Debug|x86.ActiveCfg = Debug|Win32
		{AA5EBB3E-DD28-4231-BDF2-B6A42D301679}.Debug|x86.Build.0 = Debug|Win32
		{AA5EBB3E-DD28-4231-BDF2-B6A42D301679}.Release|x64.ActiveCfg = Release|x64
		{AA5EBB3E-DD28-4231-BDF2-B6A42D301679}.Release|x64.Build.0 = Release|x64
		{AA5EBB3E-DD28-4231-BDF2-B6A42D301679}.Release|x86.ActiveCfg = Release|Win32
		{AA5EBB3E-DD28-4231-BDF2-B6A42D301679}.Release|x86.Build.0 = Release|Win32
		{8501151B-CB4B-4CDD-AA8D-9933C99900A2}.Debug|x64.ActiveCfg = Debug|x64
		{8501151B-CB4B-4CDD-AA8D-9933C99900A2}.Debug|x64.Build.0 = Debug|x64
		{8501151B-CB4B-4CDD-AA8D-9933C99900A2}.Debug|x86.ActiveCfg = Debug|Win32
		{8501151B-CB4B-4CDD-AA8D-9933C99900A2}.Debug|x86.Build.0 = Debug|Win32
		{8501151B-CB4B-4CDD-AA8D-9933C99900A2}.Release|x64.ActiveCfg = Release|x64
		{8501151B-CB4B-4CDD-AA8D-9933C99900A2}.Release|x64.Build.0 = Release|x64
		{8501151B-CB4B-4CDD-AA8D-9933C99900A2}.Release|x86.ActiveCfg = Release|Win32
		{8501151B-CB4B-4CDD-AA8D-9933C99900A2}.Release|x86.Build.0 = Release|Win32
		{65A9251D-AEA3-4336-A22B-0F76FCA87779}.Debug|x64.ActiveCfg = Debug|x64
		{65A9251D-AEA3-4336-A22B-0F76FCA87779}.Debug|x64.Build.0 = Debug|x64
		{65A9251D-AEA3-4336-A22B-0F76FCA87779}.Debug|x86.ActiveCfg = Debug|Win32
		{65A9251D-AEA3-4336-A22B-0F76FCA87779}.Debug|x86.Build.0 = Debug|Win32
		{65A9251D-AEA3-4336-A22B-0F76FCA87779}.Release|x64.ActiveCfg = Release|x64
		{65A9251D-AEA3-4336-A22B-0F76FCA87779}.Release|x64.Build.0 = Release|x64
		{65A9251D-AEA3-4336-A22B-0F76FCA87779}.Release|x86.ActiveCfg = Release|Win32
		{65A9251D-AEA3-4336-A22B-0F76FCA87779}.Release|x86.Build.0 = Release|Win32
		{5A7ABA97-7462-4CDF-9458-62674D64E31A}.Debug|x64.ActiveCfg = Debug|x64
		{5A7ABA97-7462-4CDF-9458-62674D64E31A}.Debug|x64.Build.0 = Debug|x64
		{5A7ABA97-7462-4CDF-9458-62674D64E31A}.Debug|x86.ActiveCfg = Debug|Win32
		{5A7ABA97-7462-4CDF-9458-62674D64E31A}.Debug|x86.Build.0 = Debug|Win32
		{5A7ABA97-7462-4CDF-9458-62674D64E31A}.Release|x64.ActiveCfg = Release|x64
		{5A7ABA97-7462-4CDF-9458-62674D64E31A}.Release|x64.Build.0 = Release|x64
		{5A7ABA97-7462-4CDF-9458-62674D64E31A}.Release|x86.ActiveCfg = Release|Win32
		{5A7ABA97-7462-4CDF-9458-62674D64E31A}.Release|x86.Build.0 = Release|Win32
		{D05E25A5-3AE7-4F7F-9138-2E6310A1DE12}.Debug|x64.ActiveCfg = Debug|x64
		{D05E25A5-3AE7-4F7F-9138-2E6310A1DE12}.Debug|x64.Build.0 = Debug|x64
		{D05E25A5-3AE7-4F7F-9138-2E6310A1DE12}.Debug|x86.ActiveCfg = Debug|Win32
		{D05E25A5-3AE7-4F7F-9138-2E6310A1DE12}.Debug|x86.Build.0 = Debug|Win32
		{D05E25A5-3AE7-4F7F-9138-2E6310A1DE12}.Release|x64.ActiveCfg = Release|x64
		{D05E25A5-3AE7-4F7F-9138-2E6310A1DE12}.Release|x64.Build.0 = Release|x64
		{D05E25A5-3AE7-4F7F-9138-2E6310A1DE12}.Release|x86.ActiveCfg = Release|Win32
		{D05E25A5-3AE7-4F7F-9138-2E6310A1DE12}.Release|x86.Build.0 = Release|Win32
		{E4D4AAE1-6337-4F55-92DB-007BED43E425}.Debug|x64.ActiveCfg = Debug|x64
		{E4D4AAE1-6337-4F55-92DB-007BED43E425}.Debug|x64.Build.0 = Debug|x64
		{E4D4AAE1-6337-4F55-92DB-007BED43E425}.Debug|x86.ActiveCfg = Debug|Win32
		{E4D4AAE1-6337-4F55-92DB-007BED43E425}.Debug|x86.Build.0 = Debug|Win32
		{E4D4AAE1-6337-4F55-92DB-007BED43E425}.Release|x64.ActiveCfg = Release|x64
		{E4D4AAE1-6337-4F55-92DB-007BED43E425}.Release|x64.Build.0 = Release|x64
		{E4D4AAE1-6337-4F55-92DB-007BED43E425}.Release|x86.ActiveCfg = Release|Win32
		{E4D4AAE1-6337-4F55-92DB-007BED43E425}.Release|x86.Build.0 = Release|Win32
		{8D9D55F8-4479-4A5C-9FE6-DD24C9B0F83F}.Debug|x64.ActiveCfg = Debug|x64
		{8D9D55F8-4479-4A5C-9FE6-DD24C9B0F83F}.Debug|x64.Build.0 = Debug|x64
		{8D9D55F8-4479-4A5C-9FE6-DD24C9B0F83F}.Debug|x86.ActiveCfg = Debug|Win32
		{8D9D55F8-4479-4A5C-9FE6-DD24C9B0F83F}.Debug|x86.Build.0 = Debug|Win32
		{8D9D55F8-4479-4A5C-9FE6-DD24C9B0F83F}.Release|x64.ActiveCfg = Release|x64
		{8D9D55F8-4479-4A5C-9FE6-DD24C9B0F83F}.Release|x64.Build.0 = Release|x64
		{8D9D55F8-4479-4A5C-9FE6-DD24C9B0F83F}.Release|x86.ActiveCfg = Release|Win32
		{8D9D55F8-4479-4A5C-9FE6-DD24C9B0F83F}.Release|x86.Build.0 = Release|Win32
		{FA24899A-E042-43E8-AD8D-85740CB5D682}.Debug|x64.ActiveCfg = Debug|x64
		{FA24899A-E042-43E8-AD8D-85740CB5D682}.Debug|x64.Build.0 = Debug|x64
		{FA24899A-E042-43E8-AD8D-85740CB5D682}.Debug|x86.ActiveCfg = Debug|Win32
		{FA24899A-E042-43E8-AD8D-85740CB5D682}.Debug|x86.Build.0 = Debug|Win32
		{FA24899A-E042-43E8-AD8D-85740CB5D682}.Release|x64.ActiveCfg = Release|x64
		{FA24899A-E042-43E8-AD8D-85740CB5D682}.Release|x64.Build.0 = Release|x64
		{FA24899A-E042-43E8-AD8D-85740CB5D682}.Release|x86.ActiveCfg = Release|Win32
		{FA24899A-E042-43E8-AD8D-85740CB5D682}.Release|x86.Build.0 = Release|Win32
		{E0D880F9-E806-475B-8531-B18A645EEE1B}.Debug|x64.ActiveCfg = Debug|x64
		{E0D880F9-E806-475B-8531-B18A645EEE1B}.Debug|x64.Build.0 = Debug|x64
		{E0D880F9-E806-475B-8531-B18A645EEE1B}.Debug|x86.ActiveCfg = Debug|Win32
		{E0D880F9-E806-475B-8531-B18A645EEE1B}.Debug|x86.Build.0 = Debug|Win32
		{E0D880F9-E806-475B-8531-B18A645EEE1B}.Release|x64.ActiveCfg = Release|x64
		{E0D880F9-E806-475B-8531-B18A645EEE1B}.Release|x64.Build.0 = Release|x64
		{E0D880F9-E806-475B-8531-B18A645EEE1B}.Release|x86.ActiveCfg = Release|Win32
		{E0D880F9-E806-475B-8531-B18A645EEE1B}.Release|x86.Build.0 = Release|Win32
		{376CEBA1-DE2D-42A0-AD5F-4558048A6421}.Debug|x64.ActiveCfg = Debug|x64
		{376CEBA1-DE2D-42A0-AD5F-4558048A6421}.Debug|x64.Build.0 = Debug|x64
		{376CEBA1-DE2D-42A0-AD5F-4558048A6421}.Debug|x86.ActiveCfg = Debug|Win32
		{376CEBA1-DE2D-42A0-AD5F-4558048A6421}.Debug|x86.Build.0 = Debug|Win32
		{376CEBA1-DE2D-42A0-AD5F-4558048A6421}.Release|x64.ActiveCfg = Release|x64
		{376CEBA1-DE2D-42A0-AD5F-4558048A6421}.Release|x64.Build.0 = Release|x64
		{376CEBA1-DE2D-42A0-AD5F-4558048A6421}.Release|x86.ActiveCfg = Release|Win32
		{376CEBA1-DE2D-42A0-AD5F-4558048A6421}.Release|x86.Build.0 = Release|Win32
		{B19F8BC1-B5FB-4AAB-9260-777FD9884AAD}.Debug|x64.ActiveCfg = Debug|x64
		{B19F8BC1-B5FB-4AAB-9260-777FD9884AAD}.Debug|x64.Build.0 = Debug|x64
		{B19F8BC1-B5FB-4AAB-9260-777FD9884AAD}.Debug|x86.ActiveCfg = Debug|Win32
		{B19F8BC1-B5FB-4AAB-9260-777FD9884AAD}.Debug|x86.Build.0 = Debug|Win32
		{B19F8BC1-B5FB-4AAB-9260-777FD9884AAD}.Release|x64.ActiveCfg = Release|x64
		{B19F8BC1-B5FB-4AAB-9260-777FD9884AAD}.Release|x64.Build.0 = Release|x64
		{B19F8BC1-B5FB-4AAB-9260-777FD9884AAD}.Release|x86.ActiveCfg = Release|Win32
		{B19F8BC1-B5FB-4AAB-9260-777FD9884AAD}.Release|x86.Build.0 = Release|Win32
		{904A2357-8D7C-4C14-8C7D-B3802B02DC41}.Debug|x64.ActiveCfg = Debug|x64
		{904A2357-8D7C-4C14-8C7D-B3802B02DC41}.Debug|x64.Build.0 = Debug|x64
		{904A2357-8D7C-4C14-8C7D-B3802B02DC41}.Debug|x86.ActiveCfg = Debug|Win32
		{904A2357-8D7C-4C14-8C7D-B3802B02DC41}.Debug|x86.Build.0 = Debug|Win32
		{904A2357-8D7C-4C14-8C7D-B3802B02DC41}.Release|x64.ActiveCfg = Release|x64
		{904A2357-8D7C-4C14-8C7D-B3802B02DC41}.Release|x64.Build.0 = Release|x64
		{904A2357-8D7C-4C14-8C7D-B3802B02DC41}.Release|x86.ActiveCfg = Release|Win32
		{904A2357-8D7C-4C14-8C7D-B3802B02DC41}.Release|x86.Build.0 = Release|Win32
		{8CAD5235-6A70-4513-97A5-4C03C299CC6D}.Debug|x64.ActiveCfg = Debug|x64
		{8CAD5235-6A70-4513-97A5-4C03C299CC6D}.Debug|x64.Build.0 = Debug|x64
		{8CAD5235-6A70-4513-97A5-4C03C299CC6D}.Debug|x86.ActiveCfg = Debug|Win32
		{8CAD5235-6A70-4513-97A5-4C03C299CC6D}.Debug|x86.Build.0 = Debug|Win32
		{8CAD5235-6A70-4513-97A5-4C03C299CC6D}.Release|x64.ActiveCfg = Release|x64
		{8CAD5235-6A70-4513-97A5-4C03C299CC6D}.Release|x64.Build.0 = Release|x64
		{8CAD5235-6A70-4513-97A5-4C03C299CC6D}.Release|x86.ActiveCfg = Release|Win32
		{8CAD5235-6A70-4513-97A5-4C03C299CC6D}.Release|x86.Build.0 = Release|Win32
		{EE43C85A-EC3D-4278-BB34-AD36C927A576}.Debug|x64.ActiveCfg = Debug|x64
		{EE43C85A-EC3D-4278-BB34-AD36C927A576}.Debug|x64.Build.0 = Debug|x64
		{EE43C85A-EC3D-4278-BB34-AD36C927A576}.Debug|x86.ActiveCfg = Debug|Win32
		{EE43C85A-EC3D-4278-BB34-AD36C927A576}.Debug|x86.Build.0 = Debug|Win32
		{EE43C85A-EC3D-4278-BB34-AD36C927A576}.Release|x64.ActiveCfg = Release|x64
		{EE43C85A-EC3D-4278-BB34-AD36C927A576}.Release|x64.Build.0 = Release|x64
		{EE43C85A-EC3D-4278-BB34-AD36C927A576}.Release|x86.ActiveCfg = Release|Win32
		{EE43C85A-EC3D-4278-BB34-AD36C927A576}.Release|x86.Build.0 = Release|Win32
		{3B5471DC-2CCD-4918-80B3-D42191439632}.Debug|x64.ActiveCfg = Debug|x64
		{3B5471DC-2CCD-4918-80B3-D42191439632}.Debug|x64.Build.0 = Debug|x64
		{3B5471DC-2CCD-4918-80B3-D42191439632}.Debug|x86.ActiveCfg = Debug|Win32
		{3B5471DC-2CCD-4918-80B3-D42191439632}.Debug|x86.Build.0 = Debug|Win32
		{3B5471DC-2CCD-4918-80B3-D42191439632}.Release|x64.ActiveCfg = Release|x64
		{3B5471DC-2CCD-4918-80B3-D42191439632}.Release|x64.Build.0 = Release|x64
		{3B5471DC-2CCD-4918-80B3-D42191439632}.Release|x86.ActiveCfg = Release|Win32
		{3B5471DC-2CCD-4918-80B3-D42191439632}.Release|x86.Build.0 = Release|Win32
		{F40D9A42-9288-462F-BEE7-2810ED7B0FE6}.Debug|x64.ActiveCfg = Debug|x64
		{F40D9A42-9288-462F-BEE7-2810ED7B0FE6}.Debug|x64.Build.0 = Debug|x64
		{F40D9A42-9288-462F-BEE7-2810ED7B0FE6}.Debug|x86.ActiveCfg = Debug|Win32
		{F40D9A42-9288-462F-BEE7-2810ED7B0FE6}.Debug|x86.Build.0 = Debug|Win32
		{F40D9A42-9288-462F-BEE7-2810ED7B0FE6}.Release|x64.ActiveCfg = Release|x64
		{F40D9A42-9288-462F-BEE7-2810ED7B0FE6}.Release|x64.Build.0 = Release|x64
		{F40D9A42-9288-462F-BEE7-2810ED7B0FE6}.Release|x86.ActiveCfg = Release|Win32
		{F40D9A42-9288-462F-BEE7-2810ED7B0FE6}.Release|x86.Build.0 = Release|Win32
		{AEDD8F91-BDEB-4F8F-992F-853B0FB2B4CE}.Debug|x64.ActiveCfg = Debug|x64
		{AEDD8F91-BDEB-4F8F-992F-853B0FB2B4CE}.Debug|x64.Build.0 = Debug|x64
		{AEDD8F91-BDEB-4F8F-992F-853B0FB2B4CE}.Debug|x86.ActiveCfg = Debug|Win32
		{AEDD8F91-BDEB-4F8F-992F-853B0FB2B4CE}.Debug|x86.Build.0 = Debug|Win32
		{AEDD8F91-BDEB-4F8F-992F-853B0FB2B4CE}.Release|x64.ActiveCfg = Release|x64
		{AEDD8F91-BDEB-4F8F-992F-853B0FB2B4CE}.Release|x64.Build.0 = Release|x64
		{AEDD8F91-BDEB-4F8F-992F-853B0FB2B4CE}.Release|x86.ActiveCfg = Release|Win32
		{AEDD8F91-BDEB-4F8F-992F-853B0FB2B4CE}.Release|x86.Build.0 = Release|Win32
		{7D79D5D5-6B49-4E48-A8AD-C927545C4227}.Debug|x64.ActiveCfg = Debug|x64
		{7D79D5D5-6B49-4E48-A8AD-C927545C4227}.Debug|x64.Build.0 = Debug|x64
		{7D79D5D5-6B49-4E48-A8AD-C927545C4227}.Debug|x86.ActiveCfg = Debug|Win32
		{7D79D5D5-6B49-4E48-A8AD-C927545C4227}.Debug|x86.Build.0 = Debug|Win32
		{7D79D5D5-6B49-4E48-A8AD-C927545C4227}.Release|x64.ActiveCfg = Release|x64
		{7D79D5D5-6B49-4E48-A8AD-C927545C4227}.Release|x64.Build.0 = Release|x64
		{7D79D5D5-6B49-4E48-A8AD-C927545C4227}.Release|x86.ActiveCfg = Release|Win32
		{7D79D5D5-6B49-4E48-A8AD-C927545C4227}.Release|x86.Build.0 = Release|Win32
		{3DFBFBB1-76D6-432E-8A42-E9AF9F77D3F2}.Debug|x64.ActiveCfg = Debug|x64
		{3DFBFBB1-76D6-432E-8A42-E9AF9F77D3F2}.Debug|x64.Build.0 = Debug|x64
		{3DFBFBB1-76D6-432E-8A42-E9AF9F77D3F2}.Debug|x86.ActiveCfg = Debug|Win32
		{3DFBFBB1-76D6-432E-8A42-E9AF9F77D3F2}.Debug|x86.Build.0 = Debug|Win32
		{3DFBFBB1-76D6-432E-8A42-E9AF9F77D3F2}.Release|x64.ActiveCfg = Release|x64
		{3DFBFBB1-76D6-432E-8A42-E9AF9F77D3F2}.Release|x64.Build.0 = Release|x64
		{3DFBFBB1-76D6-432E-8A42-E9AF9F77D3F2}.Release|x86.ActiveCfg = Release|Win32
		{3DFBFBB1-76D6-432E-8A42-E9AF9F77D3F2}.Release|x86.Build.0 = Release|Win32
		{7D3AECDE-33D7-4AB7-983E-175FAB9B7ED4}.Debug|x64.ActiveCfg = Debug|x64
		{7D3AECDE-33D7-4AB7-983E-175FAB9B7ED4}.Debug|x64.Build.0 = Debug|x64
		{7D3AECDE-33D7-4AB7-983E-175FAB9B7ED4}.Debug|x86.ActiveCfg = Debug|Win32
		{7D3AECDE-33D7-4AB7-983E-175FAB9B7ED4}.Debug|x86.Build.0 = Debug|Win32
		{7D3AECDE-33D7-4AB7-983E-175FAB9B7ED4}.Release|x64.ActiveCfg = Release|x64
		{7D3AECDE-33D7-4AB7-983E-175FAB9B7ED4}.Release|x64.Build.0 = Release|x64
		{7D3AECDE-33D7-4AB7-983E-175FAB9B7ED4}.Release|x86.ActiveCfg = Release|Win32
		{7D3AECDE-33D7-4AB7-983E-175FAB9B7ED4}.Release|x86.Build.0 = Release|Win32
		{0493C74F-6951-43F9-8199-E8F2E972F63D}.Debug|x64.ActiveCfg = Debug|x64
		{0493C74F-6951-43F9-8199-E8F2E972F63D}.Debug|x64.Build.0 = Debug|x64
		{0493C74F-6951-43F9-8199-E8F2E972F63D}.Debug|x86.ActiveCfg = Debug|Win32
		{0493C74F-6951-43F9-8199-E8F2E972F63D}.Debug|x86.Build.0 = Debug|Win32
		{0493C74F-6951-43F9-8199-E8F2E972F63D}.Release|x64.ActiveCfg = Release|x64
		{0493C74F-6951-43F9-8199-E8F2E972F63D}.Release|x64.Build.0 = Release|x64
		{0493C74F-6951-43F9-8199-E8F2E972F63D}.Release|x86.ActiveCfg = Release|Win32
		{0493C74F-6951-43F9-8199-E8F2E972F63D}.Release|x86.Build.0 = Release|Win32
		{B240F0FA-D6F6-4104-A841-633C90278086}.Debug|x64.ActiveCfg = Debug|x64
		{B240F0FA-D6F6-4104-A841-633C90278086}.Debug|x64.Build.0 = Debug|x64
		{B240F0FA-D6F6-4104-A841-633C90278086}.Debug|x86.ActiveCfg = Debug|Win32
		{B240F0FA-D6F6-4104-A841-633C90278086}.Debug|x86.Build.0 = Debug|Win32
		{B240F0FA-D6F6-4104-A841-633C90278086}.Release|x64.ActiveCfg = Release|x64
		{B240F0FA-D6F6-4104-A841-633C90278086}.Release|x64.Build.0 = Release|x64
		{B240F0FA-D6F6-4104-A841-633C90278086}.Release|x86.ActiveCfg = Release|Win32
		{B240F0FA-D6F6-4104-A841-633C90278086}.Release|x86.Build.0 = Release|Win32
		{4D99C955-0CC4-41A0-91CB-00C87A3EAB36}.Debug|x64.ActiveCfg = Debug|x64
		{4D99C955-0CC4-41A0-91CB-00C87A3EAB36}.Debug|x64.Build.0 = Debug|x64
		{4D99C955-0CC4-41A0-91CB-00C87A3EAB36}.Debug|x86.ActiveCfg = Debug|Win32
		{4D99C955-0CC4-41A0-91CB-00C87A3EAB36}.Debug|x86.Build.0 = Debug|Win32
		{4D99C955-0CC4-41A0-91CB-00C87A3EAB36}.Release|x64.ActiveCfg = Release|x64
		{4D99C955-0CC4-41A0-91CB-00C87A3EAB36}.Release|x64.Build.0 = Release|x64
		{4D99C955-0CC4-41A0-91CB-00C87A3EAB36}.Release|x86.ActiveCfg = Release|Win32
		{4D99C955-0CC4-41A0-91CB-00C87A3EAB36}.Release|x86.Build.0 = Release|Win32
		{65DCAB37-7BC1-4050-B3AB-688FB11BDA91}.Debug|x64.ActiveCfg = Debug|x64
		{65DCAB37-7BC1-4050-B3AB-688FB11BDA91}.Debug|x64.Build.0 = Debug|x64
		{65DCAB37-7BC1-4050-B3AB-688FB11BDA91}.Debug|x86.ActiveCfg = Debug|Win32
		{65DCAB37-7BC1-4050-B3AB-688FB11BDA91}.Debug|x86.Build.0 = Debug|Win32
		{65DCAB37-7BC1-4050-B3AB-688FB11BDA91}.Release|x64.ActiveCfg = Release|x64
		{65DCAB37-7BC1-4050-B3AB-688FB11BDA91}.Release|x64.Build.0 = Release|x64
		{65DCAB37-7BC1-4050-B3AB-688FB11BDA91}.Release|x86.ActiveCfg = Release|Win32
		{65DCAB37-7BC1-4050-B3AB-688FB11BDA91}.Release|x86.Build.0 = Release|Win32
		{45A2A8CD-8318-4A5A-ADA4-6031DEF43AEA}.Debug|x64.ActiveCfg = Debug|x64
		{45A2A8CD-8318-4A5A-ADA4-6031DEF43AEA}.Debug|x64.Build.0 = Debug|x64
		{45A2A8CD-8318-4A5A-ADA4-6031DEF43AEA}.Debug|x86.ActiveCfg = Debug|Win32
		{45A2A8CD-8318-4A5A-ADA4-6031DEF43AEA}.Debug|x86.Build.0 = Debug|Win32
		{45A2A8CD-8318-4A5A-ADA4-6031DEF43AEA}.Release|x64.ActiveCfg = Release|x64
		{45A2A8CD-8318-4A5A-ADA4-6031DEF43AEA}.Release|x64.Build.0 = Release|x64
		{45A2A8CD-8318-4A5A-ADA4-6031DEF43AEA}.Release|x86.ActiveCfg = Release|Win32
		{45A2A8CD-8318-4A5A-ADA4-6031DEF43AEA}.Release|x86.Build.0 = Release|Win32
		{B6150398-EBB8-431A-A1F5-E1C7CACB5009}.Debug|x64.ActiveCfg = Debug|x64
		{B6150398-EBB8-431A-A1F5-E1C7CACB5009}.Debug|x64.Build.0 = Debug|x64
		{B6150398-EBB8-431A-A1F5-E1C7CACB5009}.Debug|x86.ActiveCfg = Debug|Win32
		{B6150398-EBB8-431A-A1F5-E1C7CACB5009}.Debug|x86.Build.0 = Debug|Win32
		{B6150398-EBB8-431A-A1F5-E1C7CACB5009}.Release|x64.ActiveCfg = Release|x64
		{B6150398-EBB8-431A-A1F5-E1C7CACB5009}.Release|x64.Build.0 = Release|x64
		{B6150398-EBB8-431A-A1F5-E1C7CACB5009}.Release|x86.ActiveCfg = Release|Win32
		{B6150398-EBB8-431A-A1F5-E1C7CACB5009}.Release|x86.Build.0 = Release|Win32
		{0BE772D4-475B-4418-ADBB-C83F5FD61EA4}.Debug|x64.ActiveCfg = Debug|x64
		{0BE772D4-475B-4418-ADBB-C83F5FD61EA4}.Debug|x64.Build.0 = Debug|x64
		{0BE772D4-475B-4418-ADBB-C83F5FD61EA4}.Debug|x86.ActiveCfg = Debug|Win32
		{0BE772D4-475B-4418-ADBB-C83F5FD61EA4}.Debug|x86.Build.0 = Debug|Win32
		{0BE772D4-475B-4418-ADBB-C83F5FD61EA4}.Release|x64.ActiveCfg = Release|x64
		{0BE772D4-475B-4418-ADBB-C83F5FD61EA4}.Release|x64.Build.0 = Release|x64
		{0BE772D4-475B-4418-ADBB-C83F5FD61EA4}.Release|x86.ActiveCfg = Release|Win32
		{0BE772D4-475B-4418-ADBB-C83F5FD61EA4}.Release|x86.Build.0 = Release|Win32
		{ECBE80B7-2CD8-4491-BC5D-616756F6EC22}.Debug|x64.ActiveCfg = Debug|x64
		{ECBE80B7-2CD8-4491-BC5D-616756F6EC22}.Debug|x64.Build.0 = Debug|x64
		{ECBE80B7-2CD8-4491-BC5D-616756F6EC22}.Debug|x86.ActiveCfg = Debug|Win32
		{ECBE80B7-2CD8-4491-BC5D-616756F6EC22}.Debug|x86.Build.0 = Debug|Win32
		{ECBE80B7-2CD8-4491-BC5D-616756F6EC22}.Release|x64.ActiveCfg = Release|x64
		{ECBE80B7-2CD8-4491-BC5D-616756F6EC22}.Release|x64.Build.0 = Release|x64
		{ECBE80B7-2CD8-4491-BC5D-616756F6EC22}.Release|x86.ActiveCfg = Release|Win32
		{ECBE80B7-2CD8-4491-BC5D-616756F6EC22}.Release|x86.Build.0 = Release|Win32
		{5CE697E6-E80E-4043-BE76-AE9DF4FCE9CE}.Debug|x64.ActiveCfg = Debug|x64
		{5CE697E6-E80E-4043-BE76-AE9DF4FCE9CE}.Debug|x64.Build.0 = Debug|x64
		{5CE697E6-E80E-4043-BE76-AE9DF4FCE9CE}.Debug|x86.ActiveCfg = Debug|Win32
		{5CE697E6-E80E-4043-BE76-AE9DF4FCE9CE}.Debug|x86.Build.0 = Debug|Win32
		{5CE697E6-E80E-4043-BE76-AE9DF4FCE9CE}.Release|x64.ActiveCfg = Release|x64
		{5CE697E6-E80E-4043-BE76-AE9DF4FCE9CE}.Release|x64.Build.0 = Release|x64
		{5CE697E6-E80E-4043-BE76-AE9DF4FCE9CE}.Release|x86.ActiveCfg = Release|Win32
		{5CE697E6-E80E-4043-BE76-AE9DF4FCE9CE}.Release|x86.Build.0 = Release|Win32
		{93F0F29F-5F1C-479E-8711-1C08A1CAE6BA}.Debug|x64.ActiveCfg = Debug|x64
		{93F0F29F-5F1C-479E-8711-1C08A1CAE6BA}.Debug|x64.Build.0 = Debug|x64
		{93F0F29F-5F1C-479E-8711-1C08A1CAE6BA}.Debug|x86.ActiveCfg = Debug|Win32
		{93F0F29F-5F1C-479E-8711-1C08A1CAE6BA}.Debug|x86.Build.0 = Debug|Win32
		{93F0F29F-5F1C-479E-8711-1C08A1CAE6BA}.Release|x64.ActiveCfg = Release|x64
		{93F0F29F-5F1C-479E-8711-1C08A1CAE6BA}.Release|x64.Build.0 = Release|x64
		{93F0F29F-5F1C-479E-8711-1C08A1CAE6BA}.Release|x86.ActiveCfg = Release|Win32
		{93F0F29F-5F1C-479E-8711-1C08A1CAE6BA}.Release|x86.Build.0 = Release|Win32
		{B3BCCB84-82BA-4C29-88E4-C4CD823D8274}.Debug|x64.ActiveCfg = Debug|x64
		{B3BCCB84-82BA-4C29-88E4-C4CD823D8274}.Debug|x64.Build.0 = Debug|x64
		{B3BCCB84-82BA-4C29-88E4-C4CD823D8274}.Debug|x86.ActiveCfg = Debug|Win32
		{B3BCCB84-82BA-4C29-88E4-C4CD823D8274}.Debug|x86.Build.0 = Debug|Win32
		{B3BCCB84-82BA-4C29-88E4-C4CD823D8274}.Release|x64.ActiveCfg = Release|x64
		{B3BCCB84-82BA-4C29-88E4-C4CD823D8274}.Release|x64.Build.0 = Release|x64
		{B3BCCB84-82BA-4C29-88E4-C4CD823D8274}.Release|x86.ActiveCfg = Release|Win32
		{B3BCCB84-82BA-4C29-88E4-C4CD823D8274}.Release|x86.Build.0 = Release|Win32
		{BE0FF96C-CF68-4D74-A1F0-1BDBC0D0E0CC}.Debug|x64.ActiveCfg = Debug|x64
		{BE0FF96C-CF68-4D74-A1F0-1BDBC0D0E0CC}.Debug|x64.Build.0 = Debug|x64
		{BE0FF96C-CF68-4D74-A1F0-1BDBC0D0E0CC}.Debug|x86.ActiveCfg = Debug|Win32
		{BE0FF96C-CF68-4D74-A1F0-1BDBC0D0E0CC}.Debug|x86.Build.0 = Debug|Win32
		{BE0FF96C-CF68-4D74-A1F0-1BDBC0D0E0CC}.Release|x64.ActiveCfg = Release|x64
		{BE0FF96C-CF68-4D74-A1F0-1BDBC0D0E0CC}.Release|x64.Build.0 = Release|x64
		{BE0FF96C-CF68-4D74-A1F0-1BDBC0D0E0CC}.Release|x86.ActiveCfg = Release|Win32
		{BE0FF96C-CF68-4D74-A1F0-1BDBC0D0E0CC}.Release|x86.Build.0 = Release|Win32
	EndGlobalSection
	GlobalSection(SolutionProperties) = preSolution
		HideSolutionNode = FALSE
	EndGlobalSection
	GlobalSection(ExtensibilityGlobals) = postSolution
		SolutionGuid = {6610D981-BD41-4549-86A3-436D5CCC2E5D}
	EndGlobalSection
EndGlobal
